ewogICJsb2NrZmlsZVZlcnNpb24iOiAxLAogICJjb25maWdWZXJzaW9uIjogMSwKICAid29ya3NwYWNlcyI6IHsKICAgICIiOiB7CiAgICAgICJuYW1lIjogInRhbnN0YWNrX3N0YXJ0X3RzIiwKICAgICAgImRlcGVuZGVuY2llcyI6IHsKICAgICAgICAiQGhvb2tmb3JtL3Jlc29sdmVycyI6ICJeNS4yLjIiLAogICAgICAgICJAbG92YWJsZS5kZXYvY2xvdWQtYXV0aC1qcyI6ICJeMS4xLjIiLAogICAgICAgICJAbG92YWJsZS5kZXYvbWNwLWpzIjogIl4wLjI2LjEiLAogICAgICAgICJAcmFkaXgtdWkvcmVhY3QtYWNjb3JkaW9uIjogIl4xLjIuMTIiLAogICAgICAgICJAcmFkaXgtdWkvcmVhY3QtYWxlcnQtZGlhbG9nIjogIl4xLjEuMTUiLAogICAgICAgICJAcmFkaXgtdWkvcmVhY3QtYXNwZWN0LXJhdGlvIjogIl4xLjEuOCIsCiAgICAgICAgIkByYWRpeC11aS9yZWFjdC1hdmF0YXIiOiAiXjEuMS4xMSIsCiAgICAgICAgIkByYWRpeC11aS9yZWFjdC1jaGVja2JveCI6ICJeMS4zLjMiLAogICAgICAgICJAcmFkaXgtdWkvcmVhY3QtY29sbGFwc2libGUiOiAiXjEuMS4xMiIsCiAgICAgICAgIkByYWRpeC11aS9yZWFjdC1jb250ZXh0LW1lbnUiOiAiXjIuMi4xNiIsCiAgICAgICAgIkByYWRpeC11aS9yZWFjdC1kaWFsb2ciOiAiXjEuMS4xNSIsCiAgICAgICAgIkByYWRpeC11aS9yZWFjdC1kcm9wZG93bi1tZW51IjogIl4yLjEuMTYiLAogICAgICAgICJAcmFkaXgtdWkvcmVhY3QtaG92ZXItY2FyZCI6ICJeMS4xLjE1IiwKICAgICAgICAiQHJhZGl4LXVpL3JlYWN0LWxhYmVsIjogIl4yLjEuOCIsCiAgICAgICAgIkByYWRpeC11aS9yZWFjdC1tZW51YmFyIjogIl4xLjEuMTYiLAogICAgICAgICJAcmFkaXgtdWkvcmVhY3QtbmF2aWdhdGlvbi1tZW51IjogIl4xLjIuMTQiLAogICAgICAgICJAcmFkaXgtdWkvcmVhY3QtcG9wb3ZlciI6ICJeMS4xLjE1IiwKICAgICAgICAiQHJhZGl4LXVpL3JlYWN0LXByb2dyZXNzIjogIl4xLjEuOCIsCiAgICAgICAgIkByYWRpeC11aS9yZWFjdC1yYWRpby1ncm91cCI6ICJeMS4zLjgiLAogICAgICAgICJAcmFkaXgtdWkvcmVhY3Qtc2Nyb2xsLWFyZWEiOiAiXjEuMi4xMCIsCiAgICAgICAgIkByYWRpeC11aS9yZWFjdC1zZWxlY3QiOiAiXjIuMi42IiwKICAgICAgICAiQHJhZGl4LXVpL3JlYWN0LXNlcGFyYXRvciI6ICJeMS4xLjgiLAogICAgICAgICJAcmFkaXgtdWkvcmVhY3Qtc2xpZGVyIjogIl4xLjMuNiIsCiAgICAgICAgIkByYWRpeC11aS9yZWFjdC1zbG90IjogIl4xLjIuNCIsCiAgICAgICAgIkByYWRpeC11aS9yZWFjdC1zd2l0Y2giOiAiXjEuMi42IiwKICAgICAgICAiQHJhZGl4LXVpL3JlYWN0LXRhYnMiOiAiXjEuMS4xMyIsCiAgICAgICAgIkByYWRpeC11aS9yZWFjdC10b2dnbGUiOiAiXjEuMS4xMCIsCiAgICAgICAgIkByYWRpeC11aS9yZWFjdC10b2dnbGUtZ3JvdXAiOiAiXjEuMS4xMSIsCiAgICAgICAgIkByYWRpeC11aS9yZWFjdC10b29sdGlwIjogIl4xLjIuOCIsCiAgICAgICAgIkBzdXBhYmFzZS9zdXBhYmFzZS1qcyI6ICJeMi4xMTIuMiIsCiAgICAgICAgIkB0YWlsd2luZGNzcy92aXRlIjogIl40LjIuMSIsCiAgICAgICAgIkB0YW5zdGFjay9yZWFjdC1xdWVyeSI6ICJeNS4xMDEuMSIsCiAgICAgICAgIkB0YW5zdGFjay9yZWFjdC1yb3V0ZXIiOiAiXjEuMTcwLjE4IiwKICAgICAgICAiQHRhbnN0YWNrL3JlYWN0LXN0YXJ0IjogIl4xLjE2OC4zMiIsCiAgICAgICAgIkB0YW5zdGFjay9yb3V0ZXItcGx1Z2luIjogIl4xLjE2OC4yMyIsCiAgICAgICAgImNsYXNzLXZhcmlhbmNlLWF1dGhvcml0eSI6ICJeMC43LjEiLAogICAgICAgICJjbHN4IjogIl4yLjEuMSIsCiAgICAgICAgImNtZGsiOiAiXjEuMS4xIiwKICAgICAgICAiZGF0ZS1mbnMiOiAiXjQuMS4wIiwKICAgICAgICAiZW1ibGEtY2Fyb3VzZWwtcmVhY3QiOiAiXjguNi4wIiwKICAgICAgICAiaW5wdXQtb3RwIjogIl4xLjQuMiIsCiAgICAgICAgImx1Y2lkZS1yZWFjdCI6ICJeMC41NzUuMCIsCiAgICAgICAgInJlYWN0IjogIl4xOS4yLjAiLAogICAgICAgICJyZWFjdC1kYXktcGlja2VyIjogIl45LjE0LjAiLAogICAgICAgICJyZWFjdC1kb20iOiAiXjE5LjIuMCIsCiAgICAgICAgInJlYWN0LWhvb2stZm9ybSI6ICJeNy43MS4yIiwKICAgICAgICAicmVhY3QtcmVzaXphYmxlLXBhbmVscyI6ICJeNC42LjUiLAogICAgICAgICJyZWNoYXJ0cyI6ICJeMi4xNS40IiwKICAgICAgICAic29ubmVyIjogIl4yLjAuNyIsCiAgICAgICAgInRhaWx3aW5kLW1lcmdlIjogIl4zLjUuMCIsCiAgICAgICAgInRhaWx3aW5kY3NzIjogIl40LjIuMSIsCiAgICAgICAgInR3LWFuaW1hdGUtY3NzIjogIl4xLjMuNCIsCiAgICAgICAgInZhdWwiOiAiXjEuMS4yIiwKICAgICAgICAidml0ZS10c2NvbmZpZy1wYXRocyI6ICJeNi4wLjIiLAogICAgICAgICJ6b2QiOiAiXjMuMjQuMiIsCiAgICAgIH0sCiAgICAgICJkZXZEZXBlbmRlbmNpZXMiOiB7CiAgICAgICAgIkBlc2xpbnQvanMiOiAiXjkuMzIuMCIsCiAgICAgICAgIkBsb3ZhYmxlLmRldi92aXRlLXRhbnN0YWNrLWNvbmZpZyI6ICIyLjEyLjAiLAogICAgICAgICJAdHlwZXMvbm9kZSI6ICJeMjIuMTYuNSIsCiAgICAgICAgIkB0eXBlcy9yZWFjdCI6ICJeMTkuMi4wIiwKICAgICAgICAiQHR5cGVzL3JlYWN0LWRvbSI6ICJeMTkuMi4wIiwKICAgICAgICAiQHZpdGVqcy9wbHVnaW4tcmVhY3QiOiAiXjUuMi4wIiwKICAgICAgICAiZXNsaW50IjogIl45LjMyLjAiLAogICAgICAgICJlc2xpbnQtY29uZmlnLXByZXR0aWVyIjogIl4xMC4xLjEiLAogICAgICAgICJlc2xpbnQtcGx1Z2luLXByZXR0aWVyIjogIl41LjIuNiIsCiAgICAgICAgImVzbGludC1wbHVnaW4tcmVhY3QtaG9va3MiOiAiXjUuMi4wIiwKICAgICAgICAiZXNsaW50LXBsdWdpbi1yZWFjdC1yZWZyZXNoIjogIl4wLjQuMjAiLAogICAgICAgICJnbG9iYWxzIjogIl4xNS4xNS4wIiwKICAgICAgICAibml0cm8iOiAiMy4wLjI2MDYwMy1iZXRhIiwKICAgICAgICAicHJldHRpZXIiOiAiXjMuNy4zIiwKICAgICAgICAidHlwZXNjcmlwdCI6ICJeNS44LjMiLAogICAgICAgICJ0eXBlc2NyaXB0LWVzbGludCI6ICJeOC41Ni4xIiwKICAgICAgICAidml0ZSI6ICJeOC4yLjAiLAogICAgICB9LAogICAgfSwKICB9LAogICJwYWNrYWdlcyI6IHsKICAgICJAYmFiZWwvY29kZS1mcmFtZSI6IFsiQGJhYmVsL2NvZGUtZnJhbWVANy4yOS43IiwgIiIsIHsgImRlcGVuZGVuY2llcyI6IHsgIkBiYWJlbC9oZWxwZXItdmFsaWRhdG9yLWlkZW50aWZpZXIiOiAiXjcuMjkuNyIsICJqcy10b2tlbnMiOiAiXjQuMC4wIiwgInBpY29jb2xvcnMiOiAiXjEuMS4xIiB9IH0sICJzaGE1MTItQXVwN2FVT2ZwYkFVZzJST09KTjZJdzVmOURNQmx6dTBtSWttL21hbExRRk4vWVFnTzQ4d0NqMEt4YTNzRUhKdlBWRmc3c2lSK3FSSW53WGQycWhRS3c9PSJdLAoKICAgICJAYmFiZWwvY29tcGF0LWRhdGEiOiBbIkBiYWJlbC9jb21wYXQtZGF0YUA3LjI5LjciLCAiIiwge30sICJzaGE1MTItbG9jVGtReUt2d0lFZ0J6VnJuODY5M2ViYzk3RjJVOFpIamJYd0RYSjVGbjJUQ3BOd1RsS2NhS0xrZEhvcDVjL2ljT0ZFN3F0N1E5SkM1aG5LTmE2R2c9PSJdLAoKICAgICJAYmFiZWwvY29yZSI6IFsiQGJhYmVsL2NvcmVANy4yOS43IiwgIiIsIHsgImRlcGVuZGVuY2llcyI6IHsgIkBiYWJlbC9jb2RlLWZyYW1lIjogIl43LjI5LjciLCAiQGJhYmVsL2dlbmVyYXRvciI6ICJeNy4yOS43IiwgIkBiYWJlbC9oZWxwZXItY29tcGlsYXRpb24tdGFyZ2V0cyI6ICJeNy4yOS43IiwgIkBiYWJlbC9oZWxwZXItbW9kdWxlLXRyYW5zZm9ybXMiOiAiXjcuMjkuNyIsICJAYmFiZWwvaGVscGVycyI6ICJeNy4yOS43IiwgIkBiYWJlbC9wYXJzZXIiOiAiXjcuMjkuNyIsICJAYmFiZWwvdGVtcGxhdGUiOiAiXjcuMjkuNyIsICJAYmFiZWwvdHJhdmVyc2UiOiAiXjcuMjkuNyIsICJAYmFiZWwvdHlwZXMiOiAiXjcuMjkuNyIsICJAanJpZGdld2VsbC9yZW1hcHBpbmciOiAiXjIuMy41IiwgImNvbnZlcnQtc291cmNlLW1hcCI6ICJeMi4wLjAiLCAiZGVidWciOiAiXjQuMS4wIiwgImdlbnN5bmMiOiAiXjEuMC4wLWJldGEuMiIsICJqc29uNSI6ICJeMi4yLjMiLCAic2VtdmVyIjogIl42LjMuMSIgfSB9LCAic2hhNTEyLVJnSEJDdnRqYk9LMmdYU05CTklrTm9FYzlxb1ZFdGF1M2hqOGdFcUtRdUwzSFpBaWJLYXJXRkVJM0xmbTZFWUtrTGFsT2g4ZVNyajliK2NoOUgvVkJBPT0iXSwKCiAgICAiQGJhYmVsL2dlbmVyYXRvciI6IFsiQGJhYmVsL2dlbmVyYXRvckA3LjI5LjciLCAiIiwgeyAiZGVwZW5kZW5jaWVzIjogeyAiQGJhYmVsL3BhcnNlciI6ICJeNy4yOS43IiwgIkBiYWJlbC90eXBlcyI6ICJeNy4yOS43IiwgIkBqcmlkZ2V3ZWxsL2dlbi1tYXBwaW5nIjogIl4wLjMuMTIiLCAiQGpyaWRnZXdlbGwvdHJhY2UtbWFwcGluZyI6ICJeMC4zLjI4IiwgImpzZXNjIjogIl4zLjAuMiIgfSB9LCAic2hhNTEyLURrWEQ1T0pRYUFRSWRaMWJ0M1VaZEVuSEFuOUltZDNJVkJkWDAzVUZlK29ueTlPanc1cHpyOVlWS0dEWTFqdCtHY24vRm5Ha05mOHIrVmo1Tk9KV3RRPT0iXSwKCiAgICAiQGJhYmVsL2hlbHBlci1jb21waWxhdGlvbi10YXJnZXRzIjogWyJAYmFiZWwvaGVscGVyLWNvbXBpbGF0aW9uLXRhcmdldHNANy4yOS43IiwgIiIsIHsgImRlcGVuZGVuY2llcyI6IHsgIkBiYWJlbC9jb21wYXQtZGF0YSI6ICJeNy4yOS43IiwgIkBiYWJlbC9oZWxwZXItdmFsaWRhdG9yLW9wdGlvbiI6ICJeNy4yOS43IiwgImJyb3dzZXJzbGlzdCI6ICJeNC4yNC4wIiwgImxydS1jYWNoZSI6ICJeNS4xLjEiLCAic2VtdmVyIjogIl42LjMuMSIgfSB9LCAic2hhNTEyLXdlbTZXYUJqNE5hVllWZE5oTFBQVmFjRVM2WkorS0JCZlNrVE1EM1laeGJQM3JtM0RpODV0SlU1bGphVU5oYU95bnQrQWoweHJ1aFl1elFCdDhuNzFnPT0iXSwKCiAgICAiQGJhYmVsL2hlbHBlci1nbG9iYWxzIjogWyJAYmFiZWwvaGVscGVyLWdsb2JhbHNANy4yOS43IiwgIiIsIHt9LCAic2hhNTEyLTNuUVZVQXR2a0tIOXphaGZXZ3c5NkpjL3VGT21qQUNFMWtRejgyRTJscVdtSEJnanpiTmxzQzIybnVRVGZhaG1XZVF0VHE1blEvNE5uZDJBMXdqNHpBPT0iXSwKCiAgICAiQGJhYmVsL2hlbHBlci1tb2R1bGUtaW1wb3J0cyI6IFsiQGJhYmVsL2hlbHBlci1tb2R1bGUtaW1wb3J0c0A3LjI5LjciLCAiIiwgeyAiZGVwZW5kZW5jaWVzIjogeyAiQGJhYmVsL3RyYXZlcnNlIjogIl43LjI5LjciLCAiQGJhYmVsL3R5cGVzIjogIl43LjI5LjciIH0gfSwgInNoYTUxMi1lakh3clFRWWNtOXhuVGl2U2huMklET2xJekluTjM0QVhza3ZxOVFpY3ZDdEV6cTFWemNsdS90S0Y4SnExQ2c4SkcyR0w2L0VtamdzQ1Q3bFhlcEUzZz09Il0sCgogICAgIkBiYWJlbC9oZWxwZXItbW9kdWxlLXRyYW5zZm9ybXMiOiBbIkBiYWJlbC9oZWxwZXItbW9kdWxlLXRyYW5zZm9ybXNANy4yOS43IiwgIiIsIHsgImRlcGVuZGVuY2llcyI6IHsgIkBiYWJlbC9oZWxwZXItbW9kdWxlLWltcG9ydHMiOiAiXjcuMjkuNyIsICJAYmFiZWwvaGVscGVyLXZhbGlkYXRvci1pZGVudGlmaWVyIjogIl43LjI5LjciLCAiQGJhYmVsL3RyYXZlcnNlIjogIl43LjI5LjciIH0sICJwZWVyRGVwZW5kZW5jaWVzIjogeyAiQGJhYmVsL2NvcmUiOiAiXjcuMC4wIiB9IH0sICJzaGE1MTItVVBVVlN5WGJPaDYyN0tpQ0lHUVNnd1d6R2VCS0xrYUo5UEpFZHJuZ0l3TVN6eExSNGpTNCtmMWYxamI3VnpCYmc4bkZMYVlvdHZWUEZDVHFkcm1UQWc9PSJdLAoKICAgICJAYmFiZWwvaGVscGVyLXBsdWdpbi11dGlscyI6IFsiQGJhYmVsL2hlbHBlci1wbHVnaW4tdXRpbHNANy4yOS43IiwgIiIsIHt9LCAic2hhNTEyLUc3c0hZaWdQWTE3b081U1lXbmZELzBNVEJ3VlI3ODFTL0pJNjQzZS9KaFVZZ1ZnV0UvNjFTb1czTkg5S1dVS3lLcTVMVmgzbnBpZjk5V2t0Nmo4Nkp3PT0iXSwKCiAgICAiQGJhYmVsL2hlbHBlci1zdHJpbmctcGFyc2VyIjogWyJAYmFiZWwvaGVscGVyLXN0cmluZy1wYXJzZXJANy4yOS43IiwgIiIsIHt9LCAic2hhNTEyLVBiNWlqUHJaODlHREg4MjIzTDRVUDhpNlFBcFd4czA0UmJQUUpUZVdEVjAva2VSMkUzNk1lS255cjZMWW1VVXZxUlJJK0l2ODdTdUYxVzZFcklOell3PT0iXSwKCiAgICAiQGJhYmVsL2hlbHBlci12YWxpZGF0b3ItaWRlbnRpZmllciI6IFsiQGJhYmVsL2hlbHBlci12YWxpZGF0b3ItaWRlbnRpZmllckA3LjI5LjciLCAiIiwge30sICJzaGE1MTItcWVoeEdrUmo1NWgvZmY4RU1hSitjWWh5YUtsSEl4cVlEbjY4MndRRDdSTnA5VXVqT1FzSG9nMnVTMHIydnpyNHBXK3NYZjkwTmVlYXlqY05hWDNmRmc9PSJdLAoKICAgICJAYmFiZWwvaGVscGVyLXZhbGlkYXRvci1vcHRpb24iOiBbIkBiYWJlbC9oZWxwZXItdmFsaWRhdG9yLW9wdGlvbkA3LjI5LjciLCAiIiwge30sICJzaGE1MTItTjlaRXJyRCt5VzVnZUNEdEJxbk9veG1SOCt0TktpR3V4S2xEcHVKeGZzcXBhMmRGY2V4YXppR0FFL3FvSExpRERyZVZOTXVweEdtU29ObHl2c0EzZ3c9PSJdLAoKICAgICJAYmFiZWwvaGVscGVycyI6IFsiQGJhYmVsL2hlbHBlcnNANy4yOS43IiwgIiIsIHsgImRlcGVuZGVuY2llcyI6IHsgIkBiYWJlbC90ZW1wbGF0ZSI6ICJeNy4yOS43IiwgIkBiYWJlbC90eXBlcyI6ICJeNy4yOS43IiB9IH0sICJzaGE1MTItMWsybEFHUk1mSFRjd3VOWWNDTlVtYVVmZm1RdjhLV01maDJpSlVVZVJsd2x3SDRGZE5HN21mUEkxME5QZkxISkZUaEU0VHlyNG12N2tUTlpPaVB1Qmc9PSJdLAoKICAgICJAYmFiZWwvcGFyc2VyIjogWyJAYmFiZWwvcGFyc2VyQDcuMjkuNyIsICIiLCB7ICJkZXBlbmRlbmNpZXMiOiB7ICJAYmFiZWwvdHlwZXMiOiAiXjcuMjkuNyIgfSwgImJpbiI6ICIuL2Jpbi9iYWJlbC1wYXJzZXIuanMiIH0sICJzaGE1MTItaG5PUm5qUC8xUC96RkVuZG9lWCtuK3QxUndXUkppSnBNL2pPN0ZXMzJLbjlyNStzSkIySldPZFlvNEw2azc4ajE1ZUN3WTNHbS83MzY0QjFFTXd0Tmc9PSJdLAoKICAgICJAYmFiZWwvcGx1Z2luLXRyYW5zZm9ybS1yZWFjdC1qc3gtc2VsZiI6IFsiQGJhYmVsL3BsdWdpbi10cmFuc2Zvcm0tcmVhY3QtanN4LXNlbGZANy4yOS43IiwgIiIsIHsgImRlcGVuZGVuY2llcyI6IHsgIkBiYWJlbC9oZWxwZXItcGx1Z2luLXV0aWxzIjogIl43LjI5LjciIH0sICJwZWVyRGVwZW5kZW5jaWVzIjogeyAiQGJhYmVsL2NvcmUiOiAiXjcuMC4wLTAiIH0gfSwgInNoYTUxMi1UTDBoTWM5eHp5ODZWRDMxblVpd3pkNW90UkFjeUVQY3NlZ0N4b2xPMFB2Y1h1SDF2MGtFQ2UvVUl6bllGaWhwa3ZVNXdnL2prNHYwVFRFRmZtNTNmdz09Il0sCgogICAgIkBiYWJlbC9wbHVnaW4tdHJhbnNmb3JtLXJlYWN0LWpzeC1zb3VyY2UiOiBbIkBiYWJlbC9wbHVnaW4tdHJhbnNmb3JtLXJlYWN0LWpzeC1zb3VyY2VANy4yOS43IiwgIiIsIHsgImRlcGVuZGVuY2llcyI6IHsgIkBiYWJlbC9oZWxwZXItcGx1Z2luLXV0aWxzIjogIl43LjI5LjciIH0sICJwZWVyRGVwZW5kZW5jaWVzIjogeyAiQGJhYmVsL2NvcmUiOiAiXjcuMC4wLTAiIH0gfSwgInNoYTUxMi0wNkl5SzA5SDN3aTRjR2JoREJ3cDVnVUdvMElLdG5ZYTh0eVRpZXBoaXJQQ0s2ZmJvYlZHaVhNTUk1ekxRNGFLRVlQM3daM0FyVTQ0bys4S01yU0cvUT09Il0sCgogICAgIkBiYWJlbC9ydW50aW1lIjogWyJAYmFiZWwvcnVudGltZUA3LjI5LjciLCAiIiwge30sICJzaGE1MTItTnE4T2hHV2laSVpHVjZoTEhveUFLTExjSmloUC94RmVCTUdKb1VyeFRYMnBzSThkQ2lmekxoWklTRmIrVldTM3dGTVJEbUNHdzVSK2RPeVNDcVBMaHc9PSJdLAoKICAgICJAYmFiZWwvdGVtcGxhdGUiOiBbIkBiYWJlbC90ZW1wbGF0ZUA3LjI5LjciLCAiIiwgeyAiZGVwZW5kZW5jaWVzIjogeyAiQGJhYmVsL2NvZGUtZnJhbWUiOiAiXjcuMjkuNyIsICJAYmFiZWwvcGFyc2VyIjogIl43LjI5LjciLCAiQGJhYmVsL3R5cGVzIjogIl43LjI5LjciIH0gfSwgInNoYTUxMi1wdXErR2YzNW9JMjRGZU4xMUxrb1VRRnF2OXV3TmVXcHhYWmkvSmkzclJJb0tBektueFJhWitHa2owdktTOVpDaVRFU2ZuZzFOOUx5T3lYdm8rbStHZz09Il0sCgogICAgIkBiYWJlbC90cmF2ZXJzZSI6IFsiQGJhYmVsL3RyYXZlcnNlQDcuMjkuNyIsICIiLCB7ICJkZXBlbmRlbmNpZXMiOiB7ICJAYmFiZWwvY29kZS1mcmFtZSI6ICJeNy4yOS43IiwgIkBiYWJlbC9nZW5lcmF0b3IiOiAiXjcuMjkuNyIsICJAYmFiZWwvaGVscGVyLWdsb2JhbHMiOiAiXjcuMjkuNyIsICJAYmFiZWwvcGFyc2VyIjogIl43LjI5LjciLCAiQGJhYmVsL3RlbXBsYXRlIjogIl43LjI5LjciLCAiQGJhYmVsL3R5cGVzIjogIl43LjI5LjciLCAiZGVidWciOiAiXjQuMy4xIiB9IH0sICJzaGE1MTItRWhsZk5RdForTksyMnc1Qk02MWNpdWlxMW01OGVkMzNXcjFYYW4vL1pSVHk2aGdqbnd5Q2ZmUll3enNHWGRBU0pTVUoxZ3VaSUxzRXJoMWVRY2wrenc9PSJdLAoKICAgICJAYmFiZWwvdHlwZXMiOiBbIkBiYWJlbC90eXBlc0A3LjI5LjciLCAiIiwgeyAiZGVwZW5kZW5jaWVzIjogeyAiQGJhYmVsL2hlbHBlci1zdHJpbmctcGFyc2VyIjogIl43LjI5LjciLCAiQGJhYmVsL2hlbHBlci12YWxpZGF0b3ItaWRlbnRpZmllciI6ICJeNy4yOS43IiB9IH0sICJzaGE1MTItNHpCSXhwUHpvd2lacHVzb0ZreUdWd2FrZFJKVXl1SDVQeFEvUHJxZ2hmZEZXV2Fzdm5DZFBmUVhIcmVuRGFpK2d5TEFSdWxaalpvd0NPajZmalQ0cEE9PSJdLAoKICAgICJAZGF0ZS1mbnMvdHoiOiBbIkBkYXRlLWZucy90ekAxLjUuMCIsICIiLCB7fSwgInNoYTUxMi1sd1lOL3ZEUGVOUlVMY2Vwb0UvTE8yUGd4KzcvUlYrUzlBUmZiYzlscjJEdEdrT0Q3cEFpcnVIdmJSMVJYM1F5ZjZqYTQ3RVdKRE1zTks1dkswOERKZz09Il0sCgogICAgIkBlbW5hcGkvY29yZSI6IFsiQGVtbmFwaS9jb3JlQDEuMTEuMiIsICIiLCB7ICJkZXBlbmRlbmNpZXMiOiB7ICJAZW1uYXBpL3dhc2ktdGhyZWFkcyI6ICIxLjIuMiIsICJ0c2xpYiI6ICJeMi40LjAiIH0gfSwgInNoYTUxMi1UQzhNa1R1WlV0Y1RTaUZldUMwa3NDaDlRSUo1K0YyMU12WjRXbjRPUmZZYUZKLzBkc2l1ZHY1dFZrZWpnd1psd1EzOWpMOVdXRGUybHo4eDBXZ2xPQT09Il0sCgogICAgIkBlbW5hcGkvcnVudGltZSI6IFsiQGVtbmFwaS9ydW50aW1lQDEuMTEuMiIsICIiLCB7ICJkZXBlbmRlbmNpZXMiOiB7ICJ0c2xpYiI6ICJeMi40LjAiIH0gfSwgInNoYTUxMi1reU9sM1gwRHVUaVQxaDJmdDhyMmZZTzhKWXRVOWE5WGlzL3pCU2lHQXJOYWFnQ09XeDkwTjFrMnd4cDE4Y3pGREgrT2djV0diNVpQL1hNdDNkY3lQQT09Il0sCgogICAgIkBlbW5hcGkvd2FzaS10aHJlYWRzIjogWyJAZW1uYXBpL3dhc2ktdGhyZWFkc0AxLjIuMiIsICIiLCB7ICJkZXBlbmRlbmNpZXMiOiB7ICJ0c2xpYiI6ICJeMi40LjAiIH0gfSwgInNoYTUxMi1jOTVxT1hrSGR5ZE5LaHNjQlRlYnFFQzFDVkFacHlxT2ZWZkJ6UTFxZ3p5bDNnZmVsZFVqSWdnRGJJWmdES3NITGduc00raWdIN1RKL2VBYXNhVnVNQT09Il0sCgogICAgIkBlc2J1aWxkL2FpeC1wcGM2NCI6IFsiQGVzYnVpbGQvYWl4LXBwYzY0QDAuMjcuNyIsICJodHRwczovL2V1cm9wZS13ZXN0NC1ucG0ucGtnLmRldi9sb3ZhYmxlLWNvcmUtcHJvZC9zYW5kYm94LW5wbS1jYWNoZS9AZXNidWlsZC9haXgtcHBjNjQvLS9haXgtcHBjNjQtMC4yNy43LnRneiIsIHsgIm9zIjogImFpeCIsICJjcHUiOiAicHBjNjQiIH0sICJzaGE1MTItRUtYM1F3bWh6MWVNZEVKb2toQUxyMFlpRDBsaFFOd0Rxa1BZeVBoaVN3S3JoNy80S1JqUWMwNHNaOGRiKzVEVlZuWjFMbWJOREkxdUFNUEVVQm5RUGc9PSJdLAoKICAgICJAZXNidWlsZC9hbmRyb2lkLWFybSI6IFsiQGVzYnVpbGQvYW5kcm9pZC1hcm1AMC4yNy43IiwgImh0dHBzOi8vZXVyb3BlLXdlc3Q0LW5wbS5wa2cuZGV2L2xvdmFibGUtY29yZS1wcm9kL3NhbmRib3gtbnBtLWNhY2hlL0Blc2J1aWxkL2FuZHJvaWQtYXJtLy0vYW5kcm9pZC1hcm0tMC4yNy43LnRneiIsIHsgIm9zIjogImFuZHJvaWQiLCAiY3B1IjogImFybSIgfSwgInNoYTUxMi1qYlBYdkI0WWoyeUJWN0hVZkUyS0hlNEdKWDUxUXBsQ04xcEdiWWp2c3lDWmJRbWllczI5RW9KYmtFYyt2WXVVNW80NUFmUW4zN3ZabHlYeTRZSjhSUT09Il0sCgogICAgIkBlc2J1aWxkL2FuZHJvaWQtYXJtNjQiOiBbIkBlc2J1aWxkL2FuZHJvaWQtYXJtNjRAMC4yNy43IiwgImh0dHBzOi8vZXVyb3BlLXdlc3Q0LW5wbS5wa2cuZGV2L2xvdmFibGUtY29yZS1wcm9kL3NhbmRib3gtbnBtLWNhY2hlL0Blc2J1aWxkL2FuZHJvaWQtYXJtNjQvLS9hbmRyb2lkLWFybTY0LTAuMjcuNy50Z3oiLCB7ICJvcyI6ICJhbmRyb2lkIiwgImNwdSI6ICJhcm02NCIgfSwgInNoYTUxMi02MmRQWkhwSVh6dkNoZnZmTEpvdzNxNWREdGlOTWt3aVJ6UHlsU0NmcmlMdlplcTBhMWJXQ2hyR3gvQmJVYlB3T3JzV0tNbjhpZFNsbGtsekJ5K2RnUT09Il0sCgogICAgIkBlc2J1aWxkL2FuZHJvaWQteDY0IjogWyJAZXNidWlsZC9hbmRyb2lkLXg2NEAwLjI3LjciLCAiaHR0cHM6Ly9ldXJvcGUtd2VzdDQtbnBtLnBrZy5kZXYvbG92YWJsZS1jb3JlLXByb2Qvc2FuZGJveC1ucG0tY2FjaGUvQGVzYnVpbGQvYW5kcm9pZC14NjQvLS9hbmRyb2lkLXg2NC0wLjI3LjcudGd6IiwgeyAib3MiOiAiYW5kcm9pZCIsICJjcHUiOiAieDY0IiB9LCAic2hhNTEyLXg1VnBNT0RuZVZEYjcwUFlWMlZRT21JVVVpQnRZM0QzbVBCRzhOeFZrNUNvZ25lWWhrUjdNbU0zeVIvdU1kSVRMckMxbWwvTlYxcmo0Yk1KdXk5TUNnPT0iXSwKCiAgICAiQGVzYnVpbGQvZGFyd2luLWFybTY0IjogWyJAZXNidWlsZC9kYXJ3aW4tYXJtNjRAMC4yNy43IiwgImh0dHBzOi8vZXVyb3BlLXdlc3Q0LW5wbS5wa2cuZGV2L2xvdmFibGUtY29yZS1wcm9kL3NhbmRib3gtbnBtLWNhY2hlL0Blc2J1aWxkL2Rhcndpbi1hcm02NC8tL2Rhcndpbi1hcm02NC0wLjI3LjcudGd6IiwgeyAib3MiOiAiZGFyd2luIiwgImNwdSI6ICJhcm02NCIgfSwgInNoYTUxMi01bGNrZHFldUJQbEtVd3ZvQ1hJZ0kyRDkvQUJtUHEzUmRwN0lmTDcwMzkzWWdhQVN0N3RianUzQWMrZVBWaTNLREg2TjJScWVQZkhuWGthRHRZOWZrdz09Il0sCgogICAgIkBlc2J1aWxkL2Rhcndpbi14NjQiOiBbIkBlc2J1aWxkL2Rhcndpbi14NjRAMC4yNy43IiwgImh0dHBzOi8vZXVyb3BlLXdlc3Q0LW5wbS5wa2cuZGV2L2xvdmFibGUtY29yZS1wcm9kL3NhbmRib3gtbnBtLWNhY2hlL0Blc2J1aWxkL2Rhcndpbi14NjQvLS9kYXJ3aW4teDY0LTAuMjcuNy50Z3oiLCB7ICJvcyI6ICJkYXJ3aW4iLCAiY3B1IjogIng2NCIgfSwgInNoYTUxMi1yWW5YcktjWHVUN1orV0w1Szk4MGpWRmR2VktoQ0hoVXdpZCtkRFlRcEgrcXUrVGVmY29taU1BSnBJaUMyRU0zUmp0cTBzTzNTdE1WLyszdzNNeXlxUT09Il0sCgogICAgIkBlc2J1aWxkL2ZyZWVic2QtYXJtNjQiOiBbIkBlc2J1aWxkL2ZyZWVic2QtYXJtNjRAMC4yNy43IiwgImh0dHBzOi8vZXVyb3BlLXdlc3Q0LW5wbS5wa2cuZGV2L2xvdmFibGUtY29yZS1wcm9kL3NhbmRib3gtbnBtLWNhY2hlL0Blc2J1aWxkL2ZyZWVic2QtYXJtNjQvLS9mcmVlYnNkLWFybTY0LTAuMjcuNy50Z3oiLCB7ICJvcyI6ICJmcmVlYnNkIiwgImNwdSI6ICJhcm02NCIgfSwgInNoYTUxMi1CNDhQcWVDc0VnT3R6TUUyR2JOTTJyb1UyOUFNVHVPSU45MWRzTU8zMHQrWWRpczN6LzNOZ29qNWhobnNPU1N3TnpTKzZKcHBxV3N1aFRwNkU4Mmwydz09Il0sCgogICAgIkBlc2J1aWxkL2ZyZWVic2QteDY0IjogWyJAZXNidWlsZC9mcmVlYnNkLXg2NEAwLjI3LjciLCAiaHR0cHM6Ly9ldXJvcGUtd2VzdDQtbnBtLnBrZy5kZXYvbG92YWJsZS1jb3JlLXByb2Qvc2FuZGJveC1ucG0tY2FjaGUvQGVzYnVpbGQvZnJlZWJzZC14NjQvLS9mcmVlYnNkLXg2NC0wLjI3LjcudGd6IiwgeyAib3MiOiAiZnJlZWJzZCIsICJjcHUiOiAieDY0IiB9LCAic2hhNTEyLWpPQkRLNVhFakE0bTVJSkszYnBBUUY5L0xlbHUvWjlaY2RoVFJMZjRjYWpsQis4VkVoRkZSaldnZnkzTTFPNHJPMkdRL2IyZEx3Q1VHcGlGL2VBVE5RPT0iXSwKCiAgICAiQGVzYnVpbGQvbGludXgtYXJtIjogWyJAZXNidWlsZC9saW51eC1hcm1AMC4yNy43IiwgImh0dHBzOi8vZXVyb3BlLXdlc3Q0LW5wbS5wa2cuZGV2L2xvdmFibGUtY29yZS1wcm9kL3NhbmRib3gtbnBtLWNhY2hlL0Blc2J1aWxkL2xpbnV4LWFybS8tL2xpbnV4LWFybS0wLjI3LjcudGd6IiwgeyAib3MiOiAibGludXgiLCAiY3B1IjogImFybSIgfSwgInNoYTUxMi1Sa1QvWVhZQlRTVUxvMythZjhJYjB5a0g4dTJNQmg1N283cS9EQXMzbFRKbHlWUWtnUXZsclBUbmpJenpSUFF5YXZ4dFB0ZmcwRW9wdkR5SXQwajFyQT09Il0sCgogICAgIkBlc2J1aWxkL2xpbnV4LWFybTY0IjogWyJAZXNidWlsZC9saW51eC1hcm02NEAwLjI3LjciLCAiaHR0cHM6Ly9ldXJvcGUtd2VzdDQtbnBtLnBrZy5kZXYvbG92YWJsZS1jb3JlLXByb2Qvc2FuZGJveC1ucG0tY2FjaGUvQGVzYnVpbGQvbGludXgtYXJtNjQvLS9saW51eC1hcm02NC0wLjI3LjcudGd6IiwgeyAib3MiOiAibGludXgiLCAiY3B1IjogImFybTY0IiB9LCAic2hhNTEyLVJaUEhCb3hYdU5uUFFPOXJ2amg1amRrUm1WaXprdGtUN1RDRGtEbVEwVzJTd0hJbktDQVY5NUdSdXZkU3ZBN3c0Vk13ZkNqVWlQd0RpMFpPNk5mZTlBPT0iXSwKCiAgICAiQGVzYnVpbGQvbGludXgtaWEzMiI6IFsiQGVzYnVpbGQvbGludXgtaWEzMkAwLjI3LjciLCAiaHR0cHM6Ly9ldXJvcGUtd2VzdDQtbnBtLnBrZy5kZXYvbG92YWJsZS1jb3JlLXByb2Qvc2FuZGJveC1ucG0tY2FjaGUvQGVzYnVpbGQvbGludXgtaWEzMi8tL2xpbnV4LWlhMzItMC4yNy43LnRneiIsIHsgIm9zIjogImxpbnV4IiwgImNwdSI6ICJpYTMyIiB9LCAic2hhNTEyLUdBNDhhS05reVFEYmQzS3RrcGxZV1QxMDJDNXNuL0VaVFk0WFJPa3hPTmdydUhQVTcybCtnVytGZkY4dGYyY0ZqZUhhUmJXcE9ZYS91UkJ6L1hxMVBnPT0iXSwKCiAgICAiQGVzYnVpbGQvbGludXgtbG9vbmc2NCI6IFsiQGVzYnVpbGQvbGludXgtbG9vbmc2NEAwLjI3LjciLCAiaHR0cHM6Ly9ldXJvcGUtd2VzdDQtbnBtLnBrZy5kZXYvbG92YWJsZS1jb3JlLXByb2Qvc2FuZGJveC1ucG0tY2FjaGUvQGVzYnVpbGQvbGludXgtbG9vbmc2NC8tL2xpbnV4LWxvb25nNjQtMC4yNy43LnRneiIsIHsgIm9zIjogImxpbnV4IiwgImNwdSI6ICJub25lIiB9LCAic2hhNTEyLWE0UE9ydU5NMm9Xc0Q0V0t2QlNFS0dJaVdRRjhmWk9Bc3ljSE90NkpCcForSk4ybjJKSDlXQXY1NlNPeXU5WDVJcUFqcVNJUFRhSmtxTjhGN1hPUTVRPT0iXSwKCiAgICAiQGVzYnVpbGQvbGludXgtbWlwczY0ZWwiOiBbIkBlc2J1aWxkL2xpbnV4LW1pcHM2NGVsQDAuMjcuNyIsICJodHRwczovL2V1cm9wZS13ZXN0NC1ucG0ucGtnLmRldi9sb3ZhYmxlLWNvcmUtcHJvZC9zYW5kYm94LW5wbS1jYWNoZS9AZXNidWlsZC9saW51eC1taXBzNjRlbC8tL2xpbnV4LW1pcHM2NGVsLTAuMjcuNy50Z3oiLCB7ICJvcyI6ICJsaW51eCIsICJjcHUiOiAibm9uZSIgfSwgInNoYTUxMi1LYWJUNUk2U3RpckdmSXowRk1nbDFJK1IxSDczR3Awb2ZMOUEzbkczaS9jWUZKektIaG91QlY1VldLMUNTZ0t2VmFHNHExUk5wQ1RSMkx1VFZCM2ZJdz09Il0sCgogICAgIkBlc2J1aWxkL2xpbnV4LXBwYzY0IjogWyJAZXNidWlsZC9saW51eC1wcGM2NEAwLjI3LjciLCAiaHR0cHM6Ly9ldXJvcGUtd2VzdDQtbnBtLnBrZy5kZXYvbG92YWJsZS1jb3JlLXByb2Qvc2FuZGJveC1ucG0tY2FjaGUvQGVzYnVpbGQvbGludXgtcHBjNjQvLS9saW51eC1wcGM2NC0wLjI3LjcudGd6IiwgeyAib3MiOiAibGludXgiLCAiY3B1IjogInBwYzY0IiB9LCAic2hhNTEyLWdSc0w0eDZ3c0dIR1JxaHRJK2lmcE4vdnBPRlRRdG5ic3VwVUY1UjVZVEFnK3kvbEtlbFlSMWhYYm5CZHpEakdiTVlqVkpMSlRkMk9GbU1ld0Fnd2xRPT0iXSwKCiAgICAiQGVzYnVpbGQvbGludXgtcmlzY3Y2NCI6IFsiQGVzYnVpbGQvbGludXgtcmlzY3Y2NEAwLjI3LjciLCAiaHR0cHM6Ly9ldXJvcGUtd2VzdDQtbnBtLnBrZy5kZXYvbG92YWJsZS1jb3JlLXByb2Qvc2FuZGJveC1ucG0tY2FjaGUvQGVzYnVpbGQvbGludXgtcmlzY3Y2NC8tL2xpbnV4LXJpc2N2NjQtMC4yNy43LnRneiIsIHsgIm9zIjogImxpbnV4IiwgImNwdSI6ICJub25lIiB9LCAic2hhNTEyLWhMMjVMYnhPMVFPbmdHenUyVTV4ZVh0eFhjVysvR3ZNTjNlakFOcVhreFovb3B5U0FaTXJjKzlMWS9XeWpBYW40MXVuclIzWXJtdFRzVXB3VDY2SW5RPT0iXSwKCiAgICAiQGVzYnVpbGQvbGludXgtczM5MHgiOiBbIkBlc2J1aWxkL2xpbnV4LXMzOTB4QDAuMjcuNyIsICJodHRwczovL2V1cm9wZS13ZXN0NC1ucG0ucGtnLmRldi9sb3ZhYmxlLWNvcmUtcHJvZC9zYW5kYm94LW5wbS1jYWNoZS9AZXNidWlsZC9saW51eC1zMzkweC8tL2xpbnV4LXMzOTB4LTAuMjcuNy50Z3oiLCB7ICJvcyI6ICJsaW51eCIsICJjcHUiOiAiczM5MHgiIH0sICJzaGE1MTItMms4Z284WWN1MUtiNDZ2RWVsaHUxdnFFUCtVZVJWajJ6WTFwU3VQZGd2YmQ1eWtBdzgyTHJybzI4dlhVclJtekVzVVYwTnpDZjU0eUFSSUs4cjBmZHc9PSJdLAoKICAgICJAZXNidWlsZC9saW51eC14NjQiOiBbIkBlc2J1aWxkL2xpbnV4LXg2NEAwLjI3LjciLCAiaHR0cHM6Ly9ldXJvcGUtd2VzdDQtbnBtLnBrZy5kZXYvbG92YWJsZS1jb3JlLXByb2Qvc2FuZGJveC1ucG0tY2FjaGUvQGVzYnVpbGQvbGludXgteDY0Ly0vbGludXgteDY0LTAuMjcuNy50Z3oiLCB7ICJvcyI6ICJsaW51eCIsICJjcHUiOiAieDY0IiB9LCAic2hhNTEyLWh6em5tQURQdCtPbXNZencxRUUzM2NjQStIUGRJcWlDUnE3Y1FlTDFKbHEyZ2IxK095V0JrTUNyWUdCSitzeFZ6dmUyWkpFVmVlUGJMTTJpRUlaU3hBPT0iXSwKCiAgICAiQGVzYnVpbGQvbmV0YnNkLWFybTY0IjogWyJAZXNidWlsZC9uZXRic2QtYXJtNjRAMC4yNy43IiwgImh0dHBzOi8vZXVyb3BlLXdlc3Q0LW5wbS5wa2cuZGV2L2xvdmFibGUtY29yZS1wcm9kL3NhbmRib3gtbnBtLWNhY2hlL0Blc2J1aWxkL25ldGJzZC1hcm02NC8tL25ldGJzZC1hcm02NC0wLjI3LjcudGd6IiwgeyAib3MiOiAibm9uZSIsICJjcHUiOiAi…50286 tokens truncated…ptQUt6WXFZUkFJU29SaGRRcjNlSVovUFhxZz09Il0sCgogICAgInZhdWwiOiBbInZhdWxAMS4xLjIiLCAiIiwgeyAiZGVwZW5kZW5jaWVzIjogeyAiQHJhZGl4LXVpL3JlYWN0LWRpYWxvZyI6ICJeMS4xLjEiIH0sICJwZWVyRGVwZW5kZW5jaWVzIjogeyAicmVhY3QiOiAiXjE2LjggfHwgXjE3LjAgfHwgXjE4LjAgfHwgXjE5LjAuMCB8fCBeMTkuMC4wLXJjIiwgInJlYWN0LWRvbSI6ICJeMTYuOCB8fCBeMTcuMCB8fCBeMTguMCB8fCBeMTkuMC4wIHx8IF4xOS4wLjAtcmMiIH0gfSwgInNoYTUxMi1aRmtDbEdwV3lJMldVUWpkTEovQmFHdVY2QVZRaUozdUVMR2szT1l0UCtCNnlDTzdDbW45dlBGWFZKa1JhR2tPSnUzbThiUU1ndHl6TkhpeFVMY2VRQT09Il0sCgogICAgInZpY3RvcnktdmVuZG9yIjogWyJ2aWN0b3J5LXZlbmRvckAzNi45LjIiLCAiIiwgeyAiZGVwZW5kZW5jaWVzIjogeyAiQHR5cGVzL2QzLWFycmF5IjogIl4zLjAuMyIsICJAdHlwZXMvZDMtZWFzZSI6ICJeMy4wLjAiLCAiQHR5cGVzL2QzLWludGVycG9sYXRlIjogIl4zLjAuMSIsICJAdHlwZXMvZDMtc2NhbGUiOiAiXjQuMC4yIiwgIkB0eXBlcy9kMy1zaGFwZSI6ICJeMy4xLjAiLCAiQHR5cGVzL2QzLXRpbWUiOiAiXjMuMC4wIiwgIkB0eXBlcy9kMy10aW1lciI6ICJeMy4wLjAiLCAiZDMtYXJyYXkiOiAiXjMuMS42IiwgImQzLWVhc2UiOiAiXjMuMC4xIiwgImQzLWludGVycG9sYXRlIjogIl4zLjAuMSIsICJkMy1zY2FsZSI6ICJeNC4wLjIiLCAiZDMtc2hhcGUiOiAiXjMuMS4wIiwgImQzLXRpbWUiOiAiXjMuMC4wIiwgImQzLXRpbWVyIjogIl4zLjAuMSIgfSB9LCAic2hhNTEyLVBucFFRTXV4bHdZZG9jQzhmSUpxVlh2a2VWaUhZem90SStOSnJDdWF2MFpZRm9xOTEyWkhCazNtQ2V1ais1L1Zwb2RPalBlMXowRmsyaWhnemxYcWpRPT0iXSwKCiAgICAidml0ZSI6IFsidml0ZUA4LjIuMCIsICIiLCB7ICJkZXBlbmRlbmNpZXMiOiB7ICJsaWdodG5pbmdjc3MiOiAiXjEuMzMuMCIsICJwaWNvbWF0Y2giOiAiXjQuMC41IiwgInBvc3Rjc3MiOiAiXjguNS4yMyIsICJyb2xsZG93biI6ICJ+MS4yLjAiLCAidGlueWdsb2JieSI6ICJeMC4yLjE3IiB9LCAib3B0aW9uYWxEZXBlbmRlbmNpZXMiOiB7ICJmc2V2ZW50cyI6ICJ+Mi4zLjMiIH0sICJwZWVyRGVwZW5kZW5jaWVzIjogeyAiQHR5cGVzL25vZGUiOiAiXjIwLjE5LjAgfHwgPj0yMi4xMi4wIiwgIkB2aXRlanMvZGV2dG9vbHMiOiAiXjAuNC4wIiwgImVzYnVpbGQiOiAiXjAuMjcuMCB8fCBeMC4yOC4wIiwgImppdGkiOiAiPj0xLjIxLjAiLCAibGVzcyI6ICJeNC4wLjAiLCAic2FzcyI6ICJeMS43MC4wIiwgInNhc3MtZW1iZWRkZWQiOiAiXjEuNzAuMCIsICJzdHlsdXMiOiAiPj0wLjU0LjgiLCAic3VnYXJzcyI6ICJeNS4wLjAiLCAidGVyc2VyIjogIl41LjE2LjAiLCAidHN4IjogIl40LjguMSIsICJ5YW1sIjogIl4yLjQuMiIgfSwgIm9wdGlvbmFsUGVlcnMiOiBbIkB0eXBlcy9ub2RlIiwgIkB2aXRlanMvZGV2dG9vbHMiLCAiZXNidWlsZCIsICJqaXRpIiwgImxlc3MiLCAic2FzcyIsICJzYXNzLWVtYmVkZGVkIiwgInN0eWx1cyIsICJzdWdhcnNzIiwgInRlcnNlciIsICJ0c3giLCAieWFtbCJdLCAiYmluIjogeyAidml0ZSI6ICJiaW4vdml0ZS5qcyIgfSB9LCAic2hhNTEyLXBuK0NGcE0wbHdEZUt3bU9xMVphQksvOXNqb3JaY2dxeGtpNk1iWS9qUEVWZDl2aWNoSWxtbEQ0SG1RNXdkUDVFZ3FRQ0ZSYUFDQnhNQzd1RUdjNmxRPT0iXSwKCiAgICAidml0ZS10c2NvbmZpZy1wYXRocyI6IFsidml0ZS10c2NvbmZpZy1wYXRoc0A2LjEuMSIsICIiLCB7ICJkZXBlbmRlbmNpZXMiOiB7ICJkZWJ1ZyI6ICJeNC4xLjEiLCAiZ2xvYnJleCI6ICJeMC4xLjIiLCAidHNjb25mY2siOiAiXjMuMC4zIiB9LCAicGVlckRlcGVuZGVuY2llcyI6IHsgInZpdGUiOiAiKiIgfSB9LCAic2hhNTEyLTJjaWhxN3psaWliQ0NaOFA5Y0tKclFCa2ZnZHZjRmtPT2MzWTAybzNHV1VETGdxaldzWnVkYW9pdU93Ty9nelR6eTE3Y1M1RjdaUG80YnNuUzRER2tnPT0iXSwKCiAgICAidml0ZWZ1IjogWyJ2aXRlZnVAMS4xLjMiLCAiIiwgeyAicGVlckRlcGVuZGVuY2llcyI6IHsgInZpdGUiOiAiXjMuMC4wIHx8IF40LjAuMCB8fCBeNS4wLjAgfHwgXjYuMC4wIHx8IF43LjAuMCB8fCBeOC4wLjAiIH0sICJvcHRpb25hbFBlZXJzIjogWyJ2aXRlIl0gfSwgInNoYTUxMi11YjRva0g3WjVLTGpiNmhEeWpxckdYcVd0V3ZvWWRVM0lHbS9Ob3JwZ0huY0tvTFRDZlJJYnZsaEJtN3IwWXN0SWFRUllscDR5RWJGcURjS1N6WFNTZz09Il0sCgogICAgIndlYnBhY2stdmlydHVhbC1tb2R1bGVzIjogWyJ3ZWJwYWNrLXZpcnR1YWwtbW9kdWxlc0AwLjYuMiIsICIiLCB7fSwgInNoYTUxMi02Ni9WMmk1aFFhbkM1MXZCUUtQSDRhSThOTUFjQlc1OUZWQnMrckM3ZUdIdXBNeWZuMzRxN3JaSUUrRVRsSitYVGV2cWZVaFZWQmdTVU5TVzJmbEVVUT09Il0sCgogICAgIndoaWNoIjogWyJ3aGljaEAyLjAuMiIsICIiLCB7ICJkZXBlbmRlbmNpZXMiOiB7ICJpc2V4ZSI6ICJeMi4wLjAiIH0sICJiaW4iOiB7ICJub2RlLXdoaWNoIjogIi4vYmluL25vZGUtd2hpY2giIH0gfSwgInNoYTUxMi1CTEkzVGwxVFczUHZsNzBsM3lxM1k2NGkrYXdwd1hxc0dCWVdra3FNdG5iWGdyTUQreWo3cmhXMGt1RUR4ekphWVhHakVXNW9nYXBLTk1FS05NamliQT09Il0sCgogICAgIndvcmQtd3JhcCI6IFsid29yZC13cmFwQDEuMi41IiwgIiIsIHt9LCAic2hhNTEyLUJOMjJCNWVhTU1JOVVNdGpyR2Q1ZzVlQ1lQcENQRFV5MEZKWGJZc2FUNXpZeGpGT2NrUzUzU1FERTNwV2tWb1dwSFhWYjNCclljRU40VHdhNTVCNWNBPT0iXSwKCiAgICAid3JhcHB5IjogWyJ3cmFwcHlAMS4wLjIiLCAiaHR0cHM6Ly9ldXJvcGUtd2VzdDQtbnBtLnBrZy5kZXYvbG92YWJsZS1jb3JlLXByb2Qvc2FuZGJveC1ucG0tY2FjaGUvd3JhcHB5Ly0vd3JhcHB5LTEuMC4yLnRneiIsIHt9LCAic2hhNTEyLWw0U3AvRFJzZW9yOXdMNkV2VjIrVHVRbjYzZE1rUGpaL3NwOVhrZ2hURWJWOUtsUFMxeFVzWjN1Ny9JUU80d3h0Y0ZCNGJncFFQUmNSM1FDdmV6UGNRPT0iXSwKCiAgICAid3MiOiBbIndzQDguMjEuMSIsICIiLCB7ICJwZWVyRGVwZW5kZW5jaWVzIjogeyAiYnVmZmVydXRpbCI6ICJeNC4wLjEiLCAidXRmLTgtdmFsaWRhdGUiOiAiPj01LjAuMiIgfSwgIm9wdGlvbmFsUGVlcnMiOiBbImJ1ZmZlcnV0aWwiLCAidXRmLTgtdmFsaWRhdGUiXSB9LCAic2hhNTEyLSswTlRuVzc3ZkZOL0RqUWk2ay9TcS9Zdms0U2dhanc3dXJXOFYrYXNqWG5SZ0RzOWd5R2tkYjdFemdmaEE0Z29Yc1JJWktFMjhmeklYQkhFemh1aVd3PT0iXSwKCiAgICAieG1sYnVpbGRlcjIiOiBbInhtbGJ1aWxkZXIyQDQuMC4zIiwgIiIsIHsgImRlcGVuZGVuY2llcyI6IHsgIkBvb3pjaXRhay9kb20iOiAiXjIuMC4yIiwgIkBvb3pjaXRhay9pbmZyYSI6ICJeMi4wLjIiLCAiQG9vemNpdGFrL3V0aWwiOiAiXjEwLjAuMCIsICJqcy15YW1sIjogIl40LjEuMSIgfSB9LCAic2hhNTEyLWJ4OFExU1RjdG5OYWFEeW1XbmtmUUxLb2ZzMG1HTk43ckxMYXBKbEd1VjNWbHZlZ0Q3THM0Z2dNakUzYVVTV0l0Q0N6VTBQRXY0NWxJODdpU2lnaUNBPT0iXSwKCiAgICAieWFsbGlzdCI6IFsieWFsbGlzdEAzLjEuMSIsICIiLCB7fSwgInNoYTUxMi1hNFVHUWFXUEg1OW1PWFVZbkFHMmV3bmNRUzRpNEY0M1R2M0pvQU0rczJWREFtUzlOc0s4R3BETUxyQ0hQa3NGVDdoM0s2VE9vVU5uMnBiN1JvWHg0Zz09Il0sCgogICAgInlvY3RvLXF1ZXVlIjogWyJ5b2N0by1xdWV1ZUAwLjEuMCIsICIiLCB7fSwgInNoYTUxMi1yVmtzdnNuTkNkSi9vaEdjNnhnUHd5TjhlaGVDeHNpTE04bXh1RS90L21PVnFKZXdQdU8xbWlMcFRIUWlSZ1RLQ0xleEw0TWVBRlZhZ3RzN0htTloyUT09Il0sCgogICAgInpvZCI6IFsiem9kQDMuMjUuNzYiLCAiIiwge30sICJzaGE1MTItZ3pVdC9xdDgxblhzRkdLSUZjQzNZbmZFQXg1Tmt1bkNmbkRsdnVCU1NGUzAyYmNYdTRMbWVhMEFGSVV3YkxXeFdQeDNkOXA4UzVRb2F1aktjTlF4Y1E9PSJdLAoKICAgICJ6b2QtdG8tanNvbi1zY2hlbWEiOiBbInpvZC10by1qc29uLXNjaGVtYUAzLjI1LjIiLCAiaHR0cHM6Ly9ldXJvcGUtd2VzdDQtbnBtLnBrZy5kZXYvbG92YWJsZS1jb3JlLXByb2Qvc2FuZGJveC1ucG0tY2FjaGUvem9kLXRvLWpzb24tc2NoZW1hLy0vem9kLXRvLWpzb24tc2NoZW1hLTMuMjUuMi50Z3oiLCB7ICJwZWVyRGVwZW5kZW5jaWVzIjogeyAiem9kIjogIl4zLjI1LjI4IHx8IF40IiB9IH0sICJzaGE1MTItTy9QZ2ZucFQxeEtTRGVRWVNDZlJJNUd5M2hQZjkxbUtWRHVZTFVIWkpNaURGcHR2UDQxTVNuV29mbThkbkNtMDI1NlpOZlpJTTdEU3p1U01BRm5qSEE9PSJdLAoKICAgICJAZXNsaW50LWNvbW11bml0eS9lc2xpbnQtdXRpbHMvZXNsaW50LXZpc2l0b3Ita2V5cyI6IFsiZXNsaW50LXZpc2l0b3Ita2V5c0AzLjQuMyIsICIiLCB7fSwgInNoYTUxMi13cGMrTFhlaXlpaXN4UGxFa1V6VTZzdnlTMWZySU8zTWd4ajFmZHk3UG04WWd6Z3VheDJOM0ZhL0QvYWcxV3FiT3ByZEkrdVk2d01VbDgvYTJHK2lhZz09Il0sCgogICAgIkBlc2xpbnQvZXNsaW50cmMvZ2xvYmFscyI6IFsiZ2xvYmFsc0AxNC4wLjAiLCAiIiwge30sICJzaGE1MTItb2FoR3Z1TUdRbFB3L2l2SVlCalZTcldBZldMQmVrdTV0cFBFMmZPUExpK1dIZmZJV2J1aDJ0Q2poeVFoVEJQTWY1RTlqREVINEZPbVRZZ1l3Ykt3dFE9PSJdLAoKICAgICJAbW9kZWxjb250ZXh0cHJvdG9jb2wvc2RrL2FqdiI6IFsiYWp2QDguMjAuMCIsICJodHRwczovL2V1cm9wZS13ZXN0NC1ucG0ucGtnLmRldi9sb3ZhYmxlLWNvcmUtcHJvZC9zYW5kYm94LW5wbS1jYWNoZS9hanYvLS9hanYtOC4yMC4wLnRneiIsIHsgImRlcGVuZGVuY2llcyI6IHsgImZhc3QtZGVlcC1lcXVhbCI6ICJeMy4xLjMiLCAiZmFzdC11cmkiOiAiXjMuMC4xIiwgImpzb24tc2NoZW1hLXRyYXZlcnNlIjogIl4xLjAuMCIsICJyZXF1aXJlLWZyb20tc3RyaW5nIjogIl4yLjAuMiIgfSB9LCAic2hhNTEyLVRoYmxpK09sT2oraU1QWUZCVkJmSjNPbUNBbmFTeU5uNE0xdno5VDZHa2E1SnQ5YmEvSElSNTZqb3k2NXRZNmt4L0ZDRjVWWE5CODE5WTcvR1VyQkdBPT0iXSwKCiAgICAiQG1vZGVsY29udGV4dHByb3RvY29sL3Nkay96b2QiOiBbInpvZEA0LjQuMyIsICIiLCB7fSwgInNoYTUxMi15dEVORmpJSkZsMlV3WWdsZGUyamNoVzJId200R0pGTERpU1hXZFRySlFCSU45RmN5cDduNERoeEpFaVdOQUpNVjEvQnFXZlcva2tnNzFVRGNISnlUUT09Il0sCgogICAgIkB0YWlsd2luZGNzcy9ub2RlL2xpZ2h0bmluZ2NzcyI6IFsibGlnaHRuaW5nY3NzQDEuMzIuMCIsICIiLCB7ICJkZXBlbmRlbmNpZXMiOiB7ICJkZXRlY3QtbGliYyI6ICJeMi4wLjMiIH0sICJvcHRpb25hbERlcGVuZGVuY2llcyI6IHsgImxpZ2h0bmluZ2Nzcy1hbmRyb2lkLWFybTY0IjogIjEuMzIuMCIsICJsaWdodG5pbmdjc3MtZGFyd2luLWFybTY0IjogIjEuMzIuMCIsICJsaWdodG5pbmdjc3MtZGFyd2luLXg2NCI6ICIxLjMyLjAiLCAibGlnaHRuaW5nY3NzLWZyZWVic2QteDY0IjogIjEuMzIuMCIsICJsaWdodG5pbmdjc3MtbGludXgtYXJtLWdudWVhYmloZiI6ICIxLjMyLjAiLCAibGlnaHRuaW5nY3NzLWxpbnV4LWFybTY0LWdudSI6ICIxLjMyLjAiLCAibGlnaHRuaW5nY3NzLWxpbnV4LWFybTY0LW11c2wiOiAiMS4zMi4wIiwgImxpZ2h0bmluZ2Nzcy1saW51eC14NjQtZ251IjogIjEuMzIuMCIsICJsaWdodG5pbmdjc3MtbGludXgteDY0LW11c2wiOiAiMS4zMi4wIiwgImxpZ2h0bmluZ2Nzcy13aW4zMi1hcm02NC1tc3ZjIjogIjEuMzIuMCIsICJsaWdodG5pbmdjc3Mtd2luMzIteDY0LW1zdmMiOiAiMS4zMi4wIiB9IH0sICJzaGE1MTItTlhZQnppbk5yYmxmcmFQR3lyYlBvRDE5QzFoOWxmSS8xbXpnV1l2WFVUZTQxNEd6L1gxRkQyWEJaU1pNN3JSVHJNQThKTDNPdEFhR2lmcklLaFE1eVE9PSJdLAoKICAgICJAdGFpbHdpbmRjc3Mvb3hpZGUtd2FzbTMyLXdhc2kvQGVtbmFwaS9jb3JlIjogWyJAZW1uYXBpL2NvcmVAMS4xMS4yIiwgIiIsIHsgImRlcGVuZGVuY2llcyI6IHsgIkBlbW5hcGkvd2FzaS10aHJlYWRzIjogIjEuMi4yIiwgInRzbGliIjogIl4yLjQuMCIgfSwgImJ1bmRsZWQiOiB0cnVlIH0sICJzaGE1MTItVEM4TWtUdVpVdGNUU2lGZXVDMGtzQ2g5UUlKNStGMjFNdlo0V240T1JmWWFGSi8wZHNpdWR2NXRWa2VqZ3dabHdRMzlqTDlXV0RlMmx6OHgwV2dsT0E9PSJdLAoKICAgICJAdGFpbHdpbmRjc3Mvb3hpZGUtd2FzbTMyLXdhc2kvQGVtbmFwaS9ydW50aW1lIjogWyJAZW1uYXBpL3J1bnRpbWVAMS4xMS4yIiwgIiIsIHsgImRlcGVuZGVuY2llcyI6IHsgInRzbGliIjogIl4yLjQuMCIgfSwgImJ1bmRsZWQiOiB0cnVlIH0sICJzaGE1MTIta3lPbDNYMER1VGlUMWgyZnQ4cjJmWU84Sll0VTlhOVhpcy96QlNpR0FyTmFhZ0NPV3g5ME4xazJ3eHAxOGN6RkRIK09nY1dHYjVaUC9YTXQzZGN5UEE9PSJdLAoKICAgICJAdGFpbHdpbmRjc3Mvb3hpZGUtd2FzbTMyLXdhc2kvQGVtbmFwaS93YXNpLXRocmVhZHMiOiBbIkBlbW5hcGkvd2FzaS10aHJlYWRzQDEuMi4yIiwgIiIsIHsgImRlcGVuZGVuY2llcyI6IHsgInRzbGliIjogIl4yLjQuMCIgfSwgImJ1bmRsZWQiOiB0cnVlIH0sICJzaGE1MTItYzk1cU9Ya0hkeWROS2hzY0JUZWJxRUMxQ1ZBWnB5cU9mVmZCelExcWd6eWwzZ2ZlbGRVaklnZ0RiSVpnREtzSExnbnNNK2lnSDdUSi9lQWFzYVZ1TUE9PSJdLAoKICAgICJAdGFpbHdpbmRjc3Mvb3hpZGUtd2FzbTMyLXdhc2kvQG5hcGktcnMvd2FzbS1ydW50aW1lIjogWyJAbmFwaS1ycy93YXNtLXJ1bnRpbWVAMS4yLjAiLCAiIiwgeyAiZGVwZW5kZW5jaWVzIjogeyAiQHR5YnlzL3dhc20tdXRpbCI6ICJeMC4xMC4zIiB9LCAicGVlckRlcGVuZGVuY2llcyI6IHsgIkBlbW5hcGkvY29yZSI6ICJeMi4wLjAtYWxwaGEuMyIsICJAZW1uYXBpL3J1bnRpbWUiOiAiXjIuMC4wLWFscGhhLjMiIH0sICJidW5kbGVkIjogdHJ1ZSB9LCAic2hhNTEyLWtEb09OcU1hK1ZuWjR2dnZ1L1pVdXJwSjRna1pVNTdlN2c2OXFwTmdXaFljWkZQVUhaTTJDRU1LbStjRzZ1ZkRWQUxiak12Zm1NakZWcWFLN3VFTW5BPT0iXSwKCiAgICAiQHRhaWx3aW5kY3NzL294aWRlLXdhc20zMi13YXNpL0B0eWJ5cy93YXNtLXV0aWwiOiBbIkB0eWJ5cy93YXNtLXV0aWxAMC4xMC4zIiwgIiIsIHsgImRlcGVuZGVuY2llcyI6IHsgInRzbGliIjogIl4yLjQuMCIgfSwgImJ1bmRsZWQiOiB0cnVlIH0sICJzaGE1MTItRjNmbzFNWXJSSllMM3pFUjBPVU9ta3V0anIxVnAyM203T3NTZ3A3bnE0U1A2T3FYNkMvNTZYRklQQWw1YnQzemFCUmptVzdTR3ozdS82THdGcFljT2c9PSJdLAoKICAgICJAdGFpbHdpbmRjc3Mvb3hpZGUtd2FzbTMyLXdhc2kvdHNsaWIiOiBbInRzbGliQDIuOC4xIiwgIiIsIHsgImJ1bmRsZWQiOiB0cnVlIH0sICJzaGE1MTItb0pGdTk0SFFiK0tWZHVTVVFMN3ducG1xbmZtTHNPQS9uQWg2YjZFSDB3Q0VvSzAvbVBlWFU2YzN3S0RWODNNa091SFBSSHRTWEtLVTk5SUJhelMvMnc9PSJdLAoKICAgICJAdGFuc3RhY2svZGV2dG9vbHMtYnVuZGxlci1jb3JlL2NoYWxrIjogWyJjaGFsa0A1LjYuMiIsICIiLCB7fSwgInNoYTUxMi03TnpCTDByTjZmTVVXK2Y3QTZJbzRoNDBxUWxHK3hHbXRNeGZibkgvSzdUQXR0OEpRV1ZRSys2ZzBVWEtNZVZKb3lWNUVra05zRXJROHBWRDNiTEhiQT09Il0sCgogICAgIkB0YW5zdGFjay9kZXZ0b29scy12aXRlL2NoYWxrIjogWyJjaGFsa0A1LjYuMiIsICIiLCB7fSwgInNoYTUxMi03TnpCTDByTjZmTVVXK2Y3QTZJbzRoNDBxUWxHK3hHbXRNeGZibkgvSzdUQXR0OEpRV1ZRSys2ZzBVWEtNZVZKb3lWNUVra05zRXJROHBWRDNiTEhiQT09Il0sCgogICAgIkB0YW5zdGFjay9yb3V0ZXItZ2VuZXJhdG9yL3pvZCI6IFsiem9kQDQuNC4zIiwgIiIsIHt9LCAic2hhNTEyLXl0RU5GaklKRmwyVXdZZ2xkZTJqY2hXMkh3bTRHSkZMRGlTWFdkVHJKUUJJTjlGY3lwN240RGh4SkVpV05BSk1WMS9CcVdmVy9ra2c3MVVEY0hKeVRRPT0iXSwKCiAgICAiQHRhbnN0YWNrL3JvdXRlci1wbHVnaW4vem9kIjogWyJ6b2RANC40LjMiLCAiIiwge30sICJzaGE1MTIteXRFTkZqSUpGbDJVd1lnbGRlMmpjaFcySHdtNEdKRkxEaVNYV2RUckpRQklOOUZjeXA3bjREaHhKRWlXTkFKTVYxL0JxV2ZXL2trZzcxVURjSEp5VFE9PSJdLAoKICAgICJAdGFuc3RhY2svc3RhcnQtcGx1Z2luLWNvcmUvQGJhYmVsL2NvZGUtZnJhbWUiOiBbIkBiYWJlbC9jb2RlLWZyYW1lQDcuMjcuMSIsICIiLCB7ICJkZXBlbmRlbmNpZXMiOiB7ICJAYmFiZWwvaGVscGVyLXZhbGlkYXRvci1pZGVudGlmaWVyIjogIl43LjI3LjEiLCAianMtdG9rZW5zIjogIl40LjAuMCIsICJwaWNvY29sb3JzIjogIl4xLjEuMSIgfSB9LCAic2hhNTEyLWNqUTdabFEwTXYzYjQ3aEFCdVRldnlUdVlONGkrbG9KS0dlVjlmbGNDZ0lLMzdjQ1hSaCtMMWJkM2lCSGx5bmVyaFE3QmhDa24yQlBiUVVMK3JHcUZnPT0iXSwKCiAgICAiQHRhbnN0YWNrL3N0YXJ0LXBsdWdpbi1jb3JlL3pvZCI6IFsiem9kQDQuNC4zIiwgIiIsIHt9LCAic2hhNTEyLXl0RU5GaklKRmwyVXdZZ2xkZTJqY2hXMkh3bTRHSkZMRGlTWFdkVHJKUUJJTjlGY3lwN240RGh4SkVpV05BSk1WMS9CcVdmVy9ra2c3MVVEY0hKeVRRPT0iXSwKCiAgICAiQHR5cGVzY3JpcHQtZXNsaW50L2VzbGludC1wbHVnaW4vaWdub3JlIjogWyJpZ25vcmVANy4wLjYiLCAiIiwge30sICJzaGE1MTItQkFnNlFrRThXK1R1UUxycncwVWdyN0hlZ1hkdVJ1dWo4L3RpMmtTT2MranoxZG14OC9XTmNqcjZYR25xNVlwRFd4Rnd3YWF2cUQwK2pJVU9LZWxUc3c9PSJdLAoKICAgICJAdHlwZXNjcmlwdC1lc2xpbnQvdHlwZXNjcmlwdC1lc3RyZWUvbWluaW1hdGNoIjogWyJtaW5pbWF0Y2hAMTAuMi42IiwgIiIsIHsgImRlcGVuZGVuY2llcyI6IHsgImJyYWNlLWV4cGFuc2lvbiI6ICJeNS4wLjgiIH0gfSwgInNoYTUxMi12cExRRXMrVkxDcjFuVTBCWFMwN21hWW9Gd2xEQUgwZ25nUXV1dHR4SXd1dERGRU1IcTJibFgrOHZwZ3hEZEszSjFQd2pDSmllcDc3T2l0VFo0TGwxQT09Il0sCgogICAgIkB0eXBlc2NyaXB0LWVzbGludC90eXBlc2NyaXB0LWVzdHJlZS9zZW12ZXIiOiBbInNlbXZlckA3LjguNSIsICIiLCB7ICJiaW4iOiB7ICJzZW12ZXIiOiAiYmluL3NlbXZlci5qcyIgfSB9LCAic2hhNTEyLVk3L0tEc2I4TGpvb1pwd2FxR3l1bE82RFFsa3NnQ25jY2hIR2src1pJWTRTQnZVb2NNQkVGSDVVcjFmSTRkVitKdmwwdzZjanZ1Y2FJaTQwcHVSaW9BPT0iXSwKCiAgICAiQHR5cGVzY3JpcHQtZXNsaW50L3Zpc2l0b3Ita2V5cy9lc2xpbnQtdmlzaXRvci1rZXlzIjogWyJlc2xpbnQtdmlzaXRvci1rZXlzQDUuMC4xIiwgIiIsIHt9LCAic2hhNTEyLXRENDBlSHhBMzVoMFBFSVpOZUlqa0hvRFI0WWpqSnAzNGJpTTBtRHZwbEJlLy9tQitJSENxSERHVjdweEYrN01rbFR2aWdoY0NQUFpDN3luV3lqZFRBPT0iXSwKCiAgICAiYWp2LWZvcm1hdHMvYWp2IjogWyJhanZAOC4yMC4wIiwgImh0dHBzOi8vZXVyb3BlLXdlc3Q0LW5wbS5wa2cuZGV2L2xvdmFibGUtY29yZS1wcm9kL3NhbmRib3gtbnBtLWNhY2hlL2Fqdi8tL2Fqdi04LjIwLjAudGd6IiwgeyAiZGVwZW5kZW5jaWVzIjogeyAiZmFzdC1kZWVwLWVxdWFsIjogIl4zLjEuMyIsICJmYXN0LXVyaSI6ICJeMy4wLjEiLCAianNvbi1zY2hlbWEtdHJhdmVyc2UiOiAiXjEuMC4wIiwgInJlcXVpcmUtZnJvbS1zdHJpbmciOiAiXjIuMC4yIiB9IH0sICJzaGE1MTItVGhibGkrT2xPaitpTVBZRkJWQmZKM09tQ0FuYVN5Tm40TTF2ejlUNkdrYTVKdDliYS9ISVI1NmpveTY1dFk2a3gvRkNGNVZYTkI4MTlZNy9HVXJCR0E9PSJdLAoKICAgICJib2R5LXBhcnNlci9jb250ZW50LXR5cGUiOiBbImNvbnRlbnQtdHlwZUAyLjAuMCIsICJodHRwczovL2V1cm9wZS13ZXN0NC1ucG0ucGtnLmRldi9sb3ZhYmxlLWNvcmUtcHJvZC9zYW5kYm94LW5wbS1jYWNoZS9jb250ZW50LXR5cGUvLS9jb250ZW50LXR5cGUtMi4wLjAudGd6Iiwge30sICJzaGE1MTItai9PL2Q3R2NaQ3lObDcvaHdaQWI2MDZyenFreXZhRGN0TG1ja2J4THpIdkZCelRKSHVHRWRvZEFUY1AzeUlSb0RyTEhrSUFUSnV2emJGbHAva2kyY1E9PSJdLAoKICAgICJoMy9zcnZ4IjogWyJzcnZ4QDAuMTIuNCIsICIiLCB7ICJiaW4iOiB7ICJzcnZ4IjogImJpbi9zcnZ4Lm1qcyIgfSB9LCAic2hhNTEyLVJpeHpGbE1uM2R2ekRUcEtJQVhoWHJxTDRjeTZ2U2NOQ1AwVlZ3Z1ZiVUJVOTRvK0RpWExzRm5BWmV0YnlLQUVuSzZPeDNoekhYV0dzeXYvSWlidjdnPT0iXSwKCiAgICAiaDMtdjIvcm91MyI6IFsicm91M0AwLjguMSIsICIiLCB7fSwgInNoYTUxMi1lUGErWEdrMDAvM0h1Q3FyRW5LM0x4Slc3STBTZE5nNkVGektVSkc3M2hNQWREY09VQy9pL2FTejdMU0R3THJHcjMza2FsL3JxT0d5ZHp3bDZVN3pCQT09Il0sCgogICAgIm94Yy1wYXJzZXIvQG94Yy1wcm9qZWN0L3R5cGVzIjogWyJAb3hjLXByb2plY3QvdHlwZXNAMC4xMjAuMCIsICIiLCB7fSwgInNoYTUxMi1rMVlOdTU1RHV2QWlwL01HRTFGVHNJdVUzRlVDbjZ2L3VqRzlWN05xNURmL2tYMkNXYjEzaGh3RDBsbUpHTUdxRStiRTFNWHZ2OVNaVm5NekVYbFdjZz09Il0sCgogICAgInByb3AtdHlwZXMvcmVhY3QtaXMiOiBbInJlYWN0LWlzQDE2LjEzLjEiLCAiIiwge30sICJzaGE1MTItMjRlNnluRTJIK09LdDRrcXNPdk5kOGtCcFY2NXpveGJBNEJWc0VPQjNBUlZXUWtpL0RIemFVb0M1S3VPTi9CaWNjRGFDQ1RaQnVPY2Zaczcwa1I4YlE9PSJdLAoKICAgICJyb2xsZG93bi9Acm9sbGRvd24vcGx1Z2ludXRpbHMiOiBbIkByb2xsZG93bi9wbHVnaW51dGlsc0AxLjAuMSIsICIiLCB7fSwgInNoYTUxMi0yajliR3Q1Smg4aGordlB0Z3pQdGw3MmoweVJ4SEF5dW1vbzZUTmZBanNMQjA0VXRwU3ZQYlBjRGNCTXh6N24rOUNZQjBjMUd4UUZ4WVJnMmppbXFHdz09Il0sCgogICAgInR5cGUtaXMvY29udGVudC10eXBlIjogWyJjb250ZW50LXR5cGVAMi4wLjAiLCAiaHR0cHM6Ly9ldXJvcGUtd2VzdDQtbnBtLnBrZy5kZXYvbG92YWJsZS1jb3JlLXByb2Qvc2FuZGJveC1ucG0tY2FjaGUvY29udGVudC10eXBlLy0vY29udGVudC10eXBlLTIuMC4wLnRneiIsIHt9LCAic2hhNTEyLWovTy9kN0djWkN5Tmw3L2h3WkFiNjA2cnpxa3l2YURjdExtY2tieEx6SHZGQnpUSkh1R0Vkb2RBVGNQM3lJUm9EckxIa0lBVEp1dnpiRmxwL2tpMmNRPT0iXSwKCiAgICAiQG1vZGVsY29udGV4dHByb3RvY29sL3Nkay9hanYvanNvbi1zY2hlbWEtdHJhdmVyc2UiOiBbImpzb24tc2NoZW1hLXRyYXZlcnNlQDEuMC4wIiwgImh0dHBzOi8vZXVyb3BlLXdlc3Q0LW5wbS5wa2cuZGV2L2xvdmFibGUtY29yZS1wcm9kL3NhbmRib3gtbnBtLWNhY2hlL2pzb24tc2NoZW1hLXRyYXZlcnNlLy0vanNvbi1zY2hlbWEtdHJhdmVyc2UtMS4wLjAudGd6Iiwge30sICJzaGE1MTItTk04L1A5bjNYalhoSVpuMWxMaGtGYUFDVE9VUlFYaldoVjRCQS9Sbk92OHh2Z3F0cXBBWDlJTzRtUlF4U3gxUmxvNHRxemVxYjBzT2xydWFPeTNkdWc9PSJdLAoKICAgICJAdGFpbHdpbmRjc3Mvbm9kZS9saWdodG5pbmdjc3MvbGlnaHRuaW5nY3NzLWFuZHJvaWQtYXJtNjQiOiBbImxpZ2h0bmluZ2Nzcy1hbmRyb2lkLWFybTY0QDEuMzIuMCIsICIiLCB7ICJvcyI6ICJhbmRyb2lkIiwgImNwdSI6ICJhcm02NCIgfSwgInNoYTUxMi1ZSzcvQ2xUdDRrQUswdm82dzNYK1BubTBEMmNmMnZQSGJoT1hkb050aTFHYTBhbDFQNFRCWmh3akFUdmpOd0xFQkNuS3ZqSmMyalFnSFhIME5Fd2xBZz09Il0sCgogICAgIkB0YWlsd2luZGNzcy9ub2RlL2xpZ2h0bmluZ2Nzcy9saWdodG5pbmdjc3MtZGFyd2luLWFybTY0IjogWyJsaWdodG5pbmdjc3MtZGFyd2luLWFybTY0QDEuMzIuMCIsICIiLCB7ICJvcyI6ICJkYXJ3aW4iLCAiY3B1IjogImFybTY0IiB9LCAic2hhNTEyLVJ6ZUc5SnU1YmFnMkJ2MS9sd2xWSnZCRTNxNlR0WHNrZFpMTEN5Zmc1cHQrSEx6OUJxbElDTzdMWk03VkhOVFRuLzVQUmhIRkJTams1bGM0Y21zY1BRPT0iXSwKCiAgICAiQHRhaWx3aW5kY3NzL25vZGUvbGlnaHRuaW5nY3NzL2xpZ2h0bmluZ2Nzcy1kYXJ3aW4teDY0IjogWyJsaWdodG5pbmdjc3MtZGFyd2luLXg2NEAxLjMyLjAiLCAiIiwgeyAib3MiOiAiZGFyd2luIiwgImNwdSI6ICJ4NjQiIH0sICJzaGE1MTItVStRc0JwMm0vczJ3cXBVWVQvNndubGFnZFpidFpkbmRTbXV0L05KcWxDY01MVFdwNW11Q3JJRCtLNVVKNmpxRDJCRnNoZWpDWVhuaVBEYk5oNzNWOHc9PSJdLAoKICAgICJAdGFpbHdpbmRjc3Mvbm9kZS9saWdodG5pbmdjc3MvbGlnaHRuaW5nY3NzLWZyZWVic2QteDY0IjogWyJsaWdodG5pbmdjc3MtZnJlZWJzZC14NjRAMS4zMi4wIiwgIiIsIHsgIm9zIjogImZyZWVic2QiLCAiY3B1IjogIng2NCIgfSwgInNoYTUxMi1KQ1RpZ2VkRWtzWmszdEhUVHRobk1kVmZHZjYxRmt5OEppMkU0WWpVVEVRWDE0eGl5L2xUelhudTF2d2laZTNiWWUwcStTcHNTSC9DVGVEWEs2V0hpZz09Il0sCgogICAgIkB0YWlsd2luZGNzcy9ub2RlL2xpZ2h0bmluZ2Nzcy9saWdodG5pbmdjc3MtbGludXgtYXJtLWdudWVhYmloZiI6IFsibGlnaHRuaW5nY3NzLWxpbnV4LWFybS1nbnVlYWJpaGZAMS4zMi4wIiwgIiIsIHsgIm9zIjogImxpbnV4IiwgImNwdSI6ICJhcm0iIH0sICJzaGE1MTIteDZybm5wUmEyR0wwelFPa3Q2cnRzM1lEUHpkdUxwV3Z3QUY2RU1oWEZWWlhENHRQckJrRUZxekdvd3pDc0lXc1BqcVNLK3R5TkVPRFVCWGVlVkhTa3c9PSJdLAoKICAgICJAdGFpbHdpbmRjc3Mvbm9kZS9saWdodG5pbmdjc3MvbGlnaHRuaW5nY3NzLWxpbnV4LWFybTY0LWdudSI6IFsibGlnaHRuaW5nY3NzLWxpbnV4LWFybTY0LWdudUAxLjMyLjAiLCAiIiwgeyAib3MiOiAibGludXgiLCAiY3B1IjogImFybTY0IiB9LCAic2hhNTEyLTBubk15b3lPTFJKWGZiTU9pbGFTUmNMSDNKdzV6OUhETkdmVC9nd0NQZ2FEam54MGk4dzd2QnpGTEZSMWY2Q01MS0Y4Z1ZiZWJta1VOM2ZhL2tRSnBRPT0iXSwKCiAgICAiQHRhaWx3aW5kY3NzL25vZGUvbGlnaHRuaW5nY3NzL2xpZ2h0bmluZ2Nzcy1saW51eC1hcm02NC1tdXNsIjogWyJsaWdodG5pbmdjc3MtbGludXgtYXJtNjQtbXVzbEAxLjMyLjAiLCAiIiwgeyAib3MiOiAibGludXgiLCAiY3B1IjogImFybTY0IiB9LCAic2hhNTEyLVVwUWtvZW5yNFVKRXpnVklZcEk4MGxERnZSbVBWZzZvcWJvTkhmb0g0Q1FJZk5BK0hPclo3TW83S1pQMDJkQzZMamdoUFFKZUJzdlhoSm9kL3duSUJnPT0iXSwKCiAgICAiQHRhaWx3aW5kY3NzL25vZGUvbGlnaHRuaW5nY3NzL2xpZ2h0bmluZ2Nzcy1saW51eC14NjQtZ251IjogWyJsaWdodG5pbmdjc3MtbGludXgteDY0LWdudUAxLjMyLjAiLCAiIiwgeyAib3MiOiAibGludXgiLCAiY3B1IjogIng2NCIgfSwgInNoYTUxMi1WN1FyNTJJaFptZEtQVnIrVnR3OG8rV0xzUUpZQ1RkOGxvSWZwRGFNUldHVVpmQk9ZRUpleUpJa3FHSURNWlB3UHgyNHBVTWZ3U3h4SThwaHIvTWJPQT09Il0sCgogICAgIkB0YWlsd2luZGNzcy9ub2RlL2xpZ2h0bmluZ2Nzcy9saWdodG5pbmdjc3MtbGludXgteDY0LW11c2wiOiBbImxpZ2h0bmluZ2Nzcy1saW51eC14NjQtbXVzbEAxLjMyLjAiLCAiIiwgeyAib3MiOiAibGludXgiLCAiY3B1IjogIng2NCIgfSwgInNoYTUxMi1iWWNMcCtWYjBhd3NpWGcvODB1Q1JlekNZSE5nMS9sM210MGd6SG5XVjlYUDFXNXNLYTUvVENkR1dhUi96Qk0yUGVGL0hic1F2L2oyVVJOT2lWdXhXZz09Il0sCgogICAgIkB0YWlsd2luZGNzcy9ub2RlL2xpZ2h0bmluZ2Nzcy9saWdodG5pbmdjc3Mtd2luMzItYXJtNjQtbXN2YyI6IFsibGlnaHRuaW5nY3NzLXdpbjMyLWFybTY0LW1zdmNAMS4zMi4wIiwgIiIsIHsgIm9zIjogIndpbjMyIiwgImNwdSI6ICJhcm02NCIgfSwgInNoYTUxMi04U2JDOEJSNDBwUzZiYUNNOHNidFlEU3dFVlFkNEpsRlRPbGFEM2dXR0hmVGhUY0FCbk5EQmRhNmVUWmVxYm9mYWxJSmhGeDBxS3pnSEptY1BUbkdkdz09Il0sCgogICAgIkB0YWlsd2luZGNzcy9ub2RlL2xpZ2h0bmluZ2Nzcy9saWdodG5pbmdjc3Mtd2luMzIteDY0LW1zdmMiOiBbImxpZ2h0bmluZ2Nzcy13aW4zMi14NjQtbXN2Y0AxLjMyLjAiLCAiIiwgeyAib3MiOiAid2luMzIiLCAiY3B1IjogIng2NCIgfSwgInNoYTUxMi1BbXE5Qi9Tb1pZZERpMWtGcm9qbm9xUEx4WWhRNFdvNVhpTDhFVkpyVnNCOEFSb0MxUFdXNlZHdFQwV0tDZW1qeThhQytsb3VKbmpTN1UxOHgzYjA2UT09Il0sCgogICAgIkB0eXBlc2NyaXB0LWVzbGludC90eXBlc2NyaXB0LWVzdHJlZS9taW5pbWF0Y2gvYnJhY2UtZXhwYW5zaW9uIjogWyJicmFjZS1leHBhbnNpb25ANS4wLjgiLCAiIiwgeyAiZGVwZW5kZW5jaWVzIjogeyAiYmFsYW5jZWQtbWF0Y2giOiAiXjQuMC4yIiB9IH0sICJzaGE1MTItSlp5RHlxM0Q0QVVpZktUUE9CN0RFTGY2WHNCM1dkUHVOeEN0b2IxdkZYUHNTWGhkQWlIQldKL3RKOEhBYzlhSDg0QksrNUpGWkxOa0pLeDNHOWt6UWc9PSJdLAoKICAgICJhanYtZm9ybWF0cy9hanYvanNvbi1zY2hlbWEtdHJhdmVyc2UiOiBbImpzb24tc2NoZW1hLXRyYXZlcnNlQDEuMC4wIiwgImh0dHBzOi8vZXVyb3BlLXdlc3Q0LW5wbS5wa2cuZGV2L2xvdmFibGUtY29yZS1wcm9kL3NhbmRib3gtbnBtLWNhY2hlL2pzb24tc2NoZW1hLXRyYXZlcnNlLy0vanNvbi1zY2hlbWEtdHJhdmVyc2UtMS4wLjAudGd6Iiwge30sICJzaGE1MTItTk04L1A5bjNYalhoSVpuMWxMaGtGYUFDVE9VUlFYaldoVjRCQS9Sbk92OHh2Z3F0cXBBWDlJTzRtUlF4U3gxUmxvNHRxemVxYjBzT2xydWFPeTNkdWc9PSJdLAoKICAgICJAdHlwZXNjcmlwdC1lc2xpbnQvdHlwZXNjcmlwdC1lc3RyZWUvbWluaW1hdGNoL2JyYWNlLWV4cGFuc2lvbi9iYWxhbmNlZC1tYXRjaCI6IFsiYmFsYW5jZWQtbWF0Y2hANC4wLjQiLCAiIiwge30sICJzaGE1MTItQkxyZ0VjUlR3WDJvNmdHeEdPQ055TXZHU3AzNVlvZnVZenc5aDFJTVRSbUtxdHRBWlpWVTY3YmRiOVByMnZVSEE4K2ozaTJ0SmZqTzZDNis0bXlHVEE9PSJdLAogIH0KfQo=