{
  "lockfileVersion": 1,
  "configVersion": 1,
  "workspaces": {
    "": {
      "name": "tanstack_start_ts",
      "dependencies": {
        "@hookform/resolvers": "^5.2.2",
        "@lovable.dev/cloud-auth-js": "^1.1.2",
        "@lovable.dev/mcp-js": "^0.26.1",
        "@radix-ui/react-accordion": "^1.2.12",
        "@radix-ui/react-alert-dialog": "^1.1.15",
        "@radix-ui/react-aspect-ratio": "^1.1.8",
        "@radix-ui/react-avatar": "^1.1.11",
        "@radix-ui/react-checkbox": "^1.3.3",
        "@radix-ui/react-collapsible": "^1.1.12",
        "@radix-ui/react-context-menu": "^2.2.16",
        "@radix-ui/react-dialog": "^1.1.15",
        "@radix-ui/react-dropdown-menu": "^2.1.16",
        "@radix-ui/react-hover-card": "^1.1.15",
        "@radix-ui/react-label": "^2.1.8",
        "@radix-ui/react-menubar": "^1.1.16",
        "@radix-ui/react-navigation-menu": "^1.2.14",
        "@radix-ui/react-popover": "^1.1.15",
        "@radix-ui/react-progress": "^1.1.8",
        "@radix-ui/react-radio-group": "^1.3.8",
        "@radix-ui/react-scroll-area": "^1.2.10",
        "@radix-ui/react-select": "^2.2.6",
        "@radix-ui/react-separator": "^1.1.8",
        "@radix-ui/react-slider": "^1.3.6",
        "@radix-ui/react-slot": "^1.2.4",
        "@radix-ui/react-switch": "^1.2.6",
        "@radix-ui/react-tabs": "^1.1.13",
        "@radix-ui/react-toggle": "^1.1.10",
        "@radix-ui/react-toggle-group": "^1.1.11",
        "@radix-ui/react-tooltip": "^1.2.8",
        "@supabase/supabase-js": "^2.112.2",
        "@tailwindcss/vite": "^4.2.1",
        "@tanstack/react-query": "^5.101.1",
        "@tanstack/react-router": "^1.170.18",
        "@tanstack/react-start": "^1.168.32",
        "@tanstack/router-plugin": "^1.168.23",
        "class-variance-authority": "^0.7.1",
        "clsx": "^2.1.1",
        "cmdk": "^1.1.1",
        "date-fns": "^4.1.0",
        "embla-carousel-react": "^8.6.0",
        "input-otp": "^1.4.2",
        "lucide-react": "^0.575.0",
        "react": "^19.2.0",
        "react-day-picker": "^9.14.0",
        "react-dom": "^19.2.0",
        "react-hook-form": "^7.71.2",
        "react-resizable-panels": "^4.6.5",
        "recharts": "^2.15.4",
        "sonner": "^2.0.7",
        "tailwind-merge": "^3.5.0",
        "tailwindcss": "^4.2.1",
        "tw-animate-css": "^1.3.4",
        "vaul": "^1.1.2",
        "vite-tsconfig-paths": "^6.0.2",
        "zod": "^3.24.2",
      },
      "devDependencies": {
        "@eslint/js": "^9.32.0",
        "@lovable.dev/vite-tanstack-config": "2.12.0",
        "@types/node": "^22.16.5",
        "@types/react": "^19.2.0",
        "@types/react-dom": "^19.2.0",
        "@vitejs/plugin-react": "^5.2.0",
        "eslint": "^9.32.0",
        "eslint-config-prettier": "^10.1.1",
        "eslint-plugin-prettier": "^5.2.6",
        "eslint-plugin-react-hooks": "^5.2.0",
        "eslint-plugin-react-refresh": "^0.4.20",
        "globals": "^15.15.0",
        "nitro": "3.0.260603-beta",
        "prettier": "^3.7.3",
        "typescript": "^5.8.3",
        "typescript-eslint": "^8.56.1",
        "vite": "^8.2.0",
      },
    },
  },
  "packages": {
    "@babel/code-frame": ["@babel/code-frame@7.29.7", "", { "dependencies": { "@babel/helper-validator-identifier": "^7.29.7", "js-tokens": "^4.0.0", "picocolors": "^1.1.1" } }, "sha512-Aup7aUOfpbAUg2ROOJN6Iw5f9DMBlzu0mIkm/malLQFN/YQgO48wCj0Kxa3sEHJvPVFg7siR+qRInwXd2qhQKw=="],

    "@babel/compat-data": ["@babel/compat-data@7.29.7", "", {}, "sha512-locTkQyKvwIEgBzVrn8693ebc97F2U8ZHjbXwDXJ5Fn2TCpNwTlKcaKLkdHop5c/icOFE7qt7Q9JC5hnKNa6Gg=="],

    "@babel/core": ["@babel/core@7.29.7", "", { "dependencies": { "@babel/code-frame": "^7.29.7", "@babel/generator": "^7.29.7", "@babel/helper-compilation-targets": "^7.29.7", "@babel/helper-module-transforms": "^7.29.7", "@babel/helpers": "^7.29.7", "@babel/parser": "^7.29.7", "@babel/template": "^7.29.7", "@babel/traverse": "^7.29.7", "@babel/types": "^7.29.7", "@jridgewell/remapping": "^2.3.5", "convert-source-map": "^2.0.0", "debug": "^4.1.0", "gensync": "^1.0.0-beta.2", "json5": "^2.2.3", "semver": "^6.3.1" } }, "sha512-RgHBCvtjbOK2gXSNBNIkNoEc9qoVEtau3hj8gEqKQuL3HZAibKarWFEI3Lfm6EYKkLalOh8eSrj9b+ch9H/VBA=="],

    "@babel/generator": ["@babel/generator@7.29.7", "", { "dependencies": { "@babel/parser": "^7.29.7", "@babel/types": "^7.29.7", "@jridgewell/gen-mapping": "^0.3.12", "@jridgewell/trace-mapping": "^0.3.28", "jsesc": "^3.0.2" } }, "sha512-DkXD5OJQaAQIdZ1bt3UZdEnHAn9Imd3IVBdX03UFe+ony9Ojw5pzr9YVKGDY1jt+Gcn/FnGkNf8r+Vj5NOJWtQ=="],

    "@babel/helper-compilation-targets": ["@babel/helper-compilation-targets@7.29.7", "", { "dependencies": { "@babel/compat-data": "^7.29.7", "@babel/helper-validator-option": "^7.29.7", "browserslist": "^4.24.0", "lru-cache": "^5.1.1", "semver": "^6.3.1" } }, "sha512-wem6WaBj4NaVYVdNhLPPVacES6ZJ+KBBfSkTMD3YZxbP3rm3Di85tJU5ljaUNhaOynt+Aj0xruhYuzQBt8n71g=="],

    "@babel/helper-globals": ["@babel/helper-globals@7.29.7", "", {}, "sha512-3nQVUAtvkKH9zahfWgw96Jc/uFOmjACE1kQz82E2lqWmHBgjzbNlsC22nuQTfahmWeQtTq5nQ/4Nnd2A1wj4zA=="],

    "@babel/helper-module-imports": ["@babel/helper-module-imports@7.29.7", "", { "dependencies": { "@babel/traverse": "^7.29.7", "@babel/types": "^7.29.7" } }, "sha512-ejHwrQQYcm9xnTivShn2IDOlIzInN34AXskvq9QicvCtEzq1Vzclu/tKF8Jq1Cg8JG2GL6/EmjgsCT7lXepE3g=="],

    "@babel/helper-module-transforms": ["@babel/helper-module-transforms@7.29.7", "", { "dependencies": { "@babel/helper-module-imports": "^7.29.7", "@babel/helper-validator-identifier": "^7.29.7", "@babel/traverse": "^7.29.7" }, "peerDependencies": { "@babel/core": "^7.0.0" } }, "sha512-UPUVSyXbOh627KiCIGQSgwWzGeBKLkaJ9PJEdrngIwMSzxLR4jS4+f1f1jb7VzBbg8nFLaYotvVPFCTqdrmTAg=="],

    "@babel/helper-plugin-utils": ["@babel/helper-plugin-utils@7.29.7", "", {}, "sha512-G7sHYigPY17oO5SYWnfD/0MTBwVR781S/JI643e/JhUYgVgWE/61SoW3NH9KWUKyKq5LVh3npif99Wkt6j86Jw=="],

    "@babel/helper-string-parser": ["@babel/helper-string-parser@7.29.7", "", {}, "sha512-Pb5ijPrZ89GDH8223L4UP8i6QApWxs04RbPQJTeWDV0/keR2E36MeKnyr6LYmUUvqRRI+Iv87SuF1W6ErINzYw=="],

    "@babel/helper-validator-identifier": ["@babel/helper-validator-identifier@7.29.7", "", {}, "sha512-qehxGkRj55h/ff8EMaJ+cYhyaKlHIxqYDn682wQD7RNp9UujOQsHog2uS0r2vzr4pW+sXf90NeeayjcNaX3fFg=="],

    "@babel/helper-validator-option": ["@babel/helper-validator-option@7.29.7", "", {}, "sha512-N9ZErrD+yW5geCDtBqnOoxmR8+tNKiGuxKlDpuJxfsqpa2dFcexaziGAE/qoHLiDDreVNMupxGmSoNlyvsA3gw=="],

    "@babel/helpers": ["@babel/helpers@7.29.7", "", { "dependencies": { "@babel/template": "^7.29.7", "@babel/types": "^7.29.7" } }, "sha512-1k2lAGRMfHTcwuNYcCNUmaUffmQv8KWMfh2iJUUeRlwlwH4FdNG7mfPI10NPfLHJFThE4Tyr4mv7kTNZOiPuBg=="],

    "@babel/parser": ["@babel/parser@7.29.7", "", { "dependencies": { "@babel/types": "^7.29.7" }, "bin": "./bin/babel-parser.js" }, "sha512-hnORnjP/1P/zFEndoeX+n+t1RwWRJiJpM/jO7FW32Kn9r5+sJB2JWOdYo4L6k78j15eCwY3Gm/7364B1EMwtNg=="],

    "@babel/plugin-transform-react-jsx-self": ["@babel/plugin-transform-react-jsx-self@7.29.7", "", { "dependencies": { "@babel/helper-plugin-utils": "^7.29.7" }, "peerDependencies": { "@babel/core": "^7.0.0-0" } }, "sha512-TL0hMc9xzy86VD31nUiwzd5otRAcyEPcsegCxolO0PvcXuH1v0kECe/UIznYFihpkvU5wg/jk4v0TTEFfm53fw=="],

    "@babel/plugin-transform-react-jsx-source": ["@babel/plugin-transform-react-jsx-source@7.29.7", "", { "dependencies": { "@babel/helper-plugin-utils": "^7.29.7" }, "peerDependencies": { "@babel/core": "^7.0.0-0" } }, "sha512-06IyK09H3wi4cGbhDBwp5gUGo0IKtnYa8tyTiephirPCK6fbobVGiXMMI5zLQ4aKEYP3wZ3ArU44o+8KMrSG/Q=="],

    "@babel/runtime": ["@babel/runtime@7.29.7", "", {}, "sha512-Nq8OhGWiZIZGV6hLHoyAKLLcJihP/xFeBMGJoUrxTX2psI8dCifzLhZISFb+VWS3wFMRDmCGw5R+dOySCqPLhw=="],

    "@babel/template": ["@babel/template@7.29.7", "", { "dependencies": { "@babel/code-frame": "^7.29.7", "@babel/parser": "^7.29.7", "@babel/types": "^7.29.7" } }, "sha512-puq+Gf35oI24FeN11LkoUQFqv9uwNeWpxXZi/Ji3rRIoKAzKnxRaZ+Gkj0vKS9ZCiTESfng1N9LyOyXvo+m+Gg=="],

    "@babel/traverse": ["@babel/traverse@7.29.7", "", { "dependencies": { "@babel/code-frame": "^7.29.7", "@babel/generator": "^7.29.7", "@babel/helper-globals": "^7.29.7", "@babel/parser": "^7.29.7", "@babel/template": "^7.29.7", "@babel/types": "^7.29.7", "debug": "^4.3.1" } }, "sha512-EhlfNQtZ+NK22w5BM61ciuiq1m58ed33Wr1Xan//ZRTy6hgjnwyCffRYwzsGXdASJSUJ1guZILsErh1eQcl+zw=="],

    "@babel/types": ["@babel/types@7.29.7", "", { "dependencies": { "@babel/helper-string-parser": "^7.29.7", "@babel/helper-validator-identifier": "^7.29.7" } }, "sha512-4zBIxpPzowiZpusoFkyGVwakdRJUyuH5PxQ/PrqghfdFWWasvnCdPfQXHrenDai+gyLARulZjZowCOj6fjT4pA=="],

    "@date-fns/tz": ["@date-fns/tz@1.5.0", "", {}, "sha512-lwYN/vDPeNRULcepoE/LO2Pgx+7/RV+S9ARfbc9lr2DtGkOD7pAiruHvbR1RX3Qyf6ja47EWJDMsNK5vK08DJg=="],

    "@emnapi/core": ["@emnapi/core@1.11.2", "", { "dependencies": { "@emnapi/wasi-threads": "1.2.2", "tslib": "^2.4.0" } }, "sha512-TC8MkTuZUtcTSiFeuC0ksCh9QIJ5+F21MvZ4Wn4ORfYaFJ/0dsiudv5tVkejgwZlwQ39jL9WWDe2lz8x0WglOA=="],

    "@emnapi/runtime": ["@emnapi/runtime@1.11.2", "", { "dependencies": { "tslib": "^2.4.0" } }, "sha512-kyOl3X0DuTiT1h2ft8r2fYO8JYtU9a9Xis/zBSiGArNaagCOWx90N1k2wxp18czFDH+OgcWGb5ZP/XMt3dcyPA=="],

    "@emnapi/wasi-threads": ["@emnapi/wasi-threads@1.2.2", "", { "dependencies": { "tslib": "^2.4.0" } }, "sha512-c95qOXkHdydNKhscBTebqEC1CVAZpyqOfVfBzQ1qgzyl3gfeldUjIggDbIZgDKsHLgnsM+igH7TJ/eAasaVuMA=="],

    "@esbuild/aix-ppc64": ["@esbuild/aix-ppc64@0.27.7", "https://europe-west4-npm.pkg.dev/lovable-core-prod/sandbox-npm-cache/@esbuild/aix-ppc64/-/aix-ppc64-0.27.7.tgz", { "os": "aix", "cpu": "ppc64" }, "sha512-EKX3Qwmhz1eMdEJokhALr0YiD0lhQNwDqkPYyPhiSwKrh7/4KRjQc04sZ8db+5DVVnZ1LmbNDI1uAMPEUBnQPg=="],

    "@esbuild/android-arm": ["@esbuild/android-arm@0.27.7", "https://europe-west4-npm.pkg.dev/lovable-core-prod/sandbox-npm-cache/@esbuild/android-arm/-/android-arm-0.27.7.tgz", { "os": "android", "cpu": "arm" }, "sha512-jbPXvB4Yj2yBV7HUfE2KHe4GJX51QplCN1pGbYjvsyCZbQmies29EoJbkEc+vYuU5o45AfQn37vZlyXy4YJ8RQ=="],

    "@esbuild/android-arm64": ["@esbuild/android-arm64@0.27.7", "https://europe-west4-npm.pkg.dev/lovable-core-prod/sandbox-npm-cache/@esbuild/android-arm64/-/android-arm64-0.27.7.tgz", { "os": "android", "cpu": "arm64" }, "sha512-62dPZHpIXzvChfvfLJow3q5dDtiNMkwiRzPylSCfriLvZeq0a1bWChrGx/BbUbPwOrsWKMn8idSllklzBy+dgQ=="],

    "@esbuild/android-x64": ["@esbuild/android-x64@0.27.7", "https://europe-west4-npm.pkg.dev/lovable-core-prod/sandbox-npm-cache/@esbuild/android-x64/-/android-x64-0.27.7.tgz", { "os": "android", "cpu": "x64" }, "sha512-x5VpMODneVDb70PYV2VQOmIUUiBtY3D3mPBG8NxVk5CogneYhkR7MmM3yR/uMdITLrC1ml/NV1rj4bMJuy9MCg=="],

    "@esbuild/darwin-arm64": ["@esbuild/darwin-arm64@0.27.7", "https://europe-west4-npm.pkg.dev/lovable-core-prod/sandbox-npm-cache/@esbuild/darwin-arm64/-/darwin-arm64-0.27.7.tgz", { "os": "darwin", "cpu": "arm64" }, "sha512-5lckdqeuBPlKUwvoCXIgI2D9/ABmPq3Rdp7IfL70393YgaASt7tbju3Ac+ePVi3KDH6N2RqePfHnXkaDtY9fkw=="],

    "@esbuild/darwin-x64": ["@esbuild/darwin-x64@0.27.7", "https://europe-west4-npm.pkg.dev/lovable-core-prod/sandbox-npm-cache/@esbuild/darwin-x64/-/darwin-x64-0.27.7.tgz", { "os": "darwin", "cpu": "x64" }, "sha512-rYnXrKcXuT7Z+WL5K980jVFdvVKhCHhUwid+dDYQpH+qu+TefcomiMAJpIiC2EM3Rjtq0sO3StMV/+3w3MyyqQ=="],

    "@esbuild/freebsd-arm64": ["@esbuild/freebsd-arm64@0.27.7", "https://europe-west4-npm.pkg.dev/lovable-core-prod/sandbox-npm-cache/@esbuild/freebsd-arm64/-/freebsd-arm64-0.27.7.tgz", { "os": "freebsd", "cpu": "arm64" }, "sha512-B48PqeCsEgOtzME2GbNM2roU29AMTuOIN91dsMO30t+Ydis3z/3Ngoj5hhnsOSSwNzS+6JppqWsuhTp6E82l2w=="],

    "@esbuild/freebsd-x64": ["@esbuild/freebsd-x64@0.27.7", "https://europe-west4-npm.pkg.dev/lovable-core-prod/sandbox-npm-cache/@esbuild/freebsd-x64/-/freebsd-x64-0.27.7.tgz", { "os": "freebsd", "cpu": "x64" }, "sha512-jOBDK5XEjA4m5IJK3bpAQF9/Lelu/Z9ZcdhTRLf4cajlB+8VEhFFRjWgfy3M1O4rO2GQ/b2dLwCUGpiF/eATNQ=="],

    "@esbuild/linux-arm": ["@esbuild/linux-arm@0.27.7", "https://europe-west4-npm.pkg.dev/lovable-core-prod/sandbox-npm-cache/@esbuild/linux-arm/-/linux-arm-0.27.7.tgz", { "os": "linux", "cpu": "arm" }, "sha512-RkT/YXYBTSULo3+af8Ib0ykH8u2MBh57o7q/DAs3lTJlyVQkgQvlrPTnjIzzRPQyavxtPtfg0EopvDyIt0j1rA=="],

    "@esbuild/linux-arm64": ["@esbuild/linux-arm64@0.27.7", "https://europe-west4-npm.pkg.dev/lovable-core-prod/sandbox-npm-cache/@esbuild/linux-arm64/-/linux-arm64-0.27.7.tgz", { "os": "linux", "cpu": "arm64" }, "sha512-RZPHBoxXuNnPQO9rvjh5jdkRmVizktkT7TCDkDmQ0W2SwHInKCAV95GRuvdSvA7w4VMwfCjUiPwDi0ZO6Nfe9A=="],

    "@esbuild/linux-ia32": ["@esbuild/linux-ia32@0.27.7", "https://europe-west4-npm.pkg.dev/lovable-core-prod/sandbox-npm-cache/@esbuild/linux-ia32/-/linux-ia32-0.27.7.tgz", { "os": "linux", "cpu": "ia32" }, "sha512-GA48aKNkyQDbd3KtkplYWT102C5sn/EZTY4XROkxONgruHPU72l+gW+FfF8tf2cFjeHaRbWpOYa/uRBz/Xq1Pg=="],

    "@esbuild/linux-loong64": ["@esbuild/linux-loong64@0.27.7", "https://europe-west4-npm.pkg.dev/lovable-core-prod/sandbox-npm-cache/@esbuild/linux-loong64/-/linux-loong64-0.27.7.tgz", { "os": "linux", "cpu": "none" }, "sha512-a4POruNM2oWsD4WKvBSEKGIiWQF8fZOAsycHOt6JBpZ+JN2n2JH9WAv56SOyu9X5IqAjqSIPTaJkqN8F7XOQ5Q=="],

    "@esbuild/linux-mips64el": ["@esbuild/linux-mips64el@0.27.7", "https://europe-west4-npm.pkg.dev/lovable-core-prod/sandbox-npm-cache/@esbuild/linux-mips64el/-/linux-mips64el-0.27.7.tgz", { "os": "linux", "cpu": "none" }, "sha512-KabT5I6StirGfIz0FMgl1I+R1H73Gp0ofL9A3nG3i/cYFJzKHhouBV5VWK1CSgKvVaG4q1RNpCTR2LuTVB3fIw=="],

    "@esbuild/linux-ppc64": ["@esbuild/linux-ppc64@0.27.7", "https://europe-west4-npm.pkg.dev/lovable-core-prod/sandbox-npm-cache/@esbuild/linux-ppc64/-/linux-ppc64-0.27.7.tgz", { "os": "linux", "cpu": "ppc64" }, "sha512-gRsL4x6wsGHGRqhtI+ifpN/vpOFTQtnbsupUF5R5YTAg+y/lKelYR1hXbnBdzDjGbMYjVJLJTd2OFmMewAgwlQ=="],

    "@esbuild/linux-riscv64": ["@esbuild/linux-riscv64@0.27.7", "https://europe-west4-npm.pkg.dev/lovable-core-prod/sandbox-npm-cache/@esbuild/linux-riscv64/-/linux-riscv64-0.27.7.tgz", { "os": "linux", "cpu": "none" }, "sha512-hL25LbxO1QOngGzu2U5xeXtxXcW+/GvMN3ejANqXkxZ/opySAZMrc+9LY/WyjAan41unrR3YrmtTsUpwT66InQ=="],

    "@esbuild/linux-s390x": ["@esbuild/linux-s390x@0.27.7", "https://europe-west4-npm.pkg.dev/lovable-core-prod/sandbox-npm-cache/@esbuild/linux-s390x/-/linux-s390x-0.27.7.tgz", { "os": "linux", "cpu": "s390x" }, "sha512-2k8go8Ycu1Kb46vEelhu1vqEP+UeRVj2zY1pSuPdgvbd5ykAw82Lrro28vXUrRmzEsUV0NzCf54yARIK8r0fdw=="],

    "@esbuild/linux-x64": ["@esbuild/linux-x64@0.27.7", "https://europe-west4-npm.pkg.dev/lovable-core-prod/sandbox-npm-cache/@esbuild/linux-x64/-/linux-x64-0.27.7.tgz", { "os": "linux", "cpu": "x64" }, "sha512-hzznmADPt+OmsYzw1EE33ccA+HPdIqiCRq7cQeL1Jlq2gb1+OyWBkMCrYGBJ+sxVzve2ZJEVeePbLM2iEIZSxA=="],

    "@esbuild/netbsd-arm64": ["@esbuild/netbsd-arm64@0.27.7", "https://europe-west4-npm.pkg.dev/lovable-core-prod/sandbox-npm-cache/@esbuild/netbsd-arm64/-/netbsd-arm64-0.27.7.tgz", { "os": "none", "cpu": "çM¼êÚ$z{-®éÜj×¦Ô·¥—•$•6õ&†E#6T•¢õ‡sÓÒ%ÒÀ ¢'fVÂ#¢²'fVÄãã""Â""Â²&FWVæFVæ6–W2#¢²$&F—‚×V’÷&V7BÖF–Æör#¢%ããã"ÒÂ'VW$FWVæFVæ6–W2#¢²'&V7B#¢%ãbã‚ÇÂãrãÇÂã‚ãÇÂã’ããÇÂã’ãã×&2"Â'&V7BÖFöÒ#¢%ãbã‚ÇÂãrãÇÂã‚ãÇÂã’ããÇÂã’ãã×&2"ÒÒÂ'6†S"Õ¤f´6Äww”“%uU¦DÄ¢ô&wUcde”£7TTÄv³4õ—E´#g”4ót6Öã—ee…d¦µ&v´ô§S6Ó†%ÖwG—¤ä†—…TÆ6UÓÒ%ÒÀ ¢'f–7F÷'’×fVæF÷"#¢²'f–7F÷'’×fVæF÷$3bã’ã""Â""Â²&FWVæFVæ6–W2#¢²$G—W2öC2Ö'&’#¢%ã2ãã2"Â$G—W2öC2ÖV6R#¢%ã2ãã"Â$G—W2öC2Ö–çFW'öÆFR#¢%ã2ãã"Â$G—W2öC2×66ÆR#¢%ãBãã""Â$G—W2öC2×6†R#¢%ã2ãã"Â$G—W2öC2×F–ÖR#¢%ã2ãã"Â$G—W2öC2×F–ÖW"#¢%ã2ãã"Â&C2Ö'&’#¢%ã2ããb"Â&C2ÖV6R#¢%ã2ãã"Â&C2Ö–çFW'öÆFR#¢%ã2ãã"Â&C2×66ÆR#¢%ãBãã""Â&C2×6†R#¢%ã2ãã"Â&C2×F–ÖR#¢%ã2ãã"Â&C2×F–ÖW"#¢%ã2ãã"ÒÒÂ'6†S"Õç×W†Çu–Fö43†d”§e‡f¶Uf”…—¦÷D’´ä§$7Vc¥”f÷“%¤„&³6Ô6WV¢³RõgöDö¥S£f³&–†w¦Å‡¥ÓÒ%ÒÀ ¢'f—FR#¢²'f—FT‚ã"ã"Â""Â²&FWVæFVæ6–W2#¢²&Æ–v‡Fæ–æv772#¢%ãã32ã"Â'–6öÖF6‚#¢%ãBããR"Â'÷7F772#¢%ã‚ãRã#2"Â'&öÆÆF÷vâ#¢'ãã"ã"Â'F–ç–vÆö&'’#¢%ãã"ãr"ÒÂ&÷F–öæÄFWVæFVæ6–W2#¢²&g6WfVçG2#¢'ã"ã2ã2"ÒÂ'VW$FWVæFVæ6–W2#¢²$G—W2öæöFR#¢%ã#ã’ãÇÂãÓ#"ã"ã"Â$f—FV§2öFWgFööÇ2#¢%ããBã"Â&W6'V–ÆB#¢%ãã#rãÇÂãã#‚ã"Â&¦—F’#¢#ãÓã#ã"Â&ÆW72#¢%ãBãã"Â'672#¢%ããsã"Â'672ÖVÖ&VFFVB#¢%ããsã"Â'7G–ÇW2#¢#ãÓãSBã‚"Â'7Vv'72#¢%ãRãã"Â'FW'6W"#¢%ãRãbã"Â'G7‚#¢%ãBã‚ã"Â'–ÖÂ#¢%ã"ãBã""ÒÂ&÷F–öæÅVW'2#¢²$G—W2öæöFR"Â$f—FV§2öFWgFööÇ2"Â&W6'V–ÆB"Â&¦—F’"Â&ÆW72"Â'672"Â'672ÖVÖ&VFFVB"Â'7G–ÇW2"Â'7Vv'72"Â'FW'6W""Â'G7‚"Â'–ÖÂ%ÒÂ&&–â#¢²'f—FR#¢&&–â÷f—FRæ§2"ÒÒÂ'6†S"×â´4gÓÇtFT·vÔ÷¦$²ó—6¦÷%¦6w†¶“dÖ%’ö¥UfC—f–6„–ÆÖÄCD†ÕWvETVw4e&4'„Ô3wTTv3fÅÓÒ%ÒÀ ¢'f—FR×G66öæf–r×F‡2#¢²'f—FR×G66öæf–r×F‡4bãã"Â""Â²&FWVæFVæ6–W2#¢²&FV'Vr#¢%ãBãã"Â&vÆö'&W‚#¢%ããã""Â'G66öæf6²#¢%ã2ãã2"ÒÂ'VW$FWVæFVæ6–W2#¢²'f—FR#¢"¢"ÒÒÂ'6†S"Ó&6–‡w¦Æ––$45£…–4´§%&¶fvGf4f´ôö35“&ó4uuTDÆw¥w5§VFö—T÷tòöw¥G§“v53Tcu¥óF'6å3DDv¶sÓÒ%ÒÀ ¢'f—FVgR#¢²'f—FVgTãã2"Â""Â²'VW$FWVæFVæ6–W2#¢²'f—FR#¢%ã2ããÇÂãBããÇÂãRããÇÂãbããÇÂãrããÇÂã‚ãã"ÒÂ&÷F–öæÅVW'2#¢²'f—FR%ÒÒÂ'6†S"×V#Fö´ƒu£T´Æ¦#f„G–§$u‡wEwfõ–ES4”vÒôæ÷'t†æ4¶ôÅD6e$–'fÆ„&Ów#—7D–%–ÇG”V$gF4µ7¥…56sÓÒ%ÒÀ ¢'vV'6²×f—'GVÂÖÖöGVÆW2#¢²'vV'6²×f—'GVÂÖÖöGVÆW4ãbã""Â""Â·ÒÂ'6†S"Ócbõc&“V…ä3Sd%µƒF“„äÔ4%sS”ed'2·$3vTt‡W×–fã3Gw%¤”R´UFÄ¢µ…FWgeV…ed&u5Tå5s&fÄUUÓÒ%ÒÀ ¢'v†–6‚#¢²'v†–6„"ãã""Â""Â²&FWVæFVæ6–W2#¢²&—6W†R#¢%ã"ãã"ÒÂ&&–â#¢²&æöFR×v†–6‚#¢"âö&–âöæöFR×v†–6‚"ÒÒÂ'6†S"Ô$Ä“5FÃEs5fÃsÃ7—5“cF’¶wu‡4t%•v¶·×Fæ%†w$ÔB·–£w&…s·TTG‡¤¦•„v¤UsVöv´äÔT´äÖ¦–$ÓÒ%ÒÀ ¢'v÷&B×w&#¢²'v÷&B×w&ã"ãR"Â""Â·ÒÂ'6†S"Ô$ã#$#VVÔÔ“•T×F§$vCVsVT5•5EW“d¥†%—6CW¥—†¤dö6µ3S55DS7vµfõw……f#4'%–4TãEGvST#V4ÓÒ%ÒÀ ¢'w&’#¢²'w&”ãã""Â&‡GG3¢òöWW&÷R×vW7CBÖçÒç¶ræFWböÆ÷f&ÆRÖ6÷&R×&öB÷6æF&÷‚ÖçÒÖ66†R÷w&’òÒ÷w&’Óãã"çFw¢"Â·ÒÂ'6†S"ÖÃE7ôE'6V÷#—tÃdWec"µGUãc6DÖµ¥¢÷7•†¶v…DV%c”¶Å3…W5£7Srô•óGw‡F4d#F&w&5#57fW¥5ÓÒ%ÒÀ ¢'w2#¢²'w4‚ã#ã"Â""Â²'VW$FWVæFVæ6–W2#¢²&'VffW'WF–Â#¢%ãBãã"Â'WFbÓ‚×fÆ–FFR#¢#ãÓRãã""ÒÂ&÷F–öæÅVW'2#¢²&'VffW'WF–Â"Â'WFbÓ‚×fÆ–FFR%ÒÒÂ'6†S"Ò³åFåssvddâôF¥“f²õ7õ—f³E6v§swW%s…b¶6¥†å&tG3–w”v¶F#tW¦vf„Fvõ‡5$•¤´S#†g¤•„$„W¦‡V•wsÓÒ%ÒÀ ¢'†ÖÆ'V–ÆFW#"#¢²'†ÖÆ'V–ÆFW#$Bãã2"Â""Â²&FWVæFVæ6–W2#¢²$ö÷¦6—F²öFöÒ#¢%ã"ãã""Â$ö÷¦6—F²ö–æg&#¢%ã"ãã""Â$ö÷¦6—F²÷WF–Â#¢%ããã"Â&§2×–ÖÂ#¢%ãBãã"ÒÒÂ'6†S"Ö'ƒ…5F7FäæG–Õvæ¶eÄ¶ög3Ôtäãw$ÄÆ¦ÄwUc5fÇfVtCtÇ3FvtÖ¤S6U5t—D47¥SWcCVÄ“ƒv•6–v”4ÓÒ%ÒÀ ¢'–ÆÆ—7B#¢²'–ÆÆ—7D2ãã"Â""Â·ÒÂ'6†S"ÖETuuƒS–Ôõ…U–äs&Wvæ53F“DcC5Gc4¦ôÒ·3%dDÕ3”ç4³„wDÔÇ$4…·4eCvƒ4³eDöõTæã'#u&õ‡ƒFsÓÒ%ÒÀ ¢'–ö7Fò×VWVR#¢²'–ö7Fò×VWVTãã"Â""Â·ÒÂ'6†S"×%f·7g6ää6D¢öö„v3g†uw”ã†V†T7‡6”ÄÓ†×‡TR÷BöÔõg¦WuTóÖ”ÇD…•&uD´4ÆW„ÃDÖTefwG3t†Ôå£%ÓÒ%ÒÀ ¢'¦öB#¢²'¦öD2ã#Rãsb"Â""Â·ÒÂ'6†S"Öw¥WB÷Cƒå‡4dt´”f435–ædTƒTæ·Vä6fäFÇgT%54e3&&5‡SDÆÖVd•Wv$Åw…uƒ6C—…3UöV¤¶4å†5ÓÒ%ÒÀ ¢'¦öB×FòÖ§6öâ×66†VÖ#¢²'¦öB×FòÖ§6öâ×66†VÖ2ã#Rã""Â&‡GG3¢òöWW&÷R×vW7CBÖçÒç¶ræFWböÆ÷f&ÆRÖ6÷&R×&öB÷6æF&÷‚ÖçÒÖ66†R÷¦öB×FòÖ§6öâ×66†VÖòÒ÷¦öB×FòÖ§6öâ×66†VÖÓ2ã#Rã"çFw¢"Â²'VW$FWVæFVæ6–W2#¢²'¦öB#¢%ã2ã#Rã#‚ÇÂãB"ÒÒÂ'6†S"ÔòõvfçC„µ4FU•46e$“Tw“6…c“ÔµdGU”ÅT…¤¤Ö”DgGeCÕ6åvöfÓ†Fä6Ó#Se¤æe¤”ÓtE7§U4Ôfæ¤„ÓÒ%ÒÀ ¢$W6Æ–çBÖ6öÖ×Væ—G’öW6Æ–çB×WF–Ç2öW6Æ–çB×f—6—F÷"Ö¶W—2#¢²&W6Æ–çB×f—6—F÷"Ö¶W—42ãBã2"Â""Â·ÒÂ'6†S"×w2´Å†V—––—7…ÄVµW¥Sg7g•3g$”ó4Öw†£fG“uÓ…–w¦wVƒ$ã4fôBösw$÷&D’·U“gtÕVÃ‚ö$r¶–sÓÒ%ÒÀ ¢$W6Æ–çBöW6Æ–çG&2övÆö&Ç2#¢²&vÆö&Ç4Bãã"Â""Â·ÒÂ'6†S"Öö„wgTÔuÅrö—d•”&¥e7%tetÄ&V·SWGS&dõÆ’µt†fd•v'Vƒ'D6¦‡•…D%ÖcTS–¤DTƒDdöÕE–u—v$·wEÓÒ%ÒÀ ¢$ÖöFVÆ6öçFW‡G&÷Fö6öÂ÷6F²ö§b#¢²&§d‚ã#ã"Â&‡GG3¢òöWW&÷R×vW7CBÖçÒç¶ræFWböÆ÷f&ÆRÖ6÷&R×&öB÷6æF&÷‚ÖçÒÖ66†Rö§bòÒö§bÓ‚ã#ãçFw¢"Â²&FWVæFVæ6–W2#¢²&f7BÖFVWÖWVÂ#¢%ã2ãã2"Â&f7B×W&’#¢%ã2ãã"Â&§6öâ×66†VÖ×G&fW'6R#¢%ããã"Â'&WV—&RÖg&öÒ×7G&–ær#¢%ã"ãã""ÒÒÂ'6†S"ÕF†&Æ’´öÄö¢¶”Õ”d%d&d£4öÔ4æ7”æãDÓg£•Cdv¶T§C–&ô„•#Sf¦÷“cWE“f·‚ôd4cUe„ä#ƒ•“rôuW$$tÓÒ%ÒÀ ¢$ÖöFVÆ6öçFW‡G&÷Fö6öÂ÷6F²÷¦öB#¢²'¦öDBãBã2"Â""Â·ÒÂ'6†S"×—DTäf¤”¤fÃ%Wu–vÆFS&¦6…s$‡vÓDt¤dÄF•5…vEG$¥$”ã”f7—vãDF‡„¤V•tä¤Õcô'verö¶¶ssTF4„§•EÓÒ%ÒÀ ¢$F–Çv–æF772öæöFRöÆ–v‡Fæ–æv772#¢²&Æ–v‡Fæ–æv774ã3"ã"Â""Â²&FWVæFVæ6–W2#¢²&FWFV7BÖÆ–&2#¢%ã"ãã2"ÒÂ&÷F–öæÄFWVæFVæ6–W2#¢²&Æ–v‡Fæ–æv772ÖæG&ö–BÖ&ÓcB#¢#ã3"ã"Â&Æ–v‡Fæ–æv772ÖF'v–âÖ&ÓcB#¢#ã3"ã"Â&Æ–v‡Fæ–æv772ÖF'v–â×ƒcB#¢#ã3"ã"Â&Æ–v‡Fæ–æv772Ög&VV'6B×ƒcB#¢#ã3"ã"Â&Æ–v‡Fæ–æv772ÖÆ–çW‚Ö&ÒÖvçVV&–†b#¢#ã3"ã"Â&Æ–v‡Fæ–æv772ÖÆ–çW‚Ö&ÓcBÖvçR#¢#ã3"ã"Â&Æ–v‡Fæ–æv772ÖÆ–çW‚Ö&ÓcBÖ×W6Â#¢#ã3"ã"Â&Æ–v‡Fæ–æv772ÖÆ–çW‚×ƒcBÖvçR#¢#ã3"ã"Â&Æ–v‡Fæ–æv772ÖÆ–çW‚×ƒcBÖ×W6Â#¢#ã3"ã"Â&Æ–v‡Fæ–æv772×v–ã3"Ö&ÓcBÖ×7f2#¢#ã3"ã"Â&Æ–v‡Fæ–æv772×v–ã3"×ƒcBÖ×7f2#¢#ã3"ã"ÒÒÂ'6†S"Ôå…”'¦–äç&&Æg&w—&%ôC”3ƒ–Æd’ó×¦uu—e…UFSCDw¢õƒdC%„%¥5¤Ów%%G$Ô„¤Ã4÷Dv–g$”¶…W•ÓÒ%ÒÀ ¢$F–Çv–æF772ö÷†–FR×v6Ó3"×v6’ôVÖæ’ö6÷&R#¢²$VÖæ’ö6÷&Tãã""Â""Â²&FWVæFVæ6–W2#¢²$VÖæ’÷v6’×F‡&VG2#¢#ã"ã""Â'G6Æ–"#¢%ã"ãBã"ÒÂ&'VæFÆVB#¢G'VRÒÂ'6†S"ÕD3„ÖµGU¥WF5E6”fWT3·46ƒ•”£R´c#×e£EvãDõ&e–d¢óG6—VGcWEf¶V¦wu¦Çu3–¤Ã•utFS&Ç£‡ƒvvÄôÓÒ%ÒÀ ¢$F–Çv–æF772ö÷†–FR×v6Ó3"×v6’ôVÖæ’÷'VçF–ÖR#¢²$VÖæ’÷'VçF–ÖTãã""Â""Â²&FWVæFVæ6–W2#¢²'G6Æ–"#¢%ã"ãBã"ÒÂ&'VæFÆVB#¢G'VRÒÂ'6†S"Ö·”öÃ5ƒGUF•Cƒ&gC‡#&e”ó„¥—ES–•†—2÷¤%6”t$æt4õwƒ“ã³'w‡†7¤dD‚´öv5tv#U¥õ„×C6F7•ÓÒ%ÒÀ ¢$F–Çv–æF772ö÷†–FR×v6Ó3"×v6’ôVÖæ’÷v6’×F‡&VG2#¢²$VÖæ’÷v6’×F‡&VG4ã"ã""Â""Â²&FWVæFVæ6–W2#¢²'G6Æ–"#¢%ã"ãBã"ÒÂ&'VæFÆVB#¢G'VRÒÂ'6†S"Ö3“Wõ†´†G–Dä¶‡64%FV'T35d§—öefd'¥w§–Ã6vfVÆEV¤–vtF$•¦tD·4„Ævç4Ò¶–tƒuD¢öT6gTÔÓÒ%ÒÀ ¢$F–Çv–æF772ö÷†–FR×v6Ó3"×v6’ôæ’×'2÷v6Ò×'VçF–ÖR#¢²$æ’×'2÷v6Ò×'VçF–ÖTã"ã"Â""Â²&FWVæFVæ6–W2#¢²$G–'—2÷v6Ò×WF–Â#¢%ããã2"ÒÂ'VW$FWVæFVæ6–W2#¢²$VÖæ’ö6÷&R#¢%ã"ããÖÇ†ã2"Â$VÖæ’÷'VçF–ÖR#¢%ã"ããÖÇ†ã2"ÒÂ&'VæFÆVB#¢G'VRÒÂ'6†S"Ö´FôôçÖµfå£GgggRõ¥WW'£Fvµ¥SSvSvsc—æuv…–5¤eT…¤Ó$4TÔ¶Ò¶4sgVdEdÆ&¤×ffÔÖ¤eg³wTTÖäÓÒ%ÒÀ ¢$F–Çv–æF772ö÷†–FR×v6Ó3"×v6’ôG–'—2÷v6Ò×WF–Â#¢²$G–'—2÷v6Ò×WF–Äãã2"Â""Â²&FWVæFVæ6–W2#¢²'G6Æ–"#¢%ã"ãBã"ÒÂ&'VæFÆVB#¢G'VRÒÂ'6†S"Ôc6fóÕ—%$¥”Ã7¤U#õTöÖ·WF§#g#6Ót÷56wvçE5d÷ƒd2óSe„d•ÃV'C7¦%&¦Õsu4w£7RódÇtg–4ösÓÒ%ÒÀ ¢$F–Çv–æF772ö÷†–FR×v6Ó3"×v6’÷G6Æ–"#¢²'G6Æ–$"ã‚ã"Â""Â²&'VæFÆVB#¢G'VRÒÂ'6†S"Öô¤gS“D…"´µfGU5UÃwvç×æfÔÇ4ôöäƒf#dTƒt4Vô³öÕU…Sf37t´Ecƒ4Ö´÷T…$‡E5„´µS“””&¥2ó'sÓÒ%ÒÀ ¢$Fç7F6²öFWgFööÇ2Ö'VæFÆW"Ö6÷&Rö6†Æ²#¢²&6†Æ´Rãbã""Â""Â·ÒÂ'6†S"Ótç¤$Ã$ãfdÕUr¶ctd–óFƒCÄr·„v×D×†f&ä‚ô³uDGC„¥ue²³fsU„´ÖUd¦÷•cTV¶´ç4W%‡dC6$Ä†$ÓÒ%ÒÀ ¢$Fç7F6²öFWgFööÇ2×f—FRö6†Æ²#¢²&6†Æ´Rãbã""Â""Â·ÒÂ'6†S"Ótç¤$Ã$ãfdÕUr¶ctd–óFƒCÄr·„v×D×†f&ä‚ô³uDGC„¥ue²³fsU„´ÖUd¦÷•cTV¶´ç4W%‡dC6$Ä†$ÓÒ%ÒÀ ¢$Fç7F6²÷&÷WFW"ÖvVæW&F÷"÷¦öB#¢²'¦öDBãBã2"Â""Â·ÒÂ'6†S"×—DTäf¤”¤fÃ%Wu–vÆFS&¦6…s$‡vÓDt¤dÄF•5…vEG$¥$”ã”f7—vãDF‡„¤V•tä¤Õcô'verö¶¶ssTF4„§•EÓÒ%ÒÀ ¢$Fç7F6²÷&÷WFW"×ÇVv–â÷¦öB#¢²'¦öDBãBã2"Â""Â·ÒÂ'6†S"×—DTäf¤”¤fÃ%Wu–vÆFS&¦6…s$‡vÓDt¤dÄF•5…vEG$¥$”ã”f7—vãDF‡„¤V•tä¤Õcô'verö¶¶ssTF4„§•EÓÒ%ÒÀ ¢$Fç7F6²÷7F'B×ÇVv–âÖ6÷&Rô&&VÂö6öFRÖg&ÖR#¢²$&&VÂö6öFRÖg&ÖTrã#rã"Â""Â²&FWVæFVæ6–W2#¢²$&&VÂö†VÇW"×fÆ–FF÷"Ö–FVçF–f–W"#¢%ãrã#rã"Â&§2×Fö¶Vç2#¢%ãBãã"Â'–6ö6öÆ÷'2#¢%ããã"ÒÒÂ'6†S"Ö6¥u¦Å×c6#Cv„'UFWg•GU”ãF’¶Æô¤´vUc–fÆ46t”³3v45…&‚´Ã&C6”$†Ç–æW&…t&„6¶ã$%%TÂ·$wfsÓÒ%ÒÀ ¢$Fç7F6²÷7F'B×ÇVv–âÖ6÷&R÷¦öB#¢²'¦öDBãBã2"Â""Â·ÒÂ'6†S"×—DTäf¤”¤fÃ%Wu–vÆFS&¦6…s$‡vÓDt¤dÄF•5…vEG$¥$”ã”f7—vãDF‡„¤V•tä¤Õcô'verö¶¶ssTF4„§•EÓÒ%ÒÀ ¢$G—W67&—BÖW6Æ–çBöW6Æ–çB×ÇVv–âö–væ÷&R#¢²&–væ÷&Trããb"Â""Â·ÒÂ'6†S"Ô$se´S…rµGUÇ''sVw#t†Vu†GU'WV£‚÷F“&µ4ö2¶§£F×ƒ‚õtæ6§#e„vçU—Ew„gwvgC¶¤•Tô¶VÅG7sÓÒ%ÒÀ ¢$G—W67&—BÖW6Æ–çB÷G—W67&—BÖW7G&VRöÖ–æ–ÖF6‚#¢²&Ö–æ–ÖF6„ã"ãb"Â""Â²&FWVæFVæ6–W2#¢²&'&6RÖW‡ç6–öâ#¢%ãRãã‚"ÒÒÂ'6†S"×gÅW2µdÄ7#åS%…3vÖ–ôgvÄDƒvæuWWGG„—wWDDdTÔ‡&&Å‚³‡gw„FD³4£v¤4¦–Wstö—EE£DÆÃÓÒ%ÒÀ ¢$G—W67&—BÖW6Æ–çB÷G—W67&—BÖW7G&VR÷6V×fW"#¢²'6V×fW$rã‚ãR"Â""Â²&&–â#¢²'6V×fW"#¢&&–â÷6V×fW"æ§2"ÒÒÂ'6†S"Õ“rô´G6#„Æ¦öõ§vw—VÄódEÆ·6t6æ66„„v²·5¤•“E4'eVö4Ô$TdƒUW#d“FEb´§fÃsf6§gV6–“CU&–ôÓÒ%ÒÀ ¢$G—W67&—BÖW6Æ–çB÷f—6—F÷"Ö¶W—2öW6Æ–çB×f—6—F÷"Ö¶W—2#¢²&W6Æ–çB×f—6—F÷"Ö¶W—4Rãã"Â""Â·ÒÂ'6†S"×DCCT‡„3VƒT•¤æT–¦´†ôE#E–¦¤§3F&”ÓÔGgÄ&RòöÔ"´”„7„Ducw„b³tÖ¶ÅGf–v†45¤3w–åw–¦EDÓÒ%ÒÀ ¢&§bÖf÷&ÖG2ö§b#¢²&§d‚ã#ã"Â&‡GG3¢òöWW&÷R×vW7CBÖçÒç¶ræFWböÆ÷f&ÆRÖ6÷&R×&öB÷6æF&÷‚ÖçÒÖ66†Rö§bòÒö§bÓ‚ã#ãçFw¢"Â²&FWVæFVæ6–W2#¢²&f7BÖFVWÖWVÂ#¢%ã2ãã2"Â&f7B×W&’#¢%ã2ãã"Â&§6öâ×66†VÖ×G&fW'6R#¢%ããã"Â'&WV—&RÖg&öÒ×7G&–ær#¢%ã"ãã""ÒÒÂ'6†S"ÕF†&Æ’´öÄö¢¶”Õ”d%d&d£4öÔ4æ7”æãDÓg£•Cdv¶T§C–&ô„•#Sf¦÷“cWE“f·‚ôd4cUe„ä#ƒ•“rôuW$$tÓÒ%ÒÀ ¢&&öG’×'6W"ö6öçFVçB×G—R#¢²&6öçFVçB×G—T"ãã"Â&‡GG3¢òöWW&÷R×vW7CBÖçÒç¶ræFWböÆ÷f&ÆRÖ6÷&R×&öB÷6æF&÷‚ÖçÒÖ66†Rö6öçFVçB×G—RòÒö6öçFVçB×G—RÓ"ããçFw¢"Â·ÒÂ'6†S"Ö¢ôòöCtv5¤7”æÃrö‡u¤#cg'§·—fF7DÆÖ6¶'„Ç¤‡dd'¥D¤‡TtVFöDF57”•&ôG$Ä†´”D§Wg¦$fÇö¶“&5ÓÒ%ÒÀ ¢&ƒ2÷7'g‚#¢²'7'g„ã"ãB"Â""Â²&&–â#¢²'7'g‚#¢&&–â÷7'g‚æÖ§2"ÒÒÂ'6†S"Õ&—‡¤fÄÖã6Gg¤EG´”†…‡'ÃF7“ge64ä5egvuf%T%S“Fò´F•„Ç4fä¦WF'”´Vä³d÷ƒ6‡¤……tw7—bô––'cvsÓÒ%ÒÀ ¢&ƒ2×c"÷&÷S2#¢²'&÷S4ã‚ã"Â""Â·ÒÂ'6†S"ÖUµ„v³ó4‡T7$Vä³4Ç„¥st“6DæsdTg¤µT¤ss6„ÔDF4õT2ö’ö7£tÅ4GtÇ$w#36¶Â÷'ôw–G§vÃeSw¤$ÓÒ%ÒÀ ¢&÷†2×'6W"ô÷†2×&ö¦V7B÷G—W2#¢²$÷†2×&ö¦V7B÷G—W4ã#ã"Â""Â·ÒÂ'6†S"Ö³”çSSTGWd—ôÔtSeG4—US4eT6ãgb÷V¤s•ctçTFböµƒ$5v#6†‡tCÆÔ¤tÔwR¶$SÕ‡gc•5¥fä×¤U†Åv6sÓÒ%ÒÀ ¢'&÷×G—W2÷&V7BÖ—2#¢²'&V7BÖ—4bã2ã"Â""Â·ÒÂ'6†S"Ó#FSg–äS$‚´ô·CF·4÷dæC†´'ccW¦÷†$D%g4Tô#4%eu¶’ôD‡¦Vô3T·Tôâô&–64F45E¤'Tö6e§3sµ#†%ÓÒ%ÒÀ ¢'&öÆÆF÷vâô&öÆÆF÷vâ÷ÇVv–çWF–Ç2#¢²$&öÆÆF÷vâ÷ÇVv–çWF–Ç4ãã"Â""Â·ÒÂ'6†S"Ó&£–$wCT¦ƒ††¢·eFw¥FÃs&£•'„„—VÖöóeDæd§4Ä#EWG7e%4F4$×‡£vâ³”5”#3w…g…•&s&¦–×wsÓÒ%ÒÀ ¢'G—RÖ—2ö6öçFVçB×G—R#¢²&6öçFVçB×G—T"ãã"Â&‡GG3¢òöWW&÷R×vW7CBÖçÒç¶ræFWböÆ÷f&ÆRÖ6÷&R×&öB÷6æF&÷‚ÖçÒÖ66†Rö6öçFVçB×G—RòÒö6öçFVçB×G—RÓ"ããçFw¢"Â·ÒÂ'6†S"Ö¢ôòöCtv5¤7”æÃrö‡u¤#cg'§·—fF7DÆÖ6¶'„Ç¤‡dd'¥D¤‡TtVFöDF57”•&ôG$Ä†´”D§Wg¦$fÇö¶“&5ÓÒ%ÒÀ ¢$ÖöFVÆ6öçFW‡G&÷Fö6öÂ÷6F²ö§bö§6öâ×66†VÖ×G&fW'6R#¢²&§6öâ×66†VÖ×G&fW'6Tãã"Â&‡GG3¢òöWW&÷R×vW7CBÖçÒç¶ræFWböÆ÷f&ÆRÖ6÷&R×&öB÷6æF&÷‚ÖçÒÖ66†Rö§6öâ×66†VÖ×G&fW'6RòÒö§6öâ×66†VÖ×G&fW'6RÓããçFw¢"Â·ÒÂ'6†S"ÔäÓ‚õ–ã5†¥†„•¦ãÄÆ†´f5DõU%†¥v…cD$õ&ä÷c‡‡fwGƒ””óFÕ%…7ƒ&ÆóGG¦W#4öÇ'V÷“6GVsÓÒ%ÒÀ ¢$F–Çv–æF772öæöFRöÆ–v‡Fæ–æv772öÆ–v‡Fæ–æv772ÖæG&ö–BÖ&ÓcB#¢²&Æ–v‡Fæ–æv772ÖæG&ö–BÖ&ÓcDã3"ã"Â""Â²&÷2#¢&æG&ö–B"Â&7R#¢&&ÓcB"ÒÂ'6†S"Õ”³rô6ÅGCF´³fógs5‚µæÓC&6c'e†&„õ†FôçF“vÃED%¦‡v¤Gf¤çtÄT$6ä·f¤¦3&¥t…„ƒäWvÄsÓÒ%ÒÀ ¢$F–Çv–æF772öæöFRöÆ–v‡Fæ–æv772öÆ–v‡Fæ–æv772ÖF'v–âÖ&ÓcB#¢²&Æ–v‡Fæ–æv772ÖF'v–âÖ&ÓcDã3"ã"Â""Â²&÷2#¢&F'v–â"Â&7R#¢&&ÓcB"ÒÂ'6†S"Õ'¦Ts”§SV&s$'cöÇvÅd§d$S7eGE‡6¶E¤ÄÄ7–fsWB´„Ç£”'Ä”4ótÅ¤Óud„åEFâóU&„„d%6¦³VÆ3F6×65ÓÒ%ÒÀ ¢$F–Çv–æF772öæöFRöÆ–v‡Fæ–æv772öÆ–v‡Fæ–æv772ÖF'v–â×ƒcB#¢²&Æ–v‡Fæ–æv772ÖF'v–â×ƒcDã3"ã"Â""Â²&÷2#¢&F'v–â"Â&7R#¢'ƒcB"ÒÂ'6†S"ÕRµ4'&Ò÷3'wU•BógvæÆvE¦'E¦FæE6×WBôä§Ä64ÔÅEwV×T7$”B´³UT£f§C$$g6†V¤5•†æ•F$æƒs5c‡sÓÒ%ÒÀ ¢$F–Çv–æF772öæöFRöÆ–v‡Fæ–æv772öÆ–v‡Fæ–æv772Ög&VV'6B×ƒcB#¢²&Æ–v‡Fæ–æv772Ög&VV'6B×ƒcDã3"ã"Â""Â²&÷2#¢&g&VV'6B"Â&7R#¢'ƒcB"ÒÂ'6†S"Ô¤5F–vVDV·5¦³7D…EGF†äÖEfdvccf·“„¦“$SE–¥UDUƒG†—’öÅG¥†çSgv•¦S6%–Sµ754‚ô5FTE„³et†–sÓÒ%ÒÀ ¢$F–Çv–æF772öæöFRöÆ–v‡Fæ–æv772öÆ–v‡Fæ–æv772ÖÆ–çW‚Ö&ÒÖvçVV&–†b#¢²&Æ–v‡Fæ–æv772ÖÆ–çW‚Ö&ÒÖvçVV&–†dã3"ã"Â""Â²&÷2#¢&Æ–çW‚"Â&7R#¢&&Ò"ÒÂ'6†S"×ƒg&æç&$tÃ¥ö·Cg'G35”E¦GTÇwgtcdTÖ…„ee¥„CGE$&´Tg¤v÷w¤74•w5§4²·G”äTôET%†VUd…6·sÓÒ%ÒÀ ¢$F–Çv–æF772öæöFRöÆ–v‡Fæ–æv772öÆ–v‡Fæ–æv772ÖÆ–çW‚Ö&ÓcBÖvçR#¢²&Æ–v‡Fæ–æv772ÖÆ–çW‚Ö&ÓcBÖvçTã3"ã"Â""Â²&÷2#¢&Æ–çW‚"Â&7R#¢&&ÓcB"ÒÂ'6†S"Óæä×–÷”ôÅ$¥†f$Ôö–Æ5&4Äƒ4§sW£”„DäveBöwt5vF¦çƒ“‡swd'¤dÄe#cd4ÔÄ´c†uf&V&ÖµTã6föµ§ÓÒ%ÒÀ ¢$F–Çv–æF772öæöFRöÆ–v‡Fæ–æv772öÆ–v‡Fæ–æv772ÖÆ–çW‚Ö&ÓcBÖ×W6Â#¢²&Æ–v‡Fæ–æv772ÖÆ–çW‚Ö&ÓcBÖ×W6Äã3"ã"Â""Â²&÷2#¢&Æ–çW‚"Â&7R#¢&&ÓcB"ÒÂ'6†S"ÕW¶öVç#ET¤W¦ud•—“ƒÄDge&Õfsf÷&ôä†fôƒD5–dä´„÷%£tÖótµ¥&D3dÆ¦v…¦T'7e†„¦öB÷vä”&sÓÒ%ÒÀ ¢$F–Çv–æF772öæöFRöÆ–v‡Fæ–æv772öÆ–v‡Fæ–æv772ÖÆ–çW‚×ƒcBÖvçR#¢²&Æ–v‡Fæ–æv772ÖÆ–çW‚×ƒcBÖvçTã3"ã"Â""Â²&÷2#¢&Æ–çW‚"Â&7R#¢'ƒcB"ÒÂ'6†S"Õcu#S$–…¦ÖDµg"µgGs†òµtÇ5¥”5FC†Æô–gFÕ%tuU¦d$õ”T¦W”¤–·t”DÕ¥uƒ#GTÖgu7‡„“‡‡"ôÖ$ôÓÒ%ÒÀ ¢$F–Çv–æF772öæöFRöÆ–v‡Fæ–æv772öÆ–v‡Fæ–æv772ÖÆ–çW‚×ƒcBÖ×W6Â#¢²&Æ–v‡Fæ–æv772ÖÆ–çW‚×ƒcBÖ×W6Äã3"ã"Â""Â²&÷2#¢&Æ–çW‚"Â&7R#¢'ƒcB"ÒÂ'6†S"Ö%–4Çµf#w6•†róƒT5&W¤5”„æsöÃ6×Cw¤†åuc•…sW4¶RõD6Duv"÷¤$Ó%Tbô†'5bö£%U$äö•gW…vsÓÒ%ÒÀ ¢$F–Çv–æF772öæöFRöÆ–v‡Fæ–æv772öÆ–v‡Fæ–æv772×v–ã3"Ö&ÓcBÖ×7f2#¢²&Æ–v‡Fæ–æv772×v–ã3"Ö&ÓcBÖ×7f4ã3"ã"Â""Â²&÷2#¢'v–ã3""Â&7R#¢&&ÓcB"ÒÂ'6†S"Ó…6$3„%#C3f&4Ó‡6'E”E7tUeCD¦ÄeDöÆC6utt†eF…F4&ääD&FfUE¦W&öfÄ”¦„gƒ·¦t„¦Ö5FävGsÓÒ%ÒÀ ¢$F–Çv–æF772öæöFRöÆ–v‡Fæ–æv772öÆ–v‡Fæ–æv772×v–ã3"×ƒcBÖ×7f2#¢²&Æ–v‡Fæ–æv772×v–ã3"×ƒcBÖ×7f4ã3"ã"Â""Â²&÷2#¢'v–ã3""Â&7R#¢'ƒcB"ÒÂ'6†S"Ô×”"õ6õ¥–DF“´g&ö¦æ÷Ç…–…EvóU†”Ã„Ud§%g4#„&ô3usedwECt´6VÖ§“†2¶Æ÷T¦æ¥3uS‡ƒ6#eÓÒ%ÒÀ ¢$G—W67&—BÖW6Æ–çB÷G—W67&—BÖW7G&VRöÖ–æ–ÖF6‚ö'&6RÖW‡ç6–öâ#¢²&'&6RÖW‡ç6–öäRãã‚"Â""Â²&FWVæFVæ6–W2#¢²&&Ææ6VBÖÖF6‚#¢%ãBãã""ÒÒÂ'6†S"Ô¥§”G—4CDV–dµEô#tDTÆce‡4#5vETç„7Fö#de…55††D”„%t¢÷D£„„3–ƒƒD$²³T¤e¤Äæ´¤·ƒ4s–·¥sÓÒ%ÒÀ ¢&§bÖf÷&ÖG2ö§bö§6öâ×66†VÖ×G&fW'6R#¢²&§6öâ×66†VÖ×G&fW'6Tãã"Â&‡GG3¢òöWW&÷R×vW7CBÖçÒç¶ræFWböÆ÷f&ÆRÖ6÷&R×&öB÷6æF&÷‚ÖçÒÖ66†Rö§6öâ×66†VÖ×G&fW'6RòÒö§6öâ×66†VÖ×G&fW'6RÓããçFw¢"Â·ÒÂ'6†S"ÔäÓ‚õ–ã5†¥†„•¦ãÄÆ†´f5DõU%†¥v…cD$õ&ä÷c‡‡fwGƒ””óFÕ%…7ƒ&ÆóGG¦W#4öÇ'V÷“6GVsÓÒ%ÒÀ ¢$G—W67&—BÖW6Æ–çB÷G—W67&—BÖW7G&VRöÖ–æ–ÖF6‚ö'&6RÖW‡ç6–öâö&Ææ6VBÖÖF6‚#¢²&&Ææ6VBÖÖF6„BããB"Â""Â·ÒÂ'6†S"Ô$Ç&tV5%Guƒ&óftw„tô4ç”×du73U–ögU—§s–ƒ”ÕE&Ô·GD¥¥eScv&F#•#'eT„‚¶£6“'D¦f¤ód3b³F×”uDÓÒ%ÒÀ¢Ğ§Ğ