{
  "name": "tanstack_start_ts",
  "lockfileVersion": 3,
  "requires": true,
  "packages": {
    "": {
      "name": "tanstack_start_ts",
      "dependencies": {
        "@hookform/resolvers": "^5.2.2",
        "@lovable.dev/cloud-auth-js": "^1.1.2",
        "@radix-ui/react-accordion": "^1.2.12",
        "@radix-ui/react-alert-dialog": "^1.1.15",
        "@radix-ui/react-aspect-ratio": "^1.1.8",
        "@radix-ui/react-avatar": "^1.1.11",
        "@radix-ui/react-checkbox": "^1.3.3",
        "@radix-ui/react-collapsible": "^1.1.12",
        "@radix-ui/react-context-menu": "^2.2.16",
        "@radix-ui/react-dialog": "^1.1.15",
        "@radix-ui/react-dropdown-menu": "^2.1.16",
        "@radix-ui/react-hover-card": "^1.1.15",
        "@radix-ui/react-label": "^2.1.8",
        "@radix-ui/react-menubar": "^1.1.16",
        "@radix-ui/react-navigation-menu": "^1.2.14",
        "@radix-ui/react-popover": "^1.1.15",
        "@radix-ui/react-progress": "^1.1.8",
        "@radix-ui/react-radio-group": "^1.3.8",
        "@radix-ui/react-scroll-area": "^1.2.10",
        "@radix-ui/react-select": "^2.2.6",
        "@radix-ui/react-separator": "^1.1.8",
        "@radix-ui/react-slider": "^1.3.6",
        "@radix-ui/react-slot": "^1.2.4",
        "@radix-ui/react-switch": "^1.2.6",
        "@radix-ui/react-tabs": "^1.1.13",
        "@radix-ui/react-toggle": "^1.1.10",
        "@radix-ui/react-toggle-group": "^1.1.11",
        "@radix-ui/react-tooltip": "^1.2.8",
        "@supabase/supabase-js": "^2.112.2",
        "@tailwindcss/vite": "^4.2.1",
        "@tanstack/react-query": "^5.101.1",
        "@tanstack/react-router": "^1.170.18",
        "@tanstack/react-start": "^1.168.32",
        "@tanstack/router-plugin": "^1.168.23",
        "class-variance-authority": "^0.7.1",
        "clsx": "^2.1.1",
        "cmdk": "^1.1.1",
        "date-fns": "^4.1.0",
        "embla-carousel-react": "^8.6.0",
        "input-otp": "^1.4.2",
        "lucide-react": "^0.575.0",
        "react": "^19.2.0",
        "react-day-picker": "^9.14.0",
        "react-dom": "^19.2.0",
        "react-hook-form": "^7.71.2",
        "react-resizable-panels": "^4.6.5",
        "recharts": "^2.15.4",
        "sonner": "^2.0.7",
        "tailwind-merge": "^3.5.0",
        "tailwindcss": "^4.2.1",
        "tw-animate-css": "^1.3.4",
        "vaul": "^1.1.2",
        "vite-tsconfig-paths": "^6.0.2",
        "zod": "^3.24.2"
      },
      "devDependencies": {
        "@eslint/js": "^9.32.0",
        "@lovable.dev/vite-tanstack-config": "2.9.1",
        "@types/node": "^22.16.5",
        "@types/react": "^19.2.0",
        "@types/react-dom": "^19.2.0",
        "@vitejs/plugin-react": "^5.2.0",
        "eslint": "^9.32.0",
        "eslint-config-prettier": "^10.1.1",
        "eslint-plugin-prettier": "^5.2.6",
        "eslint-plugin-react-hooks": "^5.2.0",
        "eslint-plugin-react-refresh": "^0.4.20",
        "globals": "^15.15.0",
        "nitro": "3.0.260603-beta",
        "prettier": "^3.7.3",
        "typescript": "^5.8.3",
        "typescript-eslint": "^8.56.1",
        "vite": "^8.2.0"
      }
    },
    "node_modules/@babel/code-frame": {
      "version": "7.29.7",
      "resolved": "https://registry.npmjs.org/@babel/code-frame/-/code-frame-7.29.7.tgz",
      "integrity": "sha512-Aup7aUOfpbAUg2ROOJN6Iw5f9DMBlzu0mIkm/malLQFN/YQgO48wCj0Kxa3sEHJvPVFg7siR+qRInwXd2qhQKw==",
      "license": "MIT",
      "dependencies": {
        "@babel/helper-validator-identifier": "^7.29.7",
        "js-tokens": "^4.0.0",
        "picocolors": "^1.1.1"
      },
      "engines": {
        "node": ">=6.9.0"
      }
    },
    "node_modules/@babel/compat-data": {
      "version": "7.29.7",
      "resolved": "https://registry.npmjs.org/@babel/compat-data/-/compat-data-7.29.7.tgz",
      "integrity": "sha512-locTkQyKvwIEgBzVrn8693ebc97F2U8ZHjbXwDXJ5Fn2TCpNwTlKcaKLkdHop5c/icOFE7qt7Q9JC5hnKNa6Gg==",
      "license": "MIT",
      "engines": {
        "node": ">=6.9.0"
      }
    },
    "node_modules/@babel/core": {
      "version": "7.29.7",
      "resolved": "https://registry.npmjs.org/@babel/core/-/core-7.29.7.tgz",
      "integrity": "sha512-RgHBCvtjbOK2gXSNBNIkNoEc9qoVEtau3hj8gEqKQuL3HZAibKarWFEI3Lfm6EYKkLalOh8eSrj9b+ch9H/VBA==",
      "license": "MIT",
      "dependencies": {
        "@babel/code-frame": "^7.29.7",
        "@babel/generator": "^7.29.7",
        "@babel/helper-compilation-targets": "^7.29.7",
        "@babel/helper-module-transforms": "^7.29.7",
        "@babel/helpers": "^7.29.7",
        "@babel/parser": "^7.29.7",
        "@babel/template": "^7.29.7",
        "@babel/traverse": "^7.29.7",
        "@babel/types": "^7.29.7",
        "@jridgewell/remapping": "^2.3.5",
        "convert-source-map": "^2.0.0",
        "debug": "^4.1.0",
        "gensync": "^1.0.0-beta.2",
        "json5": "^2.2.3",
        "semver": "^6.3.1"
      },
      "engines": {
        "node": ">=6.9.0"
      },
      "funding": {
        "type": "opencollective",
        "url": "https://opencollective.com/babel"
      }
    },
    "node_modules/@babel/generator": {
      "version": "7.29.8",
      "resolved": "https://registry.npmjs.org/@babel/generator/-/generator-7.29.8.tgz",
      "integrity": "sha512-gZbepsdh3WDtgZKWL+vTPh71LSBrm/Y4/QDZBVCcYfmeTEEuoOYwlSy+G1StfJg+/Zy550u/3TATbm7qDbbMtg==",
      "license": "MIT",
      "dependencies": {
        "@babel/parser": "^7.29.8",
        "@babel/types": "^7.29.8",
        "@jridgewell/gen-mapping": "^0.3.12",
        "@jridgewell/trace-mapping": "^0.3.28",
        "jsesc": "^3.0.2"
      },
      "engines": {
        "node": ">=6.9.0"
      }
    },
    "node_modules/@babel/helper-compilation-targets": {
      "version": "7.29.7",
      "resolved": "https://registry.npmjs.org/@babel/helper-compilation-targets/-/helper-compilation-targets-7.29.7.tgz",
      "integrity": "sha512-wem6WaBj4NaVYVdNhLPPVacES6ZJ+KBBfSkTMD3YZxbP3rm3Di85tJU5ljaUNhaOynt+Aj0xruhYuzQBt8n71g==",
      "license": "MIT",
      "dependencies": {
        "@babel/compat-data": "^7.29.7",
        "@babel/helper-validator-option": "^7.29.7",
        "browserslist": "^4.24.0",
        "lru-cache": "^5.1.1",
        "semver": "^6.3.1"
      },
      "engines": {
        "node": ">=6.9.0"
      }
    },
    "node_modules/@babel/helper-globals": {
      "version": "7.29.7",
      "resolved": "https://registry.npmjs.org/@babel/helper-globals/-/helper-globals-7.29.7.tgz",
      "integrity": "sha512-3nQVUAtvkKH9zahfWgw96Jc/uFOmjACE1kQz82E2lqWmHBgjzbNlsC22nuQTfahmWeQtTq5nQ/4Nnd2A1wj4zA==",
      "license": "MIT",
      "engines": {
        "node": ">=6.9.0"
      }
    },
    "node_modules/@babel/helper-module-imports": {
      "version": "7.29.7",
      "resolved": "https://registry.npmjs.org/@babel/helper-module-imports/-/helper-module-imports-7.29.7.tgz",
      "integrity": "sha512-ejHwrQQYcm9xnTivShn2IDOlIzInN34AXskvq9QicvCtEzq1Vzclu/tKF8Jq1Cg8JG2GL6/EmjgsCT7lXepE3g==",
      "license": "MIT",
      "dependencies": {
        "@babel/traverse": "^7.29.7",
        "@babel/types": "^7.29.7"
      },
      "engines": {
        "node": ">=6.9.0"
      }
    },
    "node_modules/@babel/helper-module-transforms": {
      "version": "7.29.7",
      "resolved": "https://registry.npmjs.org/@babel/helper-module-transforms/-/helper-module-transforms-7.29.7.tgz",
      "integrity": "sha512-UPUVSyXbOh627KiCIGQSgwWzGeBKLkaJ9PJEdrngIwMSzxLR4jS4+f1f1jb7VzBbg8nFLaYotvVPFCTqdrmTAg==",
      "license": "MIT",
      "dependencies": {
        "@babel/helper-module-imports": "^7.29.7",
        "@babel/helper-validator-identifier": "^7.29.7",
        "@babel/traverse": "^7.29.7"
      },
      "engines": {
        "node": ">=6.9.0"
      },
      "peerDependencies": {
        "@babel/core": "^7.0.0"
      }
    },
    "node_modules/@babel/helper-plugin-utils": {
      "version": "7.29.7",
      "resolved": "https://registry.npmjs.org/@babel/helper-plugin-utils/-/helper-plugin-utils-7.29.7.tgz",
      "integrity": "sha512-G7sHYigPY17oO5SYWnfD/0MTBwVR781S/JI643e/JhUYgVgWE/61SoW3NH9KWUKyKq5LVh3npif99Wkt6j86Jw==",
      "dev": true,
      "license": "MIT",
      "engines": {
        "node": ">=6.9.0"
      }
    },
    "node_modules/@babel/helper-string-parser": {
      "version": "7.29.7",
      "resolved": "https://registry.npmjs.org/@babel/helper-string-parser/-/helper-string-parser-7.29.7.tgz",
      "integrity": "sha512-Pb5ijPrZ89GDH8223L4UP8i6QApWxs04RbPQJTeWDV0/keR2E36MeKnyr6LYmUUvqRRI+Iv87SuF1W6ErINzYw==",
      "license": "MIT",
      "engines": {
        "node": ">=6.9.0"
      }
    },
    "node_modules/@babel/helper-validator-identifier": {
      "version": "7.29.7",
      "resolved": "https://registry.npmjs.org/@babel/helper-validator-identifier/-/helper-validator-identifier-7.29.7.tgz",
      "integrity": "sha512-qehxGkRj55h/ff8EMaJ+cYhyaKlHIxqYDn682wQD7RNp9UujOQsHog2uS0r2vzr4pW+sXf90NeeayjcNaX3fFg==",
      "license": "MIT",
      "engines": {
        "node": ">=6.9.0"
      }
    },
    "node_modules/@babel/helper-validator-option": {
      "version": "7.29.7",
      "resolved": "https://registry.npmjs.org/@babel/helper-validator-option/-/helper-validator-option-7.29.7.tgz",
      "integrity": "sha512-N9ZErrD+yW5geCDtBqnOoxmR8+tNKiGuxKlDpuJxfsqpa2dFcexaziGAE/qoHLiDDreVNMupxGmSoNlyvsA3gw==",
      "license": "MIT",
      "engines": {
        "node": ">=6.9.0"
      }
    },
    "node_modules/@babel/helpers": {
      "version": "7.29.7",
      "resolved": "https://registry.npmjs.org/@babel/helpers/-/helpers-7.29.7.tgz",
      "integrity": "sha512-1k2lAGRMfHTcwuNYcCNUmaUffmQv8KWMfh2iJUUeRlwlwH4FdNG7mfPI10NPfLHJFThE4Tyr4mv7kTNZOiPuBg==",
      "license": "MIT",
      "dependencies": {
        "@babel/template": "^7.29.7",
        "@babel/types": "^7.29.7"
      },
      "engines": {
        "node": ">=6.9.0"
      }
    },
    "node_modules/@babel/parser": {
      "version": "7.29.8",
      "resolved": "https://registry.npmjs.org/@babel/parser/-/parser-7.29.8.tgz",
      "integrity": "sha512-E8lTAYNB1KW+FH+VGJuZM1ioAx2E6oVlvQFRrf5P8ZZmsiJXYAD9vTFV7yyEURNzgh1dFqMZuO6tUwcARbqFCA==",
      "license": "MIT",
      "dependencies": {
        "@babel/types": "^7.29.8"
      },
      "bin": {
        "parser": "bin/babel-parser.js"
      },
      "engines": {
        "node": ">=6.0.0"
      }
    },
    "node_modules/@babel/plugin-transform-react-jsx-self": {
      "version": "7.29.7",
      "resolved": "https://registry.npmjs.org/@babel/plugin-transform-react-jsx-self/-/plugin-transform-react-jsx-self-7.29.7.tgz",
      "integrity": "sha512-TL0hMc9xzy86VD31nUiwzd5otRAcyEPcsegCxolO0PvcXuH1v0kECe/UIznYFihpkvU5wg/jk4v0TTEFfm53fw==",
      "dev": true,
      "license": "MIT",
      "dependencies": {
        "@babel/helper-plugin-utils": "^7.29.7"
      },
      "engines": {
        "node": ">=6.9.0"
      },
      "peerDependencies": {
        "@babel/core": "^7.0.0-0"
      }
    },
    "node_modules/@babel/plugin-transform-react-jsx-source": {
      "version": "7.29.7",
      "resolved": "https://registry.npmjs.org/@babel/plugin-transform-react-jsx-source/-/plugin-transform-react-jsx-source-7.29.7.tgz",
      "integrity": "sha512-06IyK09H3wi4cGbhDBwp5gUGo0IKtnYa8tyTiephirPCK6fbobVGiXMMI5zLQ4aKEYP3wZ3ArU44o+8KMrSG/Q==",
      "dev": true,
      "license": "MIT",
      "dependencies": {
        "@babel/helper-plugin-utils": "^7.29.7"
      },
      "engines": {
        "node": ">=6.9.0"
      },
      "peerDependencies": {
        "@babel/core": "^7.0.0-0"
      }
    },
    "node_modules/@babel/runtime": {
      "version": "7.29.7",
      "resolved": "https://registry.npmjs.org/@babel/runtime/-/runtime-7.29.7.tgz",
      "integrity": "sha512-Nq8OhGWiZIZGV6hLHoyAKLLcJihP/xFeBMGJoUrxTX2psI8dCifzLhZISFb+VWS3wFMRDmCGw5R+dOySCqPLhw==",
      "license": "MIT",
      "engines": {
        "node": ">=6.9.0"
      }
    },
    "node_modules/@babel/template": {
      "version": "7.29.7",
      "resolved": "https://registry.npmjs.org/@babel/template/-/template-7.29.7.tgz",
      "integrity": "sha512-puq+Gf35oI24FeN11LkoUQFqv9uwNeWpxXZi/Ji3rRIoKAzKnxRaZ+Gkj0vKS9ZCiTESfng1N9LyOyXvo+m+Gg==",
      "license": "MIT",
      "dependencies": {
        "@babel/code-frame": "^7.29.7",
        "@babel/parser": "^7.29.7",
        "@babel/types": "^7.29.7"
      },
      "engines": {
        "node": ">=6.9.0"
      }
    },
    "node_modules/@babel/traverse": {
      "version": "7.29.8",
      "resolved": "https://registry.npmjs.org/@babel/traverse/-/traverse-7.29.8.tgz",
      "integrity": "sha512-I5z7H3bf/41ktsNVLtpN0wAa336HkqIHQ5BuPLEhTkt1jVSyZpeNKIzTgEWmlxjdg81R0IgUCcaE+Ok3NvrfZg==",
      "license": "MIT",
      "dependencies": {
        "@babel/code-frame": "^7.29.7",
        "@babel/generator": "^7.29.8",
        "@babel/helper-globals": "^7.29.7",
        "@babel/parser": "^7.29.8",
        "@babel/template": "^7.29.7",
        "@babel/types": "^7.29.8",
        "debug": "^4.3.1"
      },
      "engines": {
        "node": ">=6.9.0"
      }
    },
    "node_modules/@babel/types": {
      "version": "7.29.8",
      "resolved": "https://registry.npmjs.org/@babel/types/-/types-7.29.8.tgz",
      "integrity": "sha512-Vj1jF3cPfxg7OAfoI7QnVKLoILlm2JF9pnVHrX8qx7AHMiYWT+NDAA7jChlNgRS4WTLc/fD1lXLmPixluj+3Gg==",
      "license": "MIT",
      "dependencies": {
        "@babel/helper-string-parser": "^7.29.7",
        "@babel/helper-validator-identifier": "^7.29.7"
      },
      "engines": {
        "node": ">=6.9.0"
      }
    },
    "node_modules/@date-fns/tz": {
      "version": "1.5.0",
      "resolved": "https://registry.npmjs.org/@date-fns/tz/-/tz-1.5.0.tgz",
      "integrity": "sha512-lwYN/vDPeNRULcepoE/LO2Pgx+7/RV+S9ARfbc9lr2DtGkOD7pAiruHvbR1RX3Qyf6ja47EWJDMsNK5vK08DJg==",
      "license": "MIT"
    },
    "node_modules/@eslint-community/eslint-utils": {
      "version": "4.10.1",
      "resolved": "https://registry.npmjs.org/@eslint-community/eslint-utils/-/eslint-utils-4.10.1.tgz",
      "integrity": "sha512-cuadcxVFE8sDK6iWJbs8Sn0av2Nrh2QSGQhVlBW9AaAHqHwjWsZHT8LJ4hFGPh7ASBV2deFdM7H/DPjulmh8rg==",
      "dev": true,
      "license": "MIT",
      "dependencies": {
        "eslint-visitor-keys": "^3.4.3"
      },
      "engines": {
        "node": "^12.22.0 || ^14.17.0 || >=16.0.0"
      },
      "funding": {
        "url": "https://opencollective.com/eslint"
      },
      "peerDependencies": {
        "eslint": "^6.0.0 || ^7.0.0 || >=8.0.0"
      }
    },
    "node_modules/@eslint-community/eslint-utils/node_modules/eslint-visitor-keys": {
      "version": "3.4.3",
      "resolved": "https://registry.npmjs.org/eslint-visitor-keys/-/eslint-visitor-keys-3.4.3.tgz",
      "integrity": "sha512-wpc+LXeiyiisxPlEkUzU6svyS1frIO3Mgxj1fdy7Pm8Ygzguax2N3Fa/D/ag1WqbOprdI+uY6wMUl8/a2G+iag==",
      "dev": true,
      "license": "Apache-2.0",
      "engines": {
        "node": "^12.22.0 || ^14.17.0 || >=16.0.0"
      },
      "funding": {
        "url": "https://opencollective.com/eslint"
      }
    },
    "node_modules/@eslint-comó}8æÚ$z{-®éÜj×–W2#¢°¢'F†R#¢%ã"ãã2 ¢Ð¢ÒÀ¢&æöFUöÖöGVÆW2÷VçÇVv–â#¢°¢'fW'6–öâ#¢#2ã2ã"À¢'&W6öÇfVB#¢&‡GG3¢ò÷&Vv—7G'’æçÖ§2æ÷&r÷VçÇVv–âòÒ÷VçÇVv–âÓ2ã2ãçFw¢"À¢&–çFVw&—G’#¢'6†S"×cd²¶7&&g”Sd¤³v§f$¦U'$÷7T2ô§&ä†7Fg—ö“Fô%G…t÷¤¦e%§”F”ö³DW$Ôe'S„¦‡5R÷udöD$åvSU&sÓÒ"À¢&Æ–6Vç6R#¢$Ô•B"À¢&FWVæFVæ6–W2#¢°¢$§&–FvWvVÆÂ÷&VÖ–ær#¢%ã"ã2ãR"À¢'–6öÖF6‚#¢%ãBããB"À¢'vV'6²×f—'GVÂÖÖöGVÆW2#¢%ããbã" ¢ÒÀ¢&Væv–æW2#¢°¢&æöFR#¢%ã#ã’ãÇÂãÓ#"ã"ã ¢ÒÀ¢'VW$FWVæFVæ6–W2#¢°¢$f&ÖfRö6÷&R#¢"¢"À¢$'76²ö6÷&R#¢"¢"À¢&'Vâ×G—W2ÖæòÖvÆö&Ç2#¢"¢"À¢&W6'V–ÆB#¢"¢"À¢'&öÆÆF÷vâ#¢"¢"À¢'&öÆÇW#¢"¢"À¢'VæÆöFW"#¢"¢"À¢'f—FR#¢"¢"À¢'vV'6²#¢"¢ ¢ÒÀ¢'VW$FWVæFVæ6–W4ÖWF#¢°¢$f&ÖfRö6÷&R#¢°¢&÷F–öæÂ#¢G'VP¢ÒÀ¢$'76²ö6÷&R#¢°¢&÷F–öæÂ#¢G'VP¢ÒÀ¢&'Vâ×G—W2ÖæòÖvÆö&Ç2#¢°¢&÷F–öæÂ#¢G'VP¢ÒÀ¢&W6'V–ÆB#¢°¢&÷F–öæÂ#¢G'VP¢ÒÀ¢'&öÆÆF÷vâ#¢°¢&÷F–öæÂ#¢G'VP¢ÒÀ¢'&öÆÇW#¢°¢&÷F–öæÂ#¢G'VP¢ÒÀ¢'VæÆöFW"#¢°¢&÷F–öæÂ#¢G'VP¢ÒÀ¢'f—FR#¢°¢&÷F–öæÂ#¢G'VP¢ÒÀ¢'vV'6²#¢°¢&÷F–öæÂ#¢G'VP¢Ð¢Ð¢ÒÀ¢&æöFUöÖöGVÆW2÷Vç7F÷&vR#¢°¢'fW'6–öâ#¢#"ããÖÇ†ãr"À¢'&W6öÇfVB#¢&‡GG3¢ò÷&Vv—7G'’æçÖ§2æ÷&r÷Vç7F÷&vRòÒ÷Vç7F÷&vRÓ"ããÖÇ†ãrçFw¢"À¢&–çFVw&—G’#¢'6†S"ÔTÅ§F6†³'¦td¦æ·–öEe“7d¥tus–§’òö¶T£3$”ô¥duT×––Gv4gEgewCDå&6ƒ”‚¶4ÔäTvÆÆedfe64–ÖösÓÒ"À¢&FWb#¢G'VRÀ¢&Æ–6Vç6R#¢$Ô•B"À¢'VW$FWVæFVæ6–W2#¢°¢$§W&RöÖ6öæf–wW&F–öâ#¢%ããã"À¢$§W&Rö6÷6Ö÷2#¢%ãBã’ã"À¢$§W&RöFF×F&ÆW2#¢%ã2ã2ã""À¢$§W&Rö–FVçF—G’#¢%ãBã2ã"À¢$§W&Rö¶W—fVÇB×6V7&WG2#¢%ãBãã"À¢$§W&R÷7F÷&vRÖ&Æö"#¢%ã"ã3ã"À¢$66—F÷"÷&VfW&Væ6W2#¢%ãbÇÂãrÇÂã‚"À¢$FVæòö·b#¢#ãÓã2ã"À¢$æWFÆ–g’ö&Æö'2#¢%ãbãRãÇÂãrããÇÂã‚ããÇÂã’ããÇÂããã"À¢$ÆæWG66ÆRöFF&6R#¢%ãã’ã"À¢$W7F6‚÷&VF—2#¢%ãã3bã""À¢$fW&6VÂö&Æö"#¢#ãÓã#rã2"À¢$fW&6VÂögVæ7F–öç2#¢%ã"ã"ã"ÇÂã2ãã"À¢$fW&6VÂö·b#¢%ããã"À¢&w3FfWF6‚#¢%ããã#"À¢&6†ö¶–F"#¢%ãBÇÂãR"À¢&F##¢#ãÓã2ãB"À¢&–F"Ö¶W—fÂ#¢%ãbã"ã""À¢&–÷&VF—2#¢%ãRã’ã2"À¢&Ç'RÖ66†R#¢%ãã"ãb"À¢&ÖöævöF"#¢%ãbÇÂãr"À¢&öfWF6‚#¢"¢"À¢'WÆöGF†–ær#¢%ãrãrãB ¢ÒÀ¢'VW$FWVæFVæ6–W4ÖWF#¢°¢$§W&RöÖ6öæf–wW&F–öâ#¢°¢&÷F–öæÂ#¢G'VP¢ÒÀ¢$§W&Rö6÷6Ö÷2#¢°¢&÷F–öæÂ#¢G'VP¢ÒÀ¢$§W&RöFF×F&ÆW2#¢°¢&÷F–öæÂ#¢G'VP¢ÒÀ¢$§W&Rö–FVçF—G’#¢°¢&÷F–öæÂ#¢G'VP¢ÒÀ¢$§W&Rö¶W—fVÇB×6V7&WG2#¢°¢&÷F–öæÂ#¢G'VP¢ÒÀ¢$§W&R÷7F÷&vRÖ&Æö"#¢°¢&÷F–öæÂ#¢G'VP¢ÒÀ¢$66—F÷"÷&VfW&Væ6W2#¢°¢&÷F–öæÂ#¢G'VP¢ÒÀ¢$FVæòö·b#¢°¢&÷F–öæÂ#¢G'VP¢ÒÀ¢$æWFÆ–g’ö&Æö'2#¢°¢&÷F–öæÂ#¢G'VP¢ÒÀ¢$ÆæWG66ÆRöFF&6R#¢°¢&÷F–öæÂ#¢G'VP¢ÒÀ¢$W7F6‚÷&VF—2#¢°¢&÷F–öæÂ#¢G'VP¢ÒÀ¢$fW&6VÂö&Æö"#¢°¢&÷F–öæÂ#¢G'VP¢ÒÀ¢$fW&6VÂögVæ7F–öç2#¢°¢&÷F–öæÂ#¢G'VP¢ÒÀ¢$fW&6VÂö·b#¢°¢&÷F–öæÂ#¢G'VP¢ÒÀ¢&w3FfWF6‚#¢°¢&÷F–öæÂ#¢G'VP¢ÒÀ¢&6†ö¶–F"#¢°¢&÷F–öæÂ#¢G'VP¢ÒÀ¢&F##¢°¢&÷F–öæÂ#¢G'VP¢ÒÀ¢&–F"Ö¶W—fÂ#¢°¢&÷F–öæÂ#¢G'VP¢ÒÀ¢&–÷&VF—2#¢°¢&÷F–öæÂ#¢G'VP¢ÒÀ¢&Ç'RÖ66†R#¢°¢&÷F–öæÂ#¢G'VP¢ÒÀ¢&ÖöævöF"#¢°¢&÷F–öæÂ#¢G'VP¢ÒÀ¢&öfWF6‚#¢°¢&÷F–öæÂ#¢G'VP¢ÒÀ¢'WÆöGF†–ær#¢°¢&÷F–öæÂ#¢G'VP¢Ð¢Ð¢ÒÀ¢&æöFUöÖöGVÆW2÷WFFRÖ'&÷w6W'6Æ—7BÖF"#¢°¢'fW'6–öâ#¢#ã2ã"À¢'&W6öÇfVB#¢&‡GG3¢ò÷&Vv—7G'’æçÖ§2æ÷&r÷WFFRÖ'&÷w6W'6Æ—7BÖF"òÒ÷WFFRÖ'&÷w6W'6Æ—7BÖF"Óã2ãçFw¢"À¢&–çFVw&—G’#¢'6†S"×‚ôÓg7sE–'“4æ3E3c•VæÆ—#4'¥'õCdÅv&·6§Fƒ2ò¶¦†f§5v§BõFWwC†£–TÄ–ö¥VcV§##•vW‡D‡&ôÓÒ"À¢&gVæF–ær#¢°¢°¢'G—R#¢&÷Væ6öÆÆV7F—fR"À¢'W&Â#¢&‡GG3¢òö÷Væ6öÆÆV7F—fRæ6öÒö'&÷w6W'6Æ—7B ¢ÒÀ¢°¢'G—R#¢'F–FVÆ–gB"À¢'W&Â#¢&‡GG3¢ò÷F–FVÆ–gBæ6öÒögVæF–æröv—F‡V"öçÒö'&÷w6W'6Æ—7B ¢ÒÀ¢°¢'G—R#¢&v—F‡V""À¢'W&Â#¢&‡GG3¢òöv—F‡V"æ6öÒ÷7öç6÷'2ö’ ¢Ð¢ÒÀ¢&Æ–6Vç6R#¢$Ô•B"À¢&FWVæFVæ6–W2#¢°¢&W66ÆFR#¢%ã2ã"ã"À¢'–6ö6öÆ÷'2#¢%ããã ¢ÒÀ¢&&–â#¢°¢'WFFRÖ'&÷w6W'6Æ—7BÖF"#¢&6Æ’æ§2 ¢ÒÀ¢'VW$FWVæFVæ6–W2#¢°¢&'&÷w6W'6Æ—7B#¢#ãÒBã#ã ¢Ð¢ÒÀ¢&æöFUöÖöGVÆW2÷W&’Ö§2#¢°¢'fW'6–öâ#¢#BãBã"À¢'&W6öÇfVB#¢&‡GG3¢ò÷&Vv—7G'’æçÖ§2æ÷&r÷W&’Ö§2òÒ÷W&’Ö§2ÓBãBãçFw¢"À¢&–çFVw&—G’#¢'6†S"Ów$µW—“35–3“‡DÔÇGuƒ”cuD–evÅs–Fó…vÃ–“6T†–VVƒ„†eTÃ&dÕ„³g£3†V4·3–g$7TÄ§fæD&sÓÒ"À¢&FWb#¢G'VRÀ¢&Æ–6Vç6R#¢$%4BÓ"Ô6ÆW6R"À¢&FWVæFVæ6–W2#¢°¢'Vç–6öFR#¢%ã"ãã ¢Ð¢ÒÀ¢&æöFUöÖöGVÆW2÷W6RÖ6ÆÆ&6²×&Vb#¢°¢'fW'6–öâ#¢#ã2ã2"À¢'&W6öÇfVB#¢&‡GG3¢ò÷&Vv—7G'’æçÖ§2æ÷&r÷W6RÖ6ÆÆ&6²×&VbòÒ÷W6RÖ6ÆÆ&6²×&VbÓã2ã2çFw¢"À¢&–çFVw&—G’#¢'6†S"Ö¥Ã6Å&æö6gGS5c¥Fõ—¢óE´åw7w†–¤F5då¥&•%Dó4…DÇ6GS§FÔ•WecG•·'evÓV£“Drõ3c7V–¥FsÓÒ"À¢&Æ–6Vç6R#¢$Ô•B"À¢&FWVæFVæ6–W2#¢°¢'G6Æ–"#¢%ã"ãã ¢ÒÀ¢&Væv–æW2#¢°¢&æöFR#¢#ãÓ ¢ÒÀ¢'VW$FWVæFVæ6–W2#¢°¢$G—W2÷&V7B#¢"¢"À¢'&V7B#¢%ãbã‚ãÇÂãrããÇÂã‚ããÇÂã’ããÇÂã’ãã×&2 ¢ÒÀ¢'VW$FWVæFVæ6–W4ÖWF#¢°¢$G—W2÷&V7B#¢°¢&÷F–öæÂ#¢G'VP¢Ð¢Ð¢ÒÀ¢&æöFUöÖöGVÆW2÷W6R×6–FV6"#¢°¢'fW'6–öâ#¢#ãã2"À¢'&W6öÇfVB#¢&‡GG3¢ò÷&Vv—7G'’æçÖ§2æ÷&r÷W6R×6–FV6"òÒ÷W6R×6–FV6"Óãã2çFw¢"À¢&–çFVw&—G’#¢'6†S"ÔfVGs§f¶‡–æõ–ÄUu‡$Ô4ÖÒ¶å5vE§CfÇ¤¥tö³…3eµg4†Ô‡%væEe$£„&S¦&¶e3TÅ%”‚³U‡'¥†4VTÅ%ÓÒ"À¢&Æ–6Vç6R#¢$Ô•B"À¢&FWVæFVæ6–W2#¢°¢&FWFV7BÖæöFRÖW2#¢%ããã"À¢'G6Æ–"#¢%ã"ãã ¢ÒÀ¢&Væv–æW2#¢°¢&æöFR#¢#ãÓ ¢ÒÀ¢'VW$FWVæFVæ6–W2#¢°¢$G—W2÷&V7B#¢"¢"À¢'&V7B#¢%ãbã‚ãÇÂãrããÇÂã‚ããÇÂã’ããÇÂã’ãã×&2 ¢ÒÀ¢'VW$FWVæFVæ6–W4ÖWF#¢°¢$G—W2÷&V7B#¢°¢&÷F–öæÂ#¢G'VP¢Ð¢Ð¢ÒÀ¢&æöFUöÖöGVÆW2÷W6R×7–æ2ÖW‡FW&æÂ×7F÷&R#¢°¢'fW'6–öâ#¢#ãbã"À¢'&W6öÇfVB#¢&‡GG3¢ò÷&Vv—7G'’æçÖ§2æ÷&r÷W6R×7–æ2ÖW‡FW&æÂ×7F÷&RòÒ÷W6R×7–æ2ÖW‡FW&æÂ×7F÷&RÓãbãçFw¢"À¢&–çFVw&—G’#¢'6†S"Õdu7tuôç%—'…dd–´õW—s†ÄfVäô†–¥vµUG$Gg$cDÇ–Å$2ô´6¶U3–GTÓ4·e•%†æWgCt”Ã“Rµ¥—sÓÒ"À¢&Æ–6Vç6R#¢$Ô•B"À¢'VW$FWVæFVæ6–W2#¢°¢'&V7B#¢%ãbã‚ãÇÂãrããÇÂã‚ããÇÂã’ãã ¢Ð¢ÒÀ¢&æöFUöÖöGVÆW2÷fVÂ#¢°¢'fW'6–öâ#¢#ãã""À¢'&W6öÇfVB#¢&‡GG3¢ò÷&Vv—7G'’æçÖ§2æ÷&r÷fVÂòÒ÷fVÂÓãã"çFw¢"À¢&–çFVw&—G’#¢'6†S"Õ¤f´6Äww”“%uU¦DÄ¢ô&wUcde”£7TTÄv³4õ—E´#g”4ót6Öã—ee…d¦µ&v´ô§S6Ó†%ÖwG—¤ä†—…TÆ6UÓÒ"À¢&Æ–6Vç6R#¢$Ô•B"À¢&FWVæFVæ6–W2#¢°¢$&F—‚×V’÷&V7BÖF–Æör#¢%ããã ¢ÒÀ¢'VW$FWVæFVæ6–W2#¢°¢'&V7B#¢%ãbã‚ÇÂãrãÇÂã‚ãÇÂã’ããÇÂã’ãã×&2"À¢'&V7BÖFöÒ#¢%ãbã‚ÇÂãrãÇÂã‚ãÇÂã’ããÇÂã’ãã×&2 ¢Ð¢ÒÀ¢&æöFUöÖöGVÆW2÷f–7F÷'’×fVæF÷"#¢°¢'fW'6–öâ#¢#3bã’ã""À¢'&W6öÇfVB#¢&‡GG3¢ò÷&Vv—7G'’æçÖ§2æ÷&r÷f–7F÷'’×fVæF÷"òÒ÷f–7F÷'’×fVæF÷"Ó3bã’ã"çFw¢"À¢&–çFVw&—G’#¢'6†S"Õç×W†Çu–Fö43†d”§e‡f¶Uf”…—¦÷D’´ä§$7Vc¥”f÷“%¤„&³6Ô6WV¢³RõgöDö¥S£f³&–†w¦Å‡¥ÓÒ"À¢&Æ–6Vç6R#¢$Ô•BäB•42"À¢&FWVæFVæ6–W2#¢°¢$G—W2öC2Ö'&’#¢%ã2ãã2"À¢$G—W2öC2ÖV6R#¢%ã2ãã"À¢$G—W2öC2Ö–çFW'öÆFR#¢%ã2ãã"À¢$G—W2öC2×66ÆR#¢%ãBãã""À¢$G—W2öC2×6†R#¢%ã2ãã"À¢$G—W2öC2×F–ÖR#¢%ã2ãã"À¢$G—W2öC2×F–ÖW"#¢%ã2ãã"À¢&C2Ö'&’#¢%ã2ããb"À¢&C2ÖV6R#¢%ã2ãã"À¢&C2Ö–çFW'öÆFR#¢%ã2ãã"À¢&C2×66ÆR#¢%ãBãã""À¢&C2×6†R#¢%ã2ãã"À¢&C2×F–ÖR#¢%ã2ãã"À¢&C2×F–ÖW"#¢%ã2ãã ¢Ð¢ÒÀ¢&æöFUöÖöGVÆW2÷f—FR#¢°¢'fW'6–öâ#¢#‚ã"ã"À¢'&W6öÇfVB#¢&‡GG3¢ò÷&Vv—7G'’æçÖ§2æ÷&r÷f—FRòÒ÷f—FRÓ‚ã"ãçFw¢"À¢&–çFVw&—G’#¢'6†S"ÔURöU3t$ƒ5…$ô†ƒ%–ä&Vf¤ÓdD$´e¦TÕ¤U•&£täÅvsWt…–Æ„#„"ôÖ–CU‡6uw´äe–64DõFVÕ'DUEu#d¶öÇsÓÒ"À¢&FWb#¢G'VRÀ¢&Æ–6Vç6R#¢$Ô•B"À¢&FWVæFVæ6–W2#¢°¢&Æ–v‡Fæ–æv772#¢%ãã32ã"À¢'–6öÖF6‚#¢%ãBããR"À¢'÷7F772#¢%ã‚ãRã#R"À¢'&öÆÆF÷vâ#¢'ãã"ã"À¢'F–ç–vÆö&'’#¢%ãã"ãr ¢ÒÀ¢&&–â#¢°¢'f—FR#¢&&–â÷f—FRæ§2 ¢ÒÀ¢&Væv–æW2#¢°¢&æöFR#¢%ã#ã’ãÇÂãÓ#"ã"ã ¢ÒÀ¢&gVæF–ær#¢°¢'W&Â#¢&‡GG3¢òöv—F‡V"æ6öÒ÷f—FV§2÷f—FS÷7öç6÷#Ó ¢ÒÀ¢&÷F–öæÄFWVæFVæ6–W2#¢°¢&g6WfVçG2#¢'ã"ã2ã2 ¢ÒÀ¢'VW$FWVæFVæ6–W2#¢°¢$G—W2öæöFR#¢%ã#ã’ãÇÂãÓ#"ã"ã"À¢$f—FV§2öFWgFööÇ2#¢%ããBã"À¢&W6'V–ÆB#¢%ãã#rãÇÂãã#‚ã"À¢&¦—F’#¢#ãÓã#ã"À¢&ÆW72#¢%ãBãã"À¢'672#¢%ããsã"À¢'672ÖVÖ&VFFVB#¢%ããsã"À¢'7G–ÇW2#¢#ãÓãSBã‚"À¢'7Vv'72#¢%ãRãã"À¢'FW'6W"#¢%ãRãbã"À¢'G7‚#¢%ãBã‚ã"À¢'–ÖÂ#¢%ã"ãBã" ¢ÒÀ¢'VW$FWVæFVæ6–W4ÖWF#¢°¢$G—W2öæöFR#¢°¢&÷F–öæÂ#¢G'VP¢ÒÀ¢$f—FV§2öFWgFööÇ2#¢°¢&÷F–öæÂ#¢G'VP¢ÒÀ¢&W6'V–ÆB#¢°¢&÷F–öæÂ#¢G'VP¢ÒÀ¢&¦—F’#¢°¢&÷F–öæÂ#¢G'VP¢ÒÀ¢&ÆW72#¢°¢&÷F–öæÂ#¢G'VP¢ÒÀ¢'672#¢°¢&÷F–öæÂ#¢G'VP¢ÒÀ¢'672ÖVÖ&VFFVB#¢°¢&÷F–öæÂ#¢G'VP¢ÒÀ¢'7G–ÇW2#¢°¢&÷F–öæÂ#¢G'VP¢ÒÀ¢'7Vv'72#¢°¢&÷F–öæÂ#¢G'VP¢ÒÀ¢'FW'6W"#¢°¢&÷F–öæÂ#¢G'VP¢ÒÀ¢'G7‚#¢°¢&÷F–öæÂ#¢G'VP¢ÒÀ¢'–ÖÂ#¢°¢&÷F–öæÂ#¢G'VP¢Ð¢Ð¢ÒÀ¢&æöFUöÖöGVÆW2÷f—FR×G66öæf–r×F‡2#¢°¢'fW'6–öâ#¢#bãã"À¢'&W6öÇfVB#¢&‡GG3¢ò÷&Vv—7G'’æçÖ§2æ÷&r÷f—FR×G66öæf–r×F‡2òÒ÷f—FR×G66öæf–r×F‡2ÓbããçFw¢"À¢&–çFVw&—G’#¢'6†S"Ó&6–‡w¦Æ––$45£…–4´§%&¶fvGf4f´ôö35“&ó4uuTDÆw¥w5§VFö—T÷tòöw¥G§“v53Tcu¥óF'6å3DDv¶sÓÒ"À¢&Æ–6Vç6R#¢$Ô•B"À¢&FWVæFVæ6–W2#¢°¢&FV'Vr#¢%ãBãã"À¢&vÆö'&W‚#¢%ããã""À¢'G66öæf6²#¢%ã2ãã2 ¢ÒÀ¢'VW$FWVæFVæ6–W2#¢°¢'f—FR#¢"¢ ¢Ð¢ÒÀ¢&æöFUöÖöGVÆW2÷f—FVgR#¢°¢'fW'6–öâ#¢#ãã2"À¢'&W6öÇfVB#¢&‡GG3¢ò÷&Vv—7G'’æçÖ§2æ÷&r÷f—FVgRòÒ÷f—FVgRÓãã2çFw¢"À¢&–çFVw&—G’#¢'6†S"×V#Fö´ƒu£T´Æ¦#f„G–§$u‡wEwfõ–ES4”vÒôæ÷'t†æ4¶ôÅD6e$–'fÆ„&Ów#—7D–%–ÇG”V$gF4µ7¥…56sÓÒ"À¢&Æ–6Vç6R#¢$Ô•B"À¢'v÷&·76W2#¢°¢'FW7G2öFW2ò¢"À¢'FW7G2÷&ö¦V7G2ò¢"À¢'FW7G2÷&ö¦V7G2÷v÷&·76R÷6¶vW2ò¢ ¢ÒÀ¢'VW$FWVæFVæ6–W2#¢°¢'f—FR#¢%ã2ããÇÂãBããÇÂãRããÇÂãbããÇÂãrããÇÂã‚ãã ¢ÒÀ¢'VW$FWVæFVæ6–W4ÖWF#¢°¢'f—FR#¢°¢&÷F–öæÂ#¢G'VP¢Ð¢Ð¢ÒÀ¢&æöFUöÖöGVÆW2÷vV'6²×f—'GVÂÖÖöGVÆW2#¢°¢'fW'6–öâ#¢#ãbã""À¢'&W6öÇfVB#¢&‡GG3¢ò÷&Vv—7G'’æçÖ§2æ÷&r÷vV'6²×f—'GVÂÖÖöGVÆW2òÒ÷vV'6²×f—'GVÂÖÖöGVÆW2Óãbã"çFw¢"À¢&–çFVw&—G’#¢'6†S"Ócbõc&“V…ä3Sd%µƒF“„äÔ4%sS”ed'2·$3vTt‡W×–fã3Gw%¤”R´UFÄ¢µ…FWgeV…ed&u5Tå5s&fÄUUÓÒ"À¢&Æ–6Vç6R#¢$Ô•B ¢ÒÀ¢&æöFUöÖöGVÆW2÷v†–6‚#¢°¢'fW'6–öâ#¢#"ãã""À¢'&W6öÇfVB#¢&‡GG3¢ò÷&Vv—7G'’æçÖ§2æ÷&r÷v†–6‚òÒ÷v†–6‚Ó"ãã"çFw¢"À¢&–çFVw&—G’#¢'6†S"Ô$Ä“5FÃEs5fÃsÃ7—5“cF’¶wu‡4t%•v¶·×Fæ%†w$ÔB·–£w&…s·TTG‡¤¦•„v¤UsVöv´äÔT´äÖ¦–$ÓÒ"À¢&FWb#¢G'VRÀ¢&Æ–6Vç6R#¢$•42"À¢&FWVæFVæ6–W2#¢°¢&—6W†R#¢%ã"ãã ¢ÒÀ¢&&–â#¢°¢&æöFR×v†–6‚#¢&&–âöæöFR×v†–6‚ ¢ÒÀ¢&Væv–æW2#¢°¢&æöFR#¢#ãÒ‚ ¢Ð¢ÒÀ¢&æöFUöÖöGVÆW2÷v÷&B×w&#¢°¢'fW'6–öâ#¢#ã"ãR"À¢'&W6öÇfVB#¢&‡GG3¢ò÷&Vv—7G'’æçÖ§2æ÷&r÷v÷&B×w&òÒ÷v÷&B×w&Óã"ãRçFw¢"À¢&–çFVw&—G’#¢'6†S"Ô$ã#$#VVÔÔ“•T×F§$vCVsVT5•5EW“d¥†%—6CW¥—†¤dö6µ3S55DS7vµfõw……f#4'%–4TãEGvST#V4ÓÒ"À¢&FWb#¢G'VRÀ¢&Æ–6Vç6R#¢$Ô•B"À¢&Væv–æW2#¢°¢&æöFR#¢#ãÓãã ¢Ð¢ÒÀ¢&æöFUöÖöGVÆW2÷w2#¢°¢'fW'6–öâ#¢#‚ã#ã2"À¢'&W6öÇfVB#¢&‡GG3¢ò÷&Vv—7G'’æçÖ§2æ÷&r÷w2òÒ÷w2Ó‚ã#ã2çFw¢"À¢&–çFVw&—G’#¢'6†S"Ó#E¢öµw†õ"ôôµv§U¥#5tµ†7g†D‚¶S‡'ƒƒ–#5–&×¤ÄÔd4Æfæs„d–uw¤¤ôUu£t×g²²¶öE§Vfu•#S'sÓÒ"À¢&FWb#¢G'VRÀ¢&Æ–6Vç6R#¢$Ô•B"À¢&Væv–æW2#¢°¢&æöFR#¢#ãÓãã ¢ÒÀ¢'VW$FWVæFVæ6–W2#¢°¢&'VffW'WF–Â#¢%ãBãã"À¢'WFbÓ‚×fÆ–FFR#¢#ãÓRãã" ¢ÒÀ¢'VW$FWVæFVæ6–W4ÖWF#¢°¢&'VffW'WF–Â#¢°¢&÷F–öæÂ#¢G'VP¢ÒÀ¢'WFbÓ‚×fÆ–FFR#¢°¢&÷F–öæÂ#¢G'VP¢Ð¢Ð¢ÒÀ¢&æöFUöÖöGVÆW2÷†ÖÆ'V–ÆFW#"#¢°¢'fW'6–öâ#¢#Bãã2"À¢'&W6öÇfVB#¢&‡GG3¢ò÷&Vv—7G'’æçÖ§2æ÷&r÷†ÖÆ'V–ÆFW#"òÒ÷†ÖÆ'V–ÆFW#"ÓBãã2çFw¢"À¢&–çFVw&—G’#¢'6†S"Ö'ƒ…5F7FäæG–Õvæ¶eÄ¶ög3Ôtäãw$ÄÆ¦ÄwUc5fÇfVtCtÇ3FvtÖ¤S6U5t—D47¥SWcCVÄ“ƒv•6–v”4ÓÒ"À¢&Æ–6Vç6R#¢$Ô•B"À¢&FWVæFVæ6–W2#¢°¢$ö÷¦6—F²öFöÒ#¢%ã"ãã""À¢$ö÷¦6—F²ö–æg&#¢%ã"ãã""À¢$ö÷¦6—F²÷WF–Â#¢%ããã"À¢&§2×–ÖÂ#¢%ãBãã ¢ÒÀ¢&Væv–æW2#¢°¢&æöFR#¢#ãÓ#ã ¢Ð¢ÒÀ¢&æöFUöÖöGVÆW2÷–ÆÆ—7B#¢°¢'fW'6–öâ#¢#2ãã"À¢'&W6öÇfVB#¢&‡GG3¢ò÷&Vv—7G'’æçÖ§2æ÷&r÷–ÆÆ—7BòÒ÷–ÆÆ—7BÓ2ããçFw¢"À¢&–çFVw&—G’#¢'6†S"ÖETuuƒS–Ôõ…U–äs&Wvæ53F“DcC5Gc4¦ôÒ·3%dDÕ3”ç4³„wDÔÇ$4…·4eCvƒ4³eDöõTæã'#u&õ‡ƒFsÓÒ"À¢&Æ–6Vç6R#¢$•42 ¢ÒÀ¢&æöFUöÖöGVÆW2÷–ö7Fò×VWVR#¢°¢'fW'6–öâ#¢#ãã"À¢'&W6öÇfVB#¢&‡GG3¢ò÷&Vv—7G'’æçÖ§2æ÷&r÷–ö7Fò×VWVRòÒ÷–ö7Fò×VWVRÓããçFw¢"À¢&–çFVw&—G’#¢'6†S"×%f·7g6ää6D¢öö„v3g†uw”ã†V†T7‡6”ÄÓ†×‡TR÷BöÔõg¦WuTóÖ”ÇD…•&uD´4ÆW„ÃDÖTefwG3t†Ôå£%ÓÒ"À¢&FWb#¢G'VRÀ¢&Æ–6Vç6R#¢$Ô•B"À¢&Væv–æW2#¢°¢&æöFR#¢#ãÓ ¢ÒÀ¢&gVæF–ær#¢°¢'W&Â#¢&‡GG3¢òöv—F‡V"æ6öÒ÷7öç6÷'2÷6–æG&W6÷&‡W2 ¢Ð¢ÒÀ¢&æöFUöÖöGVÆW2÷¦öB#¢°¢'fW'6–öâ#¢#2ã#Rãsb"À¢'&W6öÇfVB#¢&‡GG3¢ò÷&Vv—7G'’æçÖ§2æ÷&r÷¦öBòÒ÷¦öBÓ2ã#RãsbçFw¢"À¢&–çFVw&—G’#¢'6†S"Öw¥WB÷Cƒå‡4dt´”f435–ædTƒTæ·Vä6fäFÇgT%54e3&&5‡SDÆÖVd•Wv$Åw…uƒ6C—…3UöV¤¶4å†5ÓÒ"À¢&Æ–6Vç6R#¢$Ô•B"À¢&gVæF–ær#¢°¢'W&Â#¢&‡GG3¢òöv—F‡V"æ6öÒ÷7öç6÷'2ö6öÆ–æ†6·2 ¢Ð¢Ð¢Ð§Ð 