ewogICJuYW1lIjogInRhbnN0YWNrX3N0YXJ0X3RzIiwKICAibG9ja2ZpbGVWZXJzaW9uIjogMywKICAicmVxdWlyZXMiOiB0cnVlLAogICJwYWNrYWdlcyI6IHsKICAgICIiOiB7CiAgICAgICJuYW1lIjogInRhbnN0YWNrX3N0YXJ0X3RzIiwKICAgICAgImRlcGVuZGVuY2llcyI6IHsKICAgICAgICAiQGhvb2tmb3JtL3Jlc29sdmVycyI6ICJeNS4yLjIiLAogICAgICAgICJAbG92YWJsZS5kZXYvY2xvdWQtYXV0aC1qcyI6ICJeMS4xLjIiLAogICAgICAgICJAcmFkaXgtdWkvcmVhY3QtYWNjb3JkaW9uIjogIl4xLjIuMTIiLAogICAgICAgICJAcmFkaXgtdWkvcmVhY3QtYWxlcnQtZGlhbG9nIjogIl4xLjEuMTUiLAogICAgICAgICJAcmFkaXgtdWkvcmVhY3QtYXNwZWN0LXJhdGlvIjogIl4xLjEuOCIsCiAgICAgICAgIkByYWRpeC11aS9yZWFjdC1hdmF0YXIiOiAiXjEuMS4xMSIsCiAgICAgICAgIkByYWRpeC11aS9yZWFjdC1jaGVja2JveCI6ICJeMS4zLjMiLAogICAgICAgICJAcmFkaXgtdWkvcmVhY3QtY29sbGFwc2libGUiOiAiXjEuMS4xMiIsCiAgICAgICAgIkByYWRpeC11aS9yZWFjdC1jb250ZXh0LW1lbnUiOiAiXjIuMi4xNiIsCiAgICAgICAgIkByYWRpeC11aS9yZWFjdC1kaWFsb2ciOiAiXjEuMS4xNSIsCiAgICAgICAgIkByYWRpeC11aS9yZWFjdC1kcm9wZG93bi1tZW51IjogIl4yLjEuMTYiLAogICAgICAgICJAcmFkaXgtdWkvcmVhY3QtaG92ZXItY2FyZCI6ICJeMS4xLjE1IiwKICAgICAgICAiQHJhZGl4LXVpL3JlYWN0LWxhYmVsIjogIl4yLjEuOCIsCiAgICAgICAgIkByYWRpeC11aS9yZWFjdC1tZW51YmFyIjogIl4xLjEuMTYiLAogICAgICAgICJAcmFkaXgtdWkvcmVhY3QtbmF2aWdhdGlvbi1tZW51IjogIl4xLjIuMTQiLAogICAgICAgICJAcmFkaXgtdWkvcmVhY3QtcG9wb3ZlciI6ICJeMS4xLjE1IiwKICAgICAgICAiQHJhZGl4LXVpL3JlYWN0LXByb2dyZXNzIjogIl4xLjEuOCIsCiAgICAgICAgIkByYWRpeC11aS9yZWFjdC1yYWRpby1ncm91cCI6ICJeMS4zLjgiLAogICAgICAgICJAcmFkaXgtdWkvcmVhY3Qtc2Nyb2xsLWFyZWEiOiAiXjEuMi4xMCIsCiAgICAgICAgIkByYWRpeC11aS9yZWFjdC1zZWxlY3QiOiAiXjIuMi42IiwKICAgICAgICAiQHJhZGl4LXVpL3JlYWN0LXNlcGFyYXRvciI6ICJeMS4xLjgiLAogICAgICAgICJAcmFkaXgtdWkvcmVhY3Qtc2xpZGVyIjogIl4xLjMuNiIsCiAgICAgICAgIkByYWRpeC11aS9yZWFjdC1zbG90IjogIl4xLjIuNCIsCiAgICAgICAgIkByYWRpeC11aS9yZWFjdC1zd2l0Y2giOiAiXjEuMi42IiwKICAgICAgICAiQHJhZGl4LXVpL3JlYWN0LXRhYnMiOiAiXjEuMS4xMyIsCiAgICAgICAgIkByYWRpeC11aS9yZWFjdC10b2dnbGUiOiAiXjEuMS4xMCIsCiAgICAgICAgIkByYWRpeC11aS9yZWFjdC10b2dnbGUtZ3JvdXAiOiAiXjEuMS4xMSIsCiAgICAgICAgIkByYWRpeC11aS9yZWFjdC10b29sdGlwIjogIl4xLjIuOCIsCiAgICAgICAgIkBzdXBhYmFzZS9zdXBhYmFzZS1qcyI6ICJeMi4xMTIuMiIsCiAgICAgICAgIkB0YWlsd2luZGNzcy92aXRlIjogIl40LjIuMSIsCiAgICAgICAgIkB0YW5zdGFjay9yZWFjdC1xdWVyeSI6ICJeNS4xMDEuMSIsCiAgICAgICAgIkB0YW5zdGFjay9yZWFjdC1yb3V0ZXIiOiAiXjEuMTcwLjE4IiwKICAgICAgICAiQHRhbnN0YWNrL3JlYWN0LXN0YXJ0IjogIl4xLjE2OC4zMiIsCiAgICAgICAgIkB0YW5zdGFjay9yb3V0ZXItcGx1Z2luIjogIl4xLjE2OC4yMyIsCiAgICAgICAgImNsYXNzLXZhcmlhbmNlLWF1dGhvcml0eSI6ICJeMC43LjEiLAogICAgICAgICJjbHN4IjogIl4yLjEuMSIsCiAgICAgICAgImNtZGsiOiAiXjEuMS4xIiwKICAgICAgICAiZGF0ZS1mbnMiOiAiXjQuMS4wIiwKICAgICAgICAiZW1ibGEtY2Fyb3VzZWwtcmVhY3QiOiAiXjguNi4wIiwKICAgICAgICAiaW5wdXQtb3RwIjogIl4xLjQuMiIsCiAgICAgICAgImx1Y2lkZS1yZWFjdCI6ICJeMC41NzUuMCIsCiAgICAgICAgInJlYWN0IjogIl4xOS4yLjAiLAogICAgICAgICJyZWFjdC1kYXktcGlja2VyIjogIl45LjE0LjAiLAogICAgICAgICJyZWFjdC1kb20iOiAiXjE5LjIuMCIsCiAgICAgICAgInJlYWN0LWhvb2stZm9ybSI6ICJeNy43MS4yIiwKICAgICAgICAicmVhY3QtcmVzaXphYmxlLXBhbmVscyI6ICJeNC42LjUiLAogICAgICAgICJyZWNoYXJ0cyI6ICJeMi4xNS40IiwKICAgICAgICAic29ubmVyIjogIl4yLjAuNyIsCiAgICAgICAgInRhaWx3aW5kLW1lcmdlIjogIl4zLjUuMCIsCiAgICAgICAgInRhaWx3aW5kY3NzIjogIl40LjIuMSIsCiAgICAgICAgInR3LWFuaW1hdGUtY3NzIjogIl4xLjMuNCIsCiAgICAgICAgInZhdWwiOiAiXjEuMS4yIiwKICAgICAgICAidml0ZS10c2NvbmZpZy1wYXRocyI6ICJeNi4wLjIiLAogICAgICAgICJ6b2QiOiAiXjMuMjQuMiIKICAgICAgfSwKICAgICAgImRldkRlcGVuZGVuY2llcyI6IHsKICAgICAgICAiQGVzbGludC9qcyI6ICJeOS4zMi4wIiwKICAgICAgICAiQGxvdmFibGUuZGV2L3ZpdGUtdGFuc3RhY2stY29uZmlnIjogIjIuOS4xIiwKICAgICAgICAiQHR5cGVzL25vZGUiOiAiXjIyLjE2LjUiLAogICAgICAgICJAdHlwZXMvcmVhY3QiOiAiXjE5LjIuMCIsCiAgICAgICAgIkB0eXBlcy9yZWFjdC1kb20iOiAiXjE5LjIuMCIsCiAgICAgICAgIkB2aXRlanMvcGx1Z2luLXJlYWN0IjogIl41LjIuMCIsCiAgICAgICAgImVzbGludCI6ICJeOS4zMi4wIiwKICAgICAgICAiZXNsaW50LWNvbmZpZy1wcmV0dGllciI6ICJeMTAuMS4xIiwKICAgICAgICAiZXNsaW50LXBsdWdpbi1wcmV0dGllciI6ICJeNS4yLjYiLAogICAgICAgICJlc2xpbnQtcGx1Z2luLXJlYWN0LWhvb2tzIjogIl41LjIuMCIsCiAgICAgICAgImVzbGludC1wbHVnaW4tcmVhY3QtcmVmcmVzaCI6ICJeMC40LjIwIiwKICAgICAgICAiZ2xvYmFscyI6ICJeMTUuMTUuMCIsCiAgICAgICAgIm5pdHJvIjogIjMuMC4yNjA2MDMtYmV0YSIsCiAgICAgICAgInByZXR0aWVyIjogIl4zLjcuMyIsCiAgICAgICAgInR5cGVzY3JpcHQiOiAiXjUuOC4zIiwKICAgICAgICAidHlwZXNjcmlwdC1lc2xpbnQiOiAiXjguNTYuMSIsCiAgICAgICAgInZpdGUiOiAiXjguMi4wIgogICAgICB9CiAgICB9LAogICAgIm5vZGVfbW9kdWxlcy9AYmFiZWwvY29kZS1mcmFtZSI6IHsKICAgICAgInZlcnNpb24iOiAiNy4yOS43IiwKICAgICAgInJlc29sdmVkIjogImh0dHBzOi8vcmVnaXN0cnkubnBtanMub3JnL0BiYWJlbC9jb2RlLWZyYW1lLy0vY29kZS1mcmFtZS03LjI5LjcudGd6IiwKICAgICAgImludGVncml0eSI6ICJzaGE1MTItQXVwN2FVT2ZwYkFVZzJST09KTjZJdzVmOURNQmx6dTBtSWttL21hbExRRk4vWVFnTzQ4d0NqMEt4YTNzRUhKdlBWRmc3c2lSK3FSSW53WGQycWhRS3c9PSIsCiAgICAgICJsaWNlbnNlIjogIk1JVCIsCiAgICAgICJkZXBlbmRlbmNpZXMiOiB7CiAgICAgICAgIkBiYWJlbC9oZWxwZXItdmFsaWRhdG9yLWlkZW50aWZpZXIiOiAiXjcuMjkuNyIsCiAgICAgICAgImpzLXRva2VucyI6ICJeNC4wLjAiLAogICAgICAgICJwaWNvY29sb3JzIjogIl4xLjEuMSIKICAgICAgfSwKICAgICAgImVuZ2luZXMiOiB7CiAgICAgICAgIm5vZGUiOiAiPj02LjkuMCIKICAgICAgfQogICAgfSwKICAgICJub2RlX21vZHVsZXMvQGJhYmVsL2NvbXBhdC1kYXRhIjogewogICAgICAidmVyc2lvbiI6ICI3LjI5LjciLAogICAgICAicmVzb2x2ZWQiOiAiaHR0cHM6Ly9yZWdpc3RyeS5ucG1qcy5vcmcvQGJhYmVsL2NvbXBhdC1kYXRhLy0vY29tcGF0LWRhdGEtNy4yOS43LnRneiIsCiAgICAgICJpbnRlZ3JpdHkiOiAic2hhNTEyLWxvY1RrUXlLdndJRWdCelZybjg2OTNlYmM5N0YyVThaSGpiWHdEWEo1Rm4yVENwTndUbEtjYUtMa2RIb3A1Yy9pY09GRTdxdDdROUpDNWhuS05hNkdnPT0iLAogICAgICAibGljZW5zZSI6ICJNSVQiLAogICAgICAiZW5naW5lcyI6IHsKICAgICAgICAibm9kZSI6ICI+PTYuOS4wIgogICAgICB9CiAgICB9LAogICAgIm5vZGVfbW9kdWxlcy9AYmFiZWwvY29yZSI6IHsKICAgICAgInZlcnNpb24iOiAiNy4yOS43IiwKICAgICAgInJlc29sdmVkIjogImh0dHBzOi8vcmVnaXN0cnkubnBtanMub3JnL0BiYWJlbC9jb3JlLy0vY29yZS03LjI5LjcudGd6IiwKICAgICAgImludGVncml0eSI6ICJzaGE1MTItUmdIQkN2dGpiT0syZ1hTTkJOSWtOb0VjOXFvVkV0YXUzaGo4Z0VxS1F1TDNIWkFpYkthcldGRUkzTGZtNkVZS2tMYWxPaDhlU3JqOWIrY2g5SC9WQkE9PSIsCiAgICAgICJsaWNlbnNlIjogIk1JVCIsCiAgICAgICJkZXBlbmRlbmNpZXMiOiB7CiAgICAgICAgIkBiYWJlbC9jb2RlLWZyYW1lIjogIl43LjI5LjciLAogICAgICAgICJAYmFiZWwvZ2VuZXJhdG9yIjogIl43LjI5LjciLAogICAgICAgICJAYmFiZWwvaGVscGVyLWNvbXBpbGF0aW9uLXRhcmdldHMiOiAiXjcuMjkuNyIsCiAgICAgICAgIkBiYWJlbC9oZWxwZXItbW9kdWxlLXRyYW5zZm9ybXMiOiAiXjcuMjkuNyIsCiAgICAgICAgIkBiYWJlbC9oZWxwZXJzIjogIl43LjI5LjciLAogICAgICAgICJAYmFiZWwvcGFyc2VyIjogIl43LjI5LjciLAogICAgICAgICJAYmFiZWwvdGVtcGxhdGUiOiAiXjcuMjkuNyIsCiAgICAgICAgIkBiYWJlbC90cmF2ZXJzZSI6ICJeNy4yOS43IiwKICAgICAgICAiQGJhYmVsL3R5cGVzIjogIl43LjI5LjciLAogICAgICAgICJAanJpZGdld2VsbC9yZW1hcHBpbmciOiAiXjIuMy41IiwKICAgICAgICAiY29udmVydC1zb3VyY2UtbWFwIjogIl4yLjAuMCIsCiAgICAgICAgImRlYnVnIjogIl40LjEuMCIsCiAgICAgICAgImdlbnN5bmMiOiAiXjEuMC4wLWJldGEuMiIsCiAgICAgICAgImpzb241IjogIl4yLjIuMyIsCiAgICAgICAgInNlbXZlciI6ICJeNi4zLjEiCiAgICAgIH0sCiAgICAgICJlbmdpbmVzIjogewogICAgICAgICJub2RlIjogIj49Ni45LjAiCiAgICAgIH0sCiAgICAgICJmdW5kaW5nIjogewogICAgICAgICJ0eXBlIjogIm9wZW5jb2xsZWN0aXZlIiwKICAgICAgICAidXJsIjogImh0dHBzOi8vb3BlbmNvbGxlY3RpdmUuY29tL2JhYmVsIgogICAgICB9CiAgICB9LAogICAgIm5vZGVfbW9kdWxlcy9AYmFiZWwvZ2VuZXJhdG9yIjogewogICAgICAidmVyc2lvbiI6ICI3LjI5LjgiLAogICAgICAicmVzb2x2ZWQiOiAiaHR0cHM6Ly9yZWdpc3RyeS5ucG1qcy5vcmcvQGJhYmVsL2dlbmVyYXRvci8tL2dlbmVyYXRvci03LjI5LjgudGd6IiwKICAgICAgImludGVncml0eSI6ICJzaGE1MTItZ1piZXBzZGgzV0R0Z1pLV0wrdlRQaDcxTFNCcm0vWTQvUURaQlZDY1lmbWVURUV1b09Zd2xTeStHMVN0ZkpnKy9aeTU1MHUvM1RBVGJtN3FEYmJNdGc9PSIsCiAgICAgICJsaWNlbnNlIjogIk1JVCIsCiAgICAgICJkZXBlbmRlbmNpZXMiOiB7CiAgICAgICAgIkBiYWJlbC9wYXJzZXIiOiAiXjcuMjkuOCIsCiAgICAgICAgIkBiYWJlbC90eXBlcyI6ICJeNy4yOS44IiwKICAgICAgICAiQGpyaWRnZXdlbGwvZ2VuLW1hcHBpbmciOiAiXjAuMy4xMiIsCiAgICAgICAgIkBqcmlkZ2V3ZWxsL3RyYWNlLW1hcHBpbmciOiAiXjAuMy4yOCIsCiAgICAgICAgImpzZXNjIjogIl4zLjAuMiIKICAgICAgfSwKICAgICAgImVuZ2luZXMiOiB7CiAgICAgICAgIm5vZGUiOiAiPj02LjkuMCIKICAgICAgfQogICAgfSwKICAgICJub2RlX21vZHVsZXMvQGJhYmVsL2hlbHBlci1jb21waWxhdGlvbi10YXJnZXRzIjogewogICAgICAidmVyc2lvbiI6ICI3LjI5LjciLAogICAgICAicmVzb2x2ZWQiOiAiaHR0cHM6Ly9yZWdpc3RyeS5ucG1qcy5vcmcvQGJhYmVsL2hlbHBlci1jb21waWxhdGlvbi10YXJnZXRzLy0vaGVscGVyLWNvbXBpbGF0aW9uLXRhcmdldHMtNy4yOS43LnRneiIsCiAgICAgICJpbnRlZ3JpdHkiOiAic2hhNTEyLXdlbTZXYUJqNE5hVllWZE5oTFBQVmFjRVM2WkorS0JCZlNrVE1EM1laeGJQM3JtM0RpODV0SlU1bGphVU5oYU95bnQrQWoweHJ1aFl1elFCdDhuNzFnPT0iLAogICAgICAibGljZW5zZSI6ICJNSVQiLAogICAgICAiZGVwZW5kZW5jaWVzIjogewogICAgICAgICJAYmFiZWwvY29tcGF0LWRhdGEiOiAiXjcuMjkuNyIsCiAgICAgICAgIkBiYWJlbC9oZWxwZXItdmFsaWRhdG9yLW9wdGlvbiI6ICJeNy4yOS43IiwKICAgICAgICAiYnJvd3NlcnNsaXN0IjogIl40LjI0LjAiLAogICAgICAgICJscnUtY2FjaGUiOiAiXjUuMS4xIiwKICAgICAgICAic2VtdmVyIjogIl42LjMuMSIKICAgICAgfSwKICAgICAgImVuZ2luZXMiOiB7CiAgICAgICAgIm5vZGUiOiAiPj02LjkuMCIKICAgICAgfQogICAgfSwKICAgICJub2RlX21vZHVsZXMvQGJhYmVsL2hlbHBlci1nbG9iYWxzIjogewogICAgICAidmVyc2lvbiI6ICI3LjI5LjciLAogICAgICAicmVzb2x2ZWQiOiAiaHR0cHM6Ly9yZWdpc3RyeS5ucG1qcy5vcmcvQGJhYmVsL2hlbHBlci1nbG9iYWxzLy0vaGVscGVyLWdsb2JhbHMtNy4yOS43LnRneiIsCiAgICAgICJpbnRlZ3JpdHkiOiAic2hhNTEyLTNuUVZVQXR2a0tIOXphaGZXZ3c5NkpjL3VGT21qQUNFMWtRejgyRTJscVdtSEJnanpiTmxzQzIybnVRVGZhaG1XZVF0VHE1blEvNE5uZDJBMXdqNHpBPT0iLAogICAgICAibGljZW5zZSI6ICJNSVQiLAogICAgICAiZW5naW5lcyI6IHsKICAgICAgICAibm9kZSI6ICI+PTYuOS4wIgogICAgICB9CiAgICB9LAogICAgIm5vZGVfbW9kdWxlcy9AYmFiZWwvaGVscGVyLW1vZHVsZS1pbXBvcnRzIjogewogICAgICAidmVyc2lvbiI6ICI3LjI5LjciLAogICAgICAicmVzb2x2ZWQiOiAiaHR0cHM6Ly9yZWdpc3RyeS5ucG1qcy5vcmcvQGJhYmVsL2hlbHBlci1tb2R1bGUtaW1wb3J0cy8tL2hlbHBlci1tb2R1bGUtaW1wb3J0cy03LjI5LjcudGd6IiwKICAgICAgImludGVncml0eSI6ICJzaGE1MTItZWpId3JRUVljbTl4blRpdlNobjJJRE9sSXpJbk4zNEFYc2t2cTlRaWN2Q3RFenExVnpjbHUvdEtGOEpxMUNnOEpHMkdMNi9FbWpnc0NUN2xYZXBFM2c9PSIsCiAgICAgICJsaWNlbnNlIjogIk1JVCIsCiAgICAgICJkZXBlbmRlbmNpZXMiOiB7CiAgICAgICAgIkBiYWJlbC90cmF2ZXJzZSI6ICJeNy4yOS43IiwKICAgICAgICAiQGJhYmVsL3R5cGVzIjogIl43LjI5LjciCiAgICAgIH0sCiAgICAgICJlbmdpbmVzIjogewogICAgICAgICJub2RlIjogIj49Ni45LjAiCiAgICAgIH0KICAgIH0sCiAgICAibm9kZV9tb2R1bGVzL0BiYWJlbC9oZWxwZXItbW9kdWxlLXRyYW5zZm9ybXMiOiB7CiAgICAgICJ2ZXJzaW9uIjogIjcuMjkuNyIsCiAgICAgICJyZXNvbHZlZCI6ICJodHRwczovL3JlZ2lzdHJ5Lm5wbWpzLm9yZy9AYmFiZWwvaGVscGVyLW1vZHVsZS10cmFuc2Zvcm1zLy0vaGVscGVyLW1vZHVsZS10cmFuc2Zvcm1zLTcuMjkuNy50Z3oiLAogICAgICAiaW50ZWdyaXR5IjogInNoYTUxMi1VUFVWU3lYYk9oNjI3S2lDSUdRU2d3V3pHZUJLTGthSjlQSkVkcm5nSXdNU3p4TFI0alM0K2YxZjFqYjdWekJiZzhuRkxhWW90dlZQRkNUcWRybVRBZz09IiwKICAgICAgImxpY2Vuc2UiOiAiTUlUIiwKICAgICAgImRlcGVuZGVuY2llcyI6IHsKICAgICAgICAiQGJhYmVsL2hlbHBlci1tb2R1bGUtaW1wb3J0cyI6ICJeNy4yOS43IiwKICAgICAgICAiQGJhYmVsL2hlbHBlci12YWxpZGF0b3ItaWRlbnRpZmllciI6ICJeNy4yOS43IiwKICAgICAgICAiQGJhYmVsL3RyYXZlcnNlIjogIl43LjI5LjciCiAgICAgIH0sCiAgICAgICJlbmdpbmVzIjogewogICAgICAgICJub2RlIjogIj49Ni45LjAiCiAgICAgIH0sCiAgICAgICJwZWVyRGVwZW5kZW5jaWVzIjogewogICAgICAgICJAYmFiZWwvY29yZSI6ICJeNy4wLjAiCiAgICAgIH0KICAgIH0sCiAgICAibm9kZV9tb2R1bGVzL0BiYWJlbC9oZWxwZXItcGx1Z2luLXV0aWxzIjogewogICAgICAidmVyc2lvbiI6ICI3LjI5LjciLAogICAgICAicmVzb2x2ZWQiOiAiaHR0cHM6Ly9yZWdpc3RyeS5ucG1qcy5vcmcvQGJhYmVsL2hlbHBlci1wbHVnaW4tdXRpbHMvLS9oZWxwZXItcGx1Z2luLXV0aWxzLTcuMjkuNy50Z3oiLAogICAgICAiaW50ZWdyaXR5IjogInNoYTUxMi1HN3NIWWlnUFkxN29PNVNZV25mRC8wTVRCd1ZSNzgxUy9KSTY0M2UvSmhVWWdWZ1dFLzYxU29XM05IOUtXVUt5S3E1TFZoM25waWY5OVdrdDZqODZKdz09IiwKICAgICAgImRldiI6IHRydWUsCiAgICAgICJsaWNlbnNlIjogIk1JVCIsCiAgICAgICJlbmdpbmVzIjogewogICAgICAgICJub2RlIjogIj49Ni45LjAiCiAgICAgIH0KICAgIH0sCiAgICAibm9kZV9tb2R1bGVzL0BiYWJlbC9oZWxwZXItc3RyaW5nLXBhcnNlciI6IHsKICAgICAgInZlcnNpb24iOiAiNy4yOS43IiwKICAgICAgInJlc29sdmVkIjogImh0dHBzOi8vcmVnaXN0cnkubnBtanMub3JnL0BiYWJlbC9oZWxwZXItc3RyaW5nLXBhcnNlci8tL2hlbHBlci1zdHJpbmctcGFyc2VyLTcuMjkuNy50Z3oiLAogICAgICAiaW50ZWdyaXR5IjogInNoYTUxMi1QYjVpalByWjg5R0RIODIyM0w0VVA4aTZRQXBXeHMwNFJiUFFKVGVXRFYwL2tlUjJFMzZNZUtueXI2TFltVVV2cVJSSStJdjg3U3VGMVc2RXJJTnpZdz09IiwKICAgICAgImxpY2Vuc2UiOiAiTUlUIiwKICAgICAgImVuZ2luZXMiOiB7CiAgICAgICAgIm5vZGUiOiAiPj02LjkuMCIKICAgICAgfQogICAgfSwKICAgICJub2RlX21vZHVsZXMvQGJhYmVsL2hlbHBlci12YWxpZGF0b3ItaWRlbnRpZmllciI6IHsKICAgICAgInZlcnNpb24iOiAiNy4yOS43IiwKICAgICAgInJlc29sdmVkIjogImh0dHBzOi8vcmVnaXN0cnkubnBtanMub3JnL0BiYWJlbC9oZWxwZXItdmFsaWRhdG9yLWlkZW50aWZpZXIvLS9oZWxwZXItdmFsaWRhdG9yLWlkZW50aWZpZXItNy4yOS43LnRneiIsCiAgICAgICJpbnRlZ3JpdHkiOiAic2hhNTEyLXFlaHhHa1JqNTVoL2ZmOEVNYUorY1loeWFLbEhJeHFZRG42ODJ3UUQ3Uk5wOVV1ak9Rc0hvZzJ1UzByMnZ6cjRwVytzWGY5ME5lZWF5amNOYVgzZkZnPT0iLAogICAgICAibGljZW5zZSI6ICJNSVQiLAogICAgICAiZW5naW5lcyI6IHsKICAgICAgICAibm9kZSI6ICI+PTYuOS4wIgogICAgICB9CiAgICB9LAogICAgIm5vZGVfbW9kdWxlcy9AYmFiZWwvaGVscGVyLXZhbGlkYXRvci1vcHRpb24iOiB7CiAgICAgICJ2ZXJzaW9uIjogIjcuMjkuNyIsCiAgICAgICJyZXNvbHZlZCI6ICJodHRwczovL3JlZ2lzdHJ5Lm5wbWpzLm9yZy9AYmFiZWwvaGVscGVyLXZhbGlkYXRvci1vcHRpb24vLS9oZWxwZXItdmFsaWRhdG9yLW9wdGlvbi03LjI5LjcudGd6IiwKICAgICAgImludGVncml0eSI6ICJzaGE1MTItTjlaRXJyRCt5VzVnZUNEdEJxbk9veG1SOCt0TktpR3V4S2xEcHVKeGZzcXBhMmRGY2V4YXppR0FFL3FvSExpRERyZVZOTXVweEdtU29ObHl2c0EzZ3c9PSIsCiAgICAgICJsaWNlbnNlIjogIk1JVCIsCiAgICAgICJlbmdpbmVzIjogewogICAgICAgICJub2RlIjogIj49Ni45LjAiCiAgICAgIH0KICAgIH0sCiAgICAibm9kZV9tb2R1bGVzL0BiYWJlbC9oZWxwZXJzIjogewogICAgICAidmVyc2lvbiI6ICI3LjI5LjciLAogICAgICAicmVzb2x2ZWQiOiAiaHR0cHM6Ly9yZWdpc3RyeS5ucG1qcy5vcmcvQGJhYmVsL2hlbHBlcnMvLS9oZWxwZXJzLTcuMjkuNy50Z3oiLAogICAgICAiaW50ZWdyaXR5IjogInNoYTUxMi0xazJsQUdSTWZIVGN3dU5ZY0NOVW1hVWZmbVF2OEtXTWZoMmlKVVVlUmx3bHdINEZkTkc3bWZQSTEwTlBmTEhKRlRoRTRUeXI0bXY3a1ROWk9pUHVCZz09IiwKICAgICAgImxpY2Vuc2UiOiAiTUlUIiwKICAgICAgImRlcGVuZGVuY2llcyI6IHsKICAgICAgICAiQGJhYmVsL3RlbXBsYXRlIjogIl43LjI5LjciLAogICAgICAgICJAYmFiZWwvdHlwZXMiOiAiXjcuMjkuNyIKICAgICAgfSwKICAgICAgImVuZ2luZXMiOiB7CiAgICAgICAgIm5vZGUiOiAiPj02LjkuMCIKICAgICAgfQogICAgfSwKICAgICJub2RlX21vZHVsZXMvQGJhYmVsL3BhcnNlciI6IHsKICAgICAgInZlcnNpb24iOiAiNy4yOS44IiwKICAgICAgInJlc29sdmVkIjogImh0dHBzOi8vcmVnaXN0cnkubnBtanMub3JnL0BiYWJlbC9wYXJzZXIvLS9wYXJzZXItNy4yOS44LnRneiIsCiAgICAgICJpbnRlZ3JpdHkiOiAic2hhNTEyLUU4bFRBWU5CMUtXK0ZIK1ZHSnVaTTFpb0F4MkU2b1ZsdlFGUnJmNVA4Wlptc2lKWFlBRDl2VEZWN3l5RVVSTnpnaDFkRnFNWnVPNnRVd2NBUmJxRkNBPT0iLAogICAgICAibGljZW5zZSI6ICJNSVQiLAogICAgICAiZGVwZW5kZW5jaWVzIjogewogICAgICAgICJAYmFiZWwvdHlwZXMiOiAiXjcuMjkuOCIKICAgICAgfSwKICAgICAgImJpbiI6IHsKICAgICAgICAicGFyc2VyIjogImJpbi9iYWJlbC1wYXJzZXIuanMiCiAgICAgIH0sCiAgICAgICJlbmdpbmVzIjogewogICAgICAgICJub2RlIjogIj49Ni4wLjAiCiAgICAgIH0KICAgIH0sCiAgICAibm9kZV9tb2R1bGVzL0BiYWJlbC9wbHVnaW4tdHJhbnNmb3JtLXJlYWN0LWpzeC1zZWxmIjogewogICAgICAidmVyc2lvbiI6ICI3LjI5LjciLAogICAgICAicmVzb2x2ZWQiOiAiaHR0cHM6Ly9yZWdpc3RyeS5ucG1qcy5vcmcvQGJhYmVsL3BsdWdpbi10cmFuc2Zvcm0tcmVhY3QtanN4LXNlbGYvLS9wbHVnaW4tdHJhbnNmb3JtLXJlYWN0LWpzeC1zZWxmLTcuMjkuNy50Z3oiLAogICAgICAiaW50ZWdyaXR5IjogInNoYTUxMi1UTDBoTWM5eHp5ODZWRDMxblVpd3pkNW90UkFjeUVQY3NlZ0N4b2xPMFB2Y1h1SDF2MGtFQ2UvVUl6bllGaWhwa3ZVNXdnL2prNHYwVFRFRmZtNTNmdz09IiwKICAgICAgImRldiI6IHRydWUsCiAgICAgICJsaWNlbnNlIjogIk1JVCIsCiAgICAgICJkZXBlbmRlbmNpZXMiOiB7CiAgICAgICAgIkBiYWJlbC9oZWxwZXItcGx1Z2luLXV0aWxzIjogIl43LjI5LjciCiAgICAgIH0sCiAgICAgICJlbmdpbmVzIjogewogICAgICAgICJub2RlIjogIj49Ni45LjAiCiAgICAgIH0sCiAgICAgICJwZWVyRGVwZW5kZW5jaWVzIjogewogICAgICAgICJAYmFiZWwvY29yZSI6ICJeNy4wLjAtMCIKICAgICAgfQogICAgfSwKICAgICJub2RlX21vZHVsZXMvQGJhYmVsL3BsdWdpbi10cmFuc2Zvcm0tcmVhY3QtanN4LXNvdXJjZSI6IHsKICAgICAgInZlcnNpb24iOiAiNy4yOS43IiwKICAgICAgInJlc29sdmVkIjogImh0dHBzOi8vcmVnaXN0cnkubnBtanMub3JnL0BiYWJlbC9wbHVnaW4tdHJhbnNmb3JtLXJlYWN0LWpzeC1zb3VyY2UvLS9wbHVnaW4tdHJhbnNmb3JtLXJlYWN0LWpzeC1zb3VyY2UtNy4yOS43LnRneiIsCiAgICAgICJpbnRlZ3JpdHkiOiAic2hhNTEyLTA2SXlLMDlIM3dpNGNHYmhEQndwNWdVR28wSUt0bllhOHR5VGllcGhpclBDSzZmYm9iVkdpWE1NSTV6TFE0YUtFWVAzd1ozQXJVNDRvKzhLTXJTRy9RPT0iLAogICAgICAiZGV2IjogdHJ1ZSwKICAgICAgImxpY2Vuc2UiOiAiTUlUIiwKICAgICAgImRlcGVuZGVuY2llcyI6IHsKICAgICAgICAiQGJhYmVsL2hlbHBlci1wbHVnaW4tdXRpbHMiOiAiXjcuMjkuNyIKICAgICAgfSwKICAgICAgImVuZ2luZXMiOiB7CiAgICAgICAgIm5vZGUiOiAiPj02LjkuMCIKICAgICAgfSwKICAgICAgInBlZXJEZXBlbmRlbmNpZXMiOiB7CiAgICAgICAgIkBiYWJlbC9jb3JlIjogIl43LjAuMC0wIgogICAgICB9CiAgICB9LAogICAgIm5vZGVfbW9kdWxlcy9AYmFiZWwvcnVudGltZSI6IHsKICAgICAgInZlcnNpb24iOiAiNy4yOS43IiwKICAgICAgInJlc29sdmVkIjogImh0dHBzOi8vcmVnaXN0cnkubnBtanMub3JnL0BiYWJlbC9ydW50aW1lLy0vcnVudGltZS03LjI5LjcudGd6IiwKICAgICAgImludGVncml0eSI6ICJzaGE1MTItTnE4T2hHV2laSVpHVjZoTEhveUFLTExjSmloUC94RmVCTUdKb1VyeFRYMnBzSThkQ2lmekxoWklTRmIrVldTM3dGTVJEbUNHdzVSK2RPeVNDcVBMaHc9PSIsCiAgICAgICJsaWNlbnNlIjogIk1JVCIsCiAgICAgICJlbmdpbmVzIjogewogICAgICAgICJub2RlIjogIj49Ni45LjAiCiAgICAgIH0KICAgIH0sCiAgICAibm9kZV9tb2R1bGVzL0BiYWJlbC90ZW1wbGF0ZSI6IHsKICAgICAgInZlcnNpb24iOiAiNy4yOS43IiwKICAgICAgInJlc29sdmVkIjogImh0dHBzOi8vcmVnaXN0cnkubnBtanMub3JnL0BiYWJlbC90ZW1wbGF0ZS8tL3RlbXBsYXRlLTcuMjkuNy50Z3oiLAogICAgICAiaW50ZWdyaXR5IjogInNoYTUxMi1wdXErR2YzNW9JMjRGZU4xMUxrb1VRRnF2OXV3TmVXcHhYWmkvSmkzclJJb0tBektueFJhWitHa2owdktTOVpDaVRFU2ZuZzFOOUx5T3lYdm8rbStHZz09IiwKICAgICAgImxpY2Vuc2UiOiAiTUlUIiwKICAgICAgImRlcGVuZGVuY2llcyI6IHsKICAgICAgICAiQGJhYmVsL2NvZGUtZnJhbWUiOiAiXjcuMjkuNyIsCiAgICAgICAgIkBiYWJlbC9wYXJzZXIiOiAiXjcuMjkuNyIsCiAgICAgICAgIkBiYWJlbC90eXBlcyI6ICJeNy4yOS43IgogICAgICB9LAogICAgICAiZW5naW5lcyI6IHsKICAgICAgICAibm9kZSI6ICI+PTYuOS4wIgogICAgICB9CiAgICB9LAogICAgIm5vZGVfbW9kdWxlcy9AYmFiZWwvdHJhdmVyc2UiOiB7CiAgICAgICJ2ZXJzaW9uIjogIjcuMjkuOCIsCiAgICAgICJyZXNvbHZlZCI6ICJodHRwczovL3JlZ2lzdHJ5Lm5wbWpzLm9yZy9AYmFiZWwvdHJhdmVyc2UvLS90cmF2ZXJzZS03LjI5LjgudGd6IiwKICAgICAgImludGVncml0eSI6ICJzaGE1MTItSTV6N0gzYmYvNDFrdHNOVkx0cE4wd0FhMzM2SGtxSUhRNUJ1UExFaFRrdDFqVlN5WnBlTktJelRnRVdtbHhqZGc4MVIwSWdVQ2NhRStPazNOdnJmWmc9PSIsCiAgICAgICJsaWNlbnNlIjogIk1JVCIsCiAgICAgICJkZXBlbmRlbmNpZXMiOiB7CiAgICAgICAgIkBiYWJlbC9jb2RlLWZyYW1lIjogIl43LjI5LjciLAogICAgICAgICJAYmFiZWwvZ2VuZXJhdG9yIjogIl43LjI5LjgiLAogICAgICAgICJAYmFiZWwvaGVscGVyLWdsb2JhbHMiOiAiXjcuMjkuNyIsCiAgICAgICAgIkBiYWJlbC9wYXJzZXIiOiAiXjcuMjkuOCIsCiAgICAgICAgIkBiYWJlbC90ZW1wbGF0ZSI6ICJeNy4yOS43IiwKICAgICAgICAiQGJhYmVsL3R5cGVzIjogIl43LjI5LjgiLAogICAgICAgICJkZWJ1ZyI6ICJeNC4zLjEiCiAgICAgIH0sCiAgICAgICJlbmdpbmVzIjogewogICAgICAgICJub2RlIjogIj49Ni45LjAiCiAgICAgIH0KICAgIH0sCiAgICAibm9kZV9tb2R1bGVzL0BiYWJlbC90eXBlcyI6IHsKICAgICAgInZlcnNpb24iOiAiNy4yOS44IiwKICAgICAgInJlc29sdmVkIjogImh0dHBzOi8vcmVnaXN0cnkubnBtanMub3JnL0BiYWJlbC90eXBlcy8tL3R5cGVzLTcuMjkuOC50Z3oiLAogICAgICAiaW50ZWdyaXR5IjogInNoYTUxMi1WajFqRjNjUGZ4ZzdPQWZvSTdRblZLTG9JTGxtMkpGOXBuVkhyWDhxeDdBSE1pWVdUK05EQUE3akNobE5nUlM0V1RMYy9mRDFsWExtUGl4bHVqKzNHZz09IiwKICAgICAgImxpY2Vuc2UiOiAiTUlUIiwKICAgICAgImRlcGVuZGVuY2llcyI6IHsKICAgICAgICAiQGJhYmVsL2hlbHBlci1zdHJpbmctcGFyc2VyIjogIl43LjI5LjciLAogICAgICAgICJAYmFiZWwvaGVscGVyLXZhbGlkYXRvci1pZGVudGlmaWVyIjogIl43LjI5LjciCiAgICAgIH0sCiAgICAgICJlbmdpbmVzIjogewogICAgICAgICJub2RlIjogIj49Ni45LjAiCiAgICAgIH0KICAgIH0sCiAgICAibm9kZV9tb2R1bGVzL0BkYXRlLWZucy90eiI6IHsKICAgICAgInZlcnNpb24iOiAiMS41LjAiLAogICAgICAicmVzb2x2ZWQiOiAiaHR0cHM6Ly9yZWdpc3RyeS5ucG1qcy5vcmcvQGRhdGUtZm5zL3R6Ly0vdHotMS41LjAudGd6IiwKICAgICAgImludGVncml0eSI6ICJzaGE1MTItbHdZTi92RFBlTlJVTGNlcG9FL0xPMlBneCs3L1JWK1M5QVJmYmM5bHIyRHRHa09EN3BBaXJ1SHZiUjFSWDNReWY2amE0N0VXSkRNc05LNXZLMDhESmc9PSIsCiAgICAgICJsaWNlbnNlIjogIk1JVCIKICAgIH0sCiAgICAibm9kZV9tb2R1bGVzL0Blc2xpbnQtY29tbXVuaXR5L2VzbGludC11dGlscyI6IHsKICAgICAgInZlcnNpb24iOiAiNC4xMC4xIiwKICAgICAgInJlc29sdmVkIjogImh0dHBzOi8vcmVnaXN0cnkubnBtanMub3JnL0Blc2xpbnQtY29tbXVuaXR5L2VzbGludC11dGlscy8tL2VzbGludC11dGlscy00LjEwLjEudGd6IiwKICAgICAgImludGVncml0eSI6ICJzaGE1MTItY3VhZGN4VkZFOHNESzZpV0piczhTbjBhdjJOcmgyUVNHUWhWbEJXOUFhQUhxSHdqV3NaSFQ4TEo0aEZHUGg3QVNCVjJkZUZkTTdIL0RQanVsbWg4cmc9PSIsCiAgICAgICJkZXYiOiB0cnVlLAogICAgICAibGljZW5zZSI6ICJNSVQiLAogICAgICAiZGVwZW5kZW5jaWVzIjogewogICAgICAgICJlc2xpbnQtdmlzaXRvci1rZXlzIjogIl4zLjQuMyIKICAgICAgfSwKICAgICAgImVuZ2luZXMiOiB7CiAgICAgICAgIm5vZGUiOiAiXjEyLjIyLjAgfHwgXjE0LjE3LjAgfHwgPj0xNi4wLjAiCiAgICAgIH0sCiAgICAgICJmdW5kaW5nIjogewogICAgICAgICJ1cmwiOiAiaHR0cHM6Ly9vcGVuY29sbGVjdGl2ZS5jb20vZXNsaW50IgogICAgICB9LAogICAgICAicGVlckRlcGVuZGVuY2llcyI6IHsKICAgICAgICAiZXNsaW50IjogIl42LjAuMCB8fCBeNy4wLjAgfHwgPj04LjAuMCIKICAgICAgfQogICAgfSwKICAgICJub2RlX21vZHVsZXMvQGVzbGludC1jb21tdW5pdHkvZXNsaW50LXV0aWxzL25vZGVfbW9kdWxlcy9lc2xpbnQtdmlzaXRvci1rZXlzIjogewogICAgICAidmVyc2lvbiI6ICIzLjQuMyIsCiAgICAgICJyZXNvbHZlZCI6ICJodHRwczovL3JlZ2lzdHJ5Lm5wbWpzLm9yZy9lc2xpbnQtdmlzaXRvci1rZXlzLy0vZXNsaW50LXZpc2l0b3Ita2V5cy0zLjQuMy50Z3oiLAogICAgICAiaW50ZWdyaXR5IjogInNoYTUxMi13cGMrTFhlaXlpaXN4UGxFa1V6VTZzdnlTMWZySU8zTWd4ajFmZHk3UG04WWd6Z3VheDJOM0ZhL0QvYWcxV3FiT3ByZEkrdVk2d01VbDgvYTJHK2lhZz09IiwKICAgICAgImRldiI6IHRydWUsCiAgICAgICJsaWNlbnNlIjogIkFwYWNoZS0yLjAiLAogICAgICAiZW5naW5lcyI6IHsKICAgICAgICAibm9kZSI6ICJeMTIuMjIuMCB8fCBeMTQuMTcuMCB8fCA+PTE2LjAuMCIKICAgICAgfSwKICAgICAgImZ1bmRpbmciOiB7CiAgICAgICAgInVybCI6ICJodHRwczovL29wZW5jb2xsZWN0aXZlLmNvbS9lc2xpbnQiCiAgICAgIH0KICAgIH0sCiAgICAibm9kZV9tb2R1bGVzL0Blc2xpbnQtY29t…83045 tokens truncated…llcyI6IHsKICAgICAgICAicGF0aGUiOiAiXjIuMC4zIgogICAgICB9CiAgICB9LAogICAgIm5vZGVfbW9kdWxlcy91bnBsdWdpbiI6IHsKICAgICAgInZlcnNpb24iOiAiMy4zLjAiLAogICAgICAicmVzb2x2ZWQiOiAiaHR0cHM6Ly9yZWdpc3RyeS5ucG1qcy5vcmcvdW5wbHVnaW4vLS91bnBsdWdpbi0zLjMuMC50Z3oiLAogICAgICAiaW50ZWdyaXR5IjogInNoYTUxMi1xYTY2SytjcmJmeUU2SksxMEdqdmJKZVJyT3N1Qy9KcGJuSGN0ZnlwL2k0b0JUeFdPekpmUlp5RGlPazFQdEVyTUZSdThKaHNVL3dQdk9kQk5XZTVSZz09IiwKICAgICAgImxpY2Vuc2UiOiAiTUlUIiwKICAgICAgImRlcGVuZGVuY2llcyI6IHsKICAgICAgICAiQGpyaWRnZXdlbGwvcmVtYXBwaW5nIjogIl4yLjMuNSIsCiAgICAgICAgInBpY29tYXRjaCI6ICJeNC4wLjQiLAogICAgICAgICJ3ZWJwYWNrLXZpcnR1YWwtbW9kdWxlcyI6ICJeMC42LjIiCiAgICAgIH0sCiAgICAgICJlbmdpbmVzIjogewogICAgICAgICJub2RlIjogIl4yMC4xOS4wIHx8ID49MjIuMTIuMCIKICAgICAgfSwKICAgICAgInBlZXJEZXBlbmRlbmNpZXMiOiB7CiAgICAgICAgIkBmYXJtZmUvY29yZSI6ICIqIiwKICAgICAgICAiQHJzcGFjay9jb3JlIjogIioiLAogICAgICAgICJidW4tdHlwZXMtbm8tZ2xvYmFscyI6ICIqIiwKICAgICAgICAiZXNidWlsZCI6ICIqIiwKICAgICAgICAicm9sbGRvd24iOiAiKiIsCiAgICAgICAgInJvbGx1cCI6ICIqIiwKICAgICAgICAidW5sb2FkZXIiOiAiKiIsCiAgICAgICAgInZpdGUiOiAiKiIsCiAgICAgICAgIndlYnBhY2siOiAiKiIKICAgICAgfSwKICAgICAgInBlZXJEZXBlbmRlbmNpZXNNZXRhIjogewogICAgICAgICJAZmFybWZlL2NvcmUiOiB7CiAgICAgICAgICAib3B0aW9uYWwiOiB0cnVlCiAgICAgICAgfSwKICAgICAgICAiQHJzcGFjay9jb3JlIjogewogICAgICAgICAgIm9wdGlvbmFsIjogdHJ1ZQogICAgICAgIH0sCiAgICAgICAgImJ1bi10eXBlcy1uby1nbG9iYWxzIjogewogICAgICAgICAgIm9wdGlvbmFsIjogdHJ1ZQogICAgICAgIH0sCiAgICAgICAgImVzYnVpbGQiOiB7CiAgICAgICAgICAib3B0aW9uYWwiOiB0cnVlCiAgICAgICAgfSwKICAgICAgICAicm9sbGRvd24iOiB7CiAgICAgICAgICAib3B0aW9uYWwiOiB0cnVlCiAgICAgICAgfSwKICAgICAgICAicm9sbHVwIjogewogICAgICAgICAgIm9wdGlvbmFsIjogdHJ1ZQogICAgICAgIH0sCiAgICAgICAgInVubG9hZGVyIjogewogICAgICAgICAgIm9wdGlvbmFsIjogdHJ1ZQogICAgICAgIH0sCiAgICAgICAgInZpdGUiOiB7CiAgICAgICAgICAib3B0aW9uYWwiOiB0cnVlCiAgICAgICAgfSwKICAgICAgICAid2VicGFjayI6IHsKICAgICAgICAgICJvcHRpb25hbCI6IHRydWUKICAgICAgICB9CiAgICAgIH0KICAgIH0sCiAgICAibm9kZV9tb2R1bGVzL3Vuc3RvcmFnZSI6IHsKICAgICAgInZlcnNpb24iOiAiMi4wLjAtYWxwaGEuNyIsCiAgICAgICJyZXNvbHZlZCI6ICJodHRwczovL3JlZ2lzdHJ5Lm5wbWpzLm9yZy91bnN0b3JhZ2UvLS91bnN0b3JhZ2UtMi4wLjAtYWxwaGEuNy50Z3oiLAogICAgICAiaW50ZWdyaXR5IjogInNoYTUxMi1FTFB6dGNoazJ6Z0ZKbmFreW9kVlkzdkpXR1c5ankvL2tlSjMySU9KVkdVTXlhUHlkd2NBMUZ0VnZXcVQwVE5SY2g5SCtjTU5FR2xsZlZGZlNjSW1vZz09IiwKICAgICAgImRldiI6IHRydWUsCiAgICAgICJsaWNlbnNlIjogIk1JVCIsCiAgICAgICJwZWVyRGVwZW5kZW5jaWVzIjogewogICAgICAgICJAYXp1cmUvYXBwLWNvbmZpZ3VyYXRpb24iOiAiXjEuMTEuMCIsCiAgICAgICAgIkBhenVyZS9jb3Ntb3MiOiAiXjQuOS4xIiwKICAgICAgICAiQGF6dXJlL2RhdGEtdGFibGVzIjogIl4xMy4zLjIiLAogICAgICAgICJAYXp1cmUvaWRlbnRpdHkiOiAiXjQuMTMuMCIsCiAgICAgICAgIkBhenVyZS9rZXl2YXVsdC1zZWNyZXRzIjogIl40LjEwLjAiLAogICAgICAgICJAYXp1cmUvc3RvcmFnZS1ibG9iIjogIl4xMi4zMS4wIiwKICAgICAgICAiQGNhcGFjaXRvci9wcmVmZXJlbmNlcyI6ICJeNiB8fCBeNyB8fCBeOCIsCiAgICAgICAgIkBkZW5vL2t2IjogIj49MC4xMy4wIiwKICAgICAgICAiQG5ldGxpZnkvYmxvYnMiOiAiXjYuNS4wIHx8IF43LjAuMCB8fCBeOC4xLjAgfHwgXjkuMC4wIHx8IF4xMC4wLjAiLAogICAgICAgICJAcGxhbmV0c2NhbGUvZGF0YWJhc2UiOiAiXjEuMTkuMCIsCiAgICAgICAgIkB1cHN0YXNoL3JlZGlzIjogIl4xLjM2LjIiLAogICAgICAgICJAdmVyY2VsL2Jsb2IiOiAiPj0wLjI3LjMiLAogICAgICAgICJAdmVyY2VsL2Z1bmN0aW9ucyI6ICJeMi4yLjEyIHx8IF4zLjAuMCIsCiAgICAgICAgIkB2ZXJjZWwva3YiOiAiXjEuMC4xIiwKICAgICAgICAiYXdzNGZldGNoIjogIl4xLjAuMjAiLAogICAgICAgICJjaG9raWRhciI6ICJeNCB8fCBeNSIsCiAgICAgICAgImRiMCI6ICI+PTAuMy40IiwKICAgICAgICAiaWRiLWtleXZhbCI6ICJeNi4yLjIiLAogICAgICAgICJpb3JlZGlzIjogIl41LjkuMyIsCiAgICAgICAgImxydS1jYWNoZSI6ICJeMTEuMi42IiwKICAgICAgICAibW9uZ29kYiI6ICJeNiB8fCBeNyIsCiAgICAgICAgIm9mZXRjaCI6ICIqIiwKICAgICAgICAidXBsb2FkdGhpbmciOiAiXjcuNy40IgogICAgICB9LAogICAgICAicGVlckRlcGVuZGVuY2llc01ldGEiOiB7CiAgICAgICAgIkBhenVyZS9hcHAtY29uZmlndXJhdGlvbiI6IHsKICAgICAgICAgICJvcHRpb25hbCI6IHRydWUKICAgICAgICB9LAogICAgICAgICJAYXp1cmUvY29zbW9zIjogewogICAgICAgICAgIm9wdGlvbmFsIjogdHJ1ZQogICAgICAgIH0sCiAgICAgICAgIkBhenVyZS9kYXRhLXRhYmxlcyI6IHsKICAgICAgICAgICJvcHRpb25hbCI6IHRydWUKICAgICAgICB9LAogICAgICAgICJAYXp1cmUvaWRlbnRpdHkiOiB7CiAgICAgICAgICAib3B0aW9uYWwiOiB0cnVlCiAgICAgICAgfSwKICAgICAgICAiQGF6dXJlL2tleXZhdWx0LXNlY3JldHMiOiB7CiAgICAgICAgICAib3B0aW9uYWwiOiB0cnVlCiAgICAgICAgfSwKICAgICAgICAiQGF6dXJlL3N0b3JhZ2UtYmxvYiI6IHsKICAgICAgICAgICJvcHRpb25hbCI6IHRydWUKICAgICAgICB9LAogICAgICAgICJAY2FwYWNpdG9yL3ByZWZlcmVuY2VzIjogewogICAgICAgICAgIm9wdGlvbmFsIjogdHJ1ZQogICAgICAgIH0sCiAgICAgICAgIkBkZW5vL2t2IjogewogICAgICAgICAgIm9wdGlvbmFsIjogdHJ1ZQogICAgICAgIH0sCiAgICAgICAgIkBuZXRsaWZ5L2Jsb2JzIjogewogICAgICAgICAgIm9wdGlvbmFsIjogdHJ1ZQogICAgICAgIH0sCiAgICAgICAgIkBwbGFuZXRzY2FsZS9kYXRhYmFzZSI6IHsKICAgICAgICAgICJvcHRpb25hbCI6IHRydWUKICAgICAgICB9LAogICAgICAgICJAdXBzdGFzaC9yZWRpcyI6IHsKICAgICAgICAgICJvcHRpb25hbCI6IHRydWUKICAgICAgICB9LAogICAgICAgICJAdmVyY2VsL2Jsb2IiOiB7CiAgICAgICAgICAib3B0aW9uYWwiOiB0cnVlCiAgICAgICAgfSwKICAgICAgICAiQHZlcmNlbC9mdW5jdGlvbnMiOiB7CiAgICAgICAgICAib3B0aW9uYWwiOiB0cnVlCiAgICAgICAgfSwKICAgICAgICAiQHZlcmNlbC9rdiI6IHsKICAgICAgICAgICJvcHRpb25hbCI6IHRydWUKICAgICAgICB9LAogICAgICAgICJhd3M0ZmV0Y2giOiB7CiAgICAgICAgICAib3B0aW9uYWwiOiB0cnVlCiAgICAgICAgfSwKICAgICAgICAiY2hva2lkYXIiOiB7CiAgICAgICAgICAib3B0aW9uYWwiOiB0cnVlCiAgICAgICAgfSwKICAgICAgICAiZGIwIjogewogICAgICAgICAgIm9wdGlvbmFsIjogdHJ1ZQogICAgICAgIH0sCiAgICAgICAgImlkYi1rZXl2YWwiOiB7CiAgICAgICAgICAib3B0aW9uYWwiOiB0cnVlCiAgICAgICAgfSwKICAgICAgICAiaW9yZWRpcyI6IHsKICAgICAgICAgICJvcHRpb25hbCI6IHRydWUKICAgICAgICB9LAogICAgICAgICJscnUtY2FjaGUiOiB7CiAgICAgICAgICAib3B0aW9uYWwiOiB0cnVlCiAgICAgICAgfSwKICAgICAgICAibW9uZ29kYiI6IHsKICAgICAgICAgICJvcHRpb25hbCI6IHRydWUKICAgICAgICB9LAogICAgICAgICJvZmV0Y2giOiB7CiAgICAgICAgICAib3B0aW9uYWwiOiB0cnVlCiAgICAgICAgfSwKICAgICAgICAidXBsb2FkdGhpbmciOiB7CiAgICAgICAgICAib3B0aW9uYWwiOiB0cnVlCiAgICAgICAgfQogICAgICB9CiAgICB9LAogICAgIm5vZGVfbW9kdWxlcy91cGRhdGUtYnJvd3NlcnNsaXN0LWRiIjogewogICAgICAidmVyc2lvbiI6ICIxLjMuMCIsCiAgICAgICJyZXNvbHZlZCI6ICJodHRwczovL3JlZ2lzdHJ5Lm5wbWpzLm9yZy91cGRhdGUtYnJvd3NlcnNsaXN0LWRiLy0vdXBkYXRlLWJyb3dzZXJzbGlzdC1kYi0xLjMuMC50Z3oiLAogICAgICAiaW50ZWdyaXR5IjogInNoYTUxMi14L002cTN3NFlicDkxQ05hUzRTNjlVbmxpcVIzQnpScE9UNkxXYmtzanRoMFMvK2poZmFQSnNXanQvVGV3cFQ4ajllTElvalVmNWpyMjlXZXh0SHJvQT09IiwKICAgICAgImZ1bmRpbmciOiBbCiAgICAgICAgewogICAgICAgICAgInR5cGUiOiAib3BlbmNvbGxlY3RpdmUiLAogICAgICAgICAgInVybCI6ICJodHRwczovL29wZW5jb2xsZWN0aXZlLmNvbS9icm93c2Vyc2xpc3QiCiAgICAgICAgfSwKICAgICAgICB7CiAgICAgICAgICAidHlwZSI6ICJ0aWRlbGlmdCIsCiAgICAgICAgICAidXJsIjogImh0dHBzOi8vdGlkZWxpZnQuY29tL2Z1bmRpbmcvZ2l0aHViL25wbS9icm93c2Vyc2xpc3QiCiAgICAgICAgfSwKICAgICAgICB7CiAgICAgICAgICAidHlwZSI6ICJnaXRodWIiLAogICAgICAgICAgInVybCI6ICJodHRwczovL2dpdGh1Yi5jb20vc3BvbnNvcnMvYWkiCiAgICAgICAgfQogICAgICBdLAogICAgICAibGljZW5zZSI6ICJNSVQiLAogICAgICAiZGVwZW5kZW5jaWVzIjogewogICAgICAgICJlc2NhbGFkZSI6ICJeMy4yLjAiLAogICAgICAgICJwaWNvY29sb3JzIjogIl4xLjEuMSIKICAgICAgfSwKICAgICAgImJpbiI6IHsKICAgICAgICAidXBkYXRlLWJyb3dzZXJzbGlzdC1kYiI6ICJjbGkuanMiCiAgICAgIH0sCiAgICAgICJwZWVyRGVwZW5kZW5jaWVzIjogewogICAgICAgICJicm93c2Vyc2xpc3QiOiAiPj0gNC4yMS4wIgogICAgICB9CiAgICB9LAogICAgIm5vZGVfbW9kdWxlcy91cmktanMiOiB7CiAgICAgICJ2ZXJzaW9uIjogIjQuNC4xIiwKICAgICAgInJlc29sdmVkIjogImh0dHBzOi8vcmVnaXN0cnkubnBtanMub3JnL3VyaS1qcy8tL3VyaS1qcy00LjQuMS50Z3oiLAogICAgICAiaW50ZWdyaXR5IjogInNoYTUxMi03cktVeXkzM1ExeWM5OHBRMURBbUx0d1gxMDlGN1RJZldsVzFZZG84V2wxaWkxU2VIaWVlaDBISGZQZUwyZk1YSzZ6MHM4ZWNLczlmckN1TEp2bmRCZz09IiwKICAgICAgImRldiI6IHRydWUsCiAgICAgICJsaWNlbnNlIjogIkJTRC0yLUNsYXVzZSIsCiAgICAgICJkZXBlbmRlbmNpZXMiOiB7CiAgICAgICAgInB1bnljb2RlIjogIl4yLjEuMCIKICAgICAgfQogICAgfSwKICAgICJub2RlX21vZHVsZXMvdXNlLWNhbGxiYWNrLXJlZiI6IHsKICAgICAgInZlcnNpb24iOiAiMS4zLjMiLAogICAgICAicmVzb2x2ZWQiOiAiaHR0cHM6Ly9yZWdpc3RyeS5ucG1qcy5vcmcvdXNlLWNhbGxiYWNrLXJlZi8tL3VzZS1jYWxsYmFjay1yZWYtMS4zLjMudGd6IiwKICAgICAgImludGVncml0eSI6ICJzaGE1MTItalFMM2xSbm9jYUZ0dTNWMDBKVG9Zei80UWtOV3N3eGlqRGFDVk5aUmlSVE8zSFFETHNkdTFadG1JVXZWNHlQcCtydldtNWoweTBURy9TNjFjdWlqVGc9PSIsCiAgICAgICJsaWNlbnNlIjogIk1JVCIsCiAgICAgICJkZXBlbmRlbmNpZXMiOiB7CiAgICAgICAgInRzbGliIjogIl4yLjAuMCIKICAgICAgfSwKICAgICAgImVuZ2luZXMiOiB7CiAgICAgICAgIm5vZGUiOiAiPj0xMCIKICAgICAgfSwKICAgICAgInBlZXJEZXBlbmRlbmNpZXMiOiB7CiAgICAgICAgIkB0eXBlcy9yZWFjdCI6ICIqIiwKICAgICAgICAicmVhY3QiOiAiXjE2LjguMCB8fCBeMTcuMC4wIHx8IF4xOC4wLjAgfHwgXjE5LjAuMCB8fCBeMTkuMC4wLXJjIgogICAgICB9LAogICAgICAicGVlckRlcGVuZGVuY2llc01ldGEiOiB7CiAgICAgICAgIkB0eXBlcy9yZWFjdCI6IHsKICAgICAgICAgICJvcHRpb25hbCI6IHRydWUKICAgICAgICB9CiAgICAgIH0KICAgIH0sCiAgICAibm9kZV9tb2R1bGVzL3VzZS1zaWRlY2FyIjogewogICAgICAidmVyc2lvbiI6ICIxLjEuMyIsCiAgICAgICJyZXNvbHZlZCI6ICJodHRwczovL3JlZ2lzdHJ5Lm5wbWpzLm9yZy91c2Utc2lkZWNhci8tL3VzZS1zaWRlY2FyLTEuMS4zLnRneiIsCiAgICAgICJpbnRlZ3JpdHkiOiAic2hhNTEyLUZlZHcwYVp2a2h5bm9QWWxBNVdYck1DQU1tK25TV2RadDZsekpRN09rOFM2UStWc0htSHBSV25kVlJKOEJlMFpia2ZQYzVMUllIKzVYcnpYY0VlTFJRPT0iLAogICAgICAibGljZW5zZSI6ICJNSVQiLAogICAgICAiZGVwZW5kZW5jaWVzIjogewogICAgICAgICJkZXRlY3Qtbm9kZS1lcyI6ICJeMS4xLjAiLAogICAgICAgICJ0c2xpYiI6ICJeMi4wLjAiCiAgICAgIH0sCiAgICAgICJlbmdpbmVzIjogewogICAgICAgICJub2RlIjogIj49MTAiCiAgICAgIH0sCiAgICAgICJwZWVyRGVwZW5kZW5jaWVzIjogewogICAgICAgICJAdHlwZXMvcmVhY3QiOiAiKiIsCiAgICAgICAgInJlYWN0IjogIl4xNi44LjAgfHwgXjE3LjAuMCB8fCBeMTguMC4wIHx8IF4xOS4wLjAgfHwgXjE5LjAuMC1yYyIKICAgICAgfSwKICAgICAgInBlZXJEZXBlbmRlbmNpZXNNZXRhIjogewogICAgICAgICJAdHlwZXMvcmVhY3QiOiB7CiAgICAgICAgICAib3B0aW9uYWwiOiB0cnVlCiAgICAgICAgfQogICAgICB9CiAgICB9LAogICAgIm5vZGVfbW9kdWxlcy91c2Utc3luYy1leHRlcm5hbC1zdG9yZSI6IHsKICAgICAgInZlcnNpb24iOiAiMS42LjAiLAogICAgICAicmVzb2x2ZWQiOiAiaHR0cHM6Ly9yZWdpc3RyeS5ucG1qcy5vcmcvdXNlLXN5bmMtZXh0ZXJuYWwtc3RvcmUvLS91c2Utc3luYy1leHRlcm5hbC1zdG9yZS0xLjYuMC50Z3oiLAogICAgICAiaW50ZWdyaXR5IjogInNoYTUxMi1QcDZHU3dHUC9OclBJcnhWRkFJa09RZXl3OGxGZW5PSGlqUVdrVVRyRHZyRjRBTHF5bFAyQy9LQ2tlUzlkcFVNM0t2WVJRaG5hNXZ0N0lMOTUrWlE5dz09IiwKICAgICAgImxpY2Vuc2UiOiAiTUlUIiwKICAgICAgInBlZXJEZXBlbmRlbmNpZXMiOiB7CiAgICAgICAgInJlYWN0IjogIl4xNi44LjAgfHwgXjE3LjAuMCB8fCBeMTguMC4wIHx8IF4xOS4wLjAiCiAgICAgIH0KICAgIH0sCiAgICAibm9kZV9tb2R1bGVzL3ZhdWwiOiB7CiAgICAgICJ2ZXJzaW9uIjogIjEuMS4yIiwKICAgICAgInJlc29sdmVkIjogImh0dHBzOi8vcmVnaXN0cnkubnBtanMub3JnL3ZhdWwvLS92YXVsLTEuMS4yLnRneiIsCiAgICAgICJpbnRlZ3JpdHkiOiAic2hhNTEyLVpGa0NsR3BXeUkyV1VRamRMSi9CYUd1VjZBVlFpSjN1RUxHazNPWXRQK0I2eUNPN0Ntbjl2UEZYVkprUmFHa09KdTNtOGJRTWd0eXpOSGl4VUxjZVFBPT0iLAogICAgICAibGljZW5zZSI6ICJNSVQiLAogICAgICAiZGVwZW5kZW5jaWVzIjogewogICAgICAgICJAcmFkaXgtdWkvcmVhY3QtZGlhbG9nIjogIl4xLjEuMSIKICAgICAgfSwKICAgICAgInBlZXJEZXBlbmRlbmNpZXMiOiB7CiAgICAgICAgInJlYWN0IjogIl4xNi44IHx8IF4xNy4wIHx8IF4xOC4wIHx8IF4xOS4wLjAgfHwgXjE5LjAuMC1yYyIsCiAgICAgICAgInJlYWN0LWRvbSI6ICJeMTYuOCB8fCBeMTcuMCB8fCBeMTguMCB8fCBeMTkuMC4wIHx8IF4xOS4wLjAtcmMiCiAgICAgIH0KICAgIH0sCiAgICAibm9kZV9tb2R1bGVzL3ZpY3RvcnktdmVuZG9yIjogewogICAgICAidmVyc2lvbiI6ICIzNi45LjIiLAogICAgICAicmVzb2x2ZWQiOiAiaHR0cHM6Ly9yZWdpc3RyeS5ucG1qcy5vcmcvdmljdG9yeS12ZW5kb3IvLS92aWN0b3J5LXZlbmRvci0zNi45LjIudGd6IiwKICAgICAgImludGVncml0eSI6ICJzaGE1MTItUG5wUVFNdXhsd1lkb2NDOGZJSnFWWHZrZVZpSFl6b3RJK05KckN1YXYwWllGb3E5MTJaSEJrM21DZXVqKzUvVnBvZE9qUGUxejBGazJpaGd6bFhxalE9PSIsCiAgICAgICJsaWNlbnNlIjogIk1JVCBBTkQgSVNDIiwKICAgICAgImRlcGVuZGVuY2llcyI6IHsKICAgICAgICAiQHR5cGVzL2QzLWFycmF5IjogIl4zLjAuMyIsCiAgICAgICAgIkB0eXBlcy9kMy1lYXNlIjogIl4zLjAuMCIsCiAgICAgICAgIkB0eXBlcy9kMy1pbnRlcnBvbGF0ZSI6ICJeMy4wLjEiLAogICAgICAgICJAdHlwZXMvZDMtc2NhbGUiOiAiXjQuMC4yIiwKICAgICAgICAiQHR5cGVzL2QzLXNoYXBlIjogIl4zLjEuMCIsCiAgICAgICAgIkB0eXBlcy9kMy10aW1lIjogIl4zLjAuMCIsCiAgICAgICAgIkB0eXBlcy9kMy10aW1lciI6ICJeMy4wLjAiLAogICAgICAgICJkMy1hcnJheSI6ICJeMy4xLjYiLAogICAgICAgICJkMy1lYXNlIjogIl4zLjAuMSIsCiAgICAgICAgImQzLWludGVycG9sYXRlIjogIl4zLjAuMSIsCiAgICAgICAgImQzLXNjYWxlIjogIl40LjAuMiIsCiAgICAgICAgImQzLXNoYXBlIjogIl4zLjEuMCIsCiAgICAgICAgImQzLXRpbWUiOiAiXjMuMC4wIiwKICAgICAgICAiZDMtdGltZXIiOiAiXjMuMC4xIgogICAgICB9CiAgICB9LAogICAgIm5vZGVfbW9kdWxlcy92aXRlIjogewogICAgICAidmVyc2lvbiI6ICI4LjIuMSIsCiAgICAgICJyZXNvbHZlZCI6ICJodHRwczovL3JlZ2lzdHJ5Lm5wbWpzLm9yZy92aXRlLy0vdml0ZS04LjIuMS50Z3oiLAogICAgICAiaW50ZWdyaXR5IjogInNoYTUxMi1FVS9lUzdCSDNYUk9IaDJZbkJlZmpNNkRCS0E2WmVNWkVZUWJqN05MV2c1d0hZbGhCOEIvTWF5ZDVYc2dXcStORlljY0RPVGVtUnBkRVRXUjZLYS9sdz09IiwKICAgICAgImRldiI6IHRydWUsCiAgICAgICJsaWNlbnNlIjogIk1JVCIsCiAgICAgICJkZXBlbmRlbmNpZXMiOiB7CiAgICAgICAgImxpZ2h0bmluZ2NzcyI6ICJeMS4zMy4wIiwKICAgICAgICAicGljb21hdGNoIjogIl40LjAuNSIsCiAgICAgICAgInBvc3Rjc3MiOiAiXjguNS4yNSIsCiAgICAgICAgInJvbGxkb3duIjogIn4xLjIuMSIsCiAgICAgICAgInRpbnlnbG9iYnkiOiAiXjAuMi4xNyIKICAgICAgfSwKICAgICAgImJpbiI6IHsKICAgICAgICAidml0ZSI6ICJiaW4vdml0ZS5qcyIKICAgICAgfSwKICAgICAgImVuZ2luZXMiOiB7CiAgICAgICAgIm5vZGUiOiAiXjIwLjE5LjAgfHwgPj0yMi4xMi4wIgogICAgICB9LAogICAgICAiZnVuZGluZyI6IHsKICAgICAgICAidXJsIjogImh0dHBzOi8vZ2l0aHViLmNvbS92aXRlanMvdml0ZT9zcG9uc29yPTEiCiAgICAgIH0sCiAgICAgICJvcHRpb25hbERlcGVuZGVuY2llcyI6IHsKICAgICAgICAiZnNldmVudHMiOiAifjIuMy4zIgogICAgICB9LAogICAgICAicGVlckRlcGVuZGVuY2llcyI6IHsKICAgICAgICAiQHR5cGVzL25vZGUiOiAiXjIwLjE5LjAgfHwgPj0yMi4xMi4wIiwKICAgICAgICAiQHZpdGVqcy9kZXZ0b29scyI6ICJeMC40LjAiLAogICAgICAgICJlc2J1aWxkIjogIl4wLjI3LjAgfHwgXjAuMjguMCIsCiAgICAgICAgImppdGkiOiAiPj0xLjIxLjAiLAogICAgICAgICJsZXNzIjogIl40LjAuMCIsCiAgICAgICAgInNhc3MiOiAiXjEuNzAuMCIsCiAgICAgICAgInNhc3MtZW1iZWRkZWQiOiAiXjEuNzAuMCIsCiAgICAgICAgInN0eWx1cyI6ICI+PTAuNTQuOCIsCiAgICAgICAgInN1Z2Fyc3MiOiAiXjUuMC4wIiwKICAgICAgICAidGVyc2VyIjogIl41LjE2LjAiLAogICAgICAgICJ0c3giOiAiXjQuOC4xIiwKICAgICAgICAieWFtbCI6ICJeMi40LjIiCiAgICAgIH0sCiAgICAgICJwZWVyRGVwZW5kZW5jaWVzTWV0YSI6IHsKICAgICAgICAiQHR5cGVzL25vZGUiOiB7CiAgICAgICAgICAib3B0aW9uYWwiOiB0cnVlCiAgICAgICAgfSwKICAgICAgICAiQHZpdGVqcy9kZXZ0b29scyI6IHsKICAgICAgICAgICJvcHRpb25hbCI6IHRydWUKICAgICAgICB9LAogICAgICAgICJlc2J1aWxkIjogewogICAgICAgICAgIm9wdGlvbmFsIjogdHJ1ZQogICAgICAgIH0sCiAgICAgICAgImppdGkiOiB7CiAgICAgICAgICAib3B0aW9uYWwiOiB0cnVlCiAgICAgICAgfSwKICAgICAgICAibGVzcyI6IHsKICAgICAgICAgICJvcHRpb25hbCI6IHRydWUKICAgICAgICB9LAogICAgICAgICJzYXNzIjogewogICAgICAgICAgIm9wdGlvbmFsIjogdHJ1ZQogICAgICAgIH0sCiAgICAgICAgInNhc3MtZW1iZWRkZWQiOiB7CiAgICAgICAgICAib3B0aW9uYWwiOiB0cnVlCiAgICAgICAgfSwKICAgICAgICAic3R5bHVzIjogewogICAgICAgICAgIm9wdGlvbmFsIjogdHJ1ZQogICAgICAgIH0sCiAgICAgICAgInN1Z2Fyc3MiOiB7CiAgICAgICAgICAib3B0aW9uYWwiOiB0cnVlCiAgICAgICAgfSwKICAgICAgICAidGVyc2VyIjogewogICAgICAgICAgIm9wdGlvbmFsIjogdHJ1ZQogICAgICAgIH0sCiAgICAgICAgInRzeCI6IHsKICAgICAgICAgICJvcHRpb25hbCI6IHRydWUKICAgICAgICB9LAogICAgICAgICJ5YW1sIjogewogICAgICAgICAgIm9wdGlvbmFsIjogdHJ1ZQogICAgICAgIH0KICAgICAgfQogICAgfSwKICAgICJub2RlX21vZHVsZXMvdml0ZS10c2NvbmZpZy1wYXRocyI6IHsKICAgICAgInZlcnNpb24iOiAiNi4xLjEiLAogICAgICAicmVzb2x2ZWQiOiAiaHR0cHM6Ly9yZWdpc3RyeS5ucG1qcy5vcmcvdml0ZS10c2NvbmZpZy1wYXRocy8tL3ZpdGUtdHNjb25maWctcGF0aHMtNi4xLjEudGd6IiwKICAgICAgImludGVncml0eSI6ICJzaGE1MTItMmNpaHE3emxpaWJDQ1o4UDljS0pyUUJrZmdkdmNGa09PYzNZMDJvM0dXVURMZ3FqV3NadWRhb2l1T3dPL2d6VHp5MTdjUzVGN1pQbzRic25TNERHa2c9PSIsCiAgICAgICJsaWNlbnNlIjogIk1JVCIsCiAgICAgICJkZXBlbmRlbmNpZXMiOiB7CiAgICAgICAgImRlYnVnIjogIl40LjEuMSIsCiAgICAgICAgImdsb2JyZXgiOiAiXjAuMS4yIiwKICAgICAgICAidHNjb25mY2siOiAiXjMuMC4zIgogICAgICB9LAogICAgICAicGVlckRlcGVuZGVuY2llcyI6IHsKICAgICAgICAidml0ZSI6ICIqIgogICAgICB9CiAgICB9LAogICAgIm5vZGVfbW9kdWxlcy92aXRlZnUiOiB7CiAgICAgICJ2ZXJzaW9uIjogIjEuMS4zIiwKICAgICAgInJlc29sdmVkIjogImh0dHBzOi8vcmVnaXN0cnkubnBtanMub3JnL3ZpdGVmdS8tL3ZpdGVmdS0xLjEuMy50Z3oiLAogICAgICAiaW50ZWdyaXR5IjogInNoYTUxMi11YjRva0g3WjVLTGpiNmhEeWpxckdYcVd0V3ZvWWRVM0lHbS9Ob3JwZ0huY0tvTFRDZlJJYnZsaEJtN3IwWXN0SWFRUllscDR5RWJGcURjS1N6WFNTZz09IiwKICAgICAgImxpY2Vuc2UiOiAiTUlUIiwKICAgICAgIndvcmtzcGFjZXMiOiBbCiAgICAgICAgInRlc3RzL2RlcHMvKiIsCiAgICAgICAgInRlc3RzL3Byb2plY3RzLyoiLAogICAgICAgICJ0ZXN0cy9wcm9qZWN0cy93b3Jrc3BhY2UvcGFja2FnZXMvKiIKICAgICAgXSwKICAgICAgInBlZXJEZXBlbmRlbmNpZXMiOiB7CiAgICAgICAgInZpdGUiOiAiXjMuMC4wIHx8IF40LjAuMCB8fCBeNS4wLjAgfHwgXjYuMC4wIHx8IF43LjAuMCB8fCBeOC4wLjAiCiAgICAgIH0sCiAgICAgICJwZWVyRGVwZW5kZW5jaWVzTWV0YSI6IHsKICAgICAgICAidml0ZSI6IHsKICAgICAgICAgICJvcHRpb25hbCI6IHRydWUKICAgICAgICB9CiAgICAgIH0KICAgIH0sCiAgICAibm9kZV9tb2R1bGVzL3dlYnBhY2stdmlydHVhbC1tb2R1bGVzIjogewogICAgICAidmVyc2lvbiI6ICIwLjYuMiIsCiAgICAgICJyZXNvbHZlZCI6ICJodHRwczovL3JlZ2lzdHJ5Lm5wbWpzLm9yZy93ZWJwYWNrLXZpcnR1YWwtbW9kdWxlcy8tL3dlYnBhY2stdmlydHVhbC1tb2R1bGVzLTAuNi4yLnRneiIsCiAgICAgICJpbnRlZ3JpdHkiOiAic2hhNTEyLTY2L1YyaTVoUWFuQzUxdkJRS1BINGFJOE5NQWNCVzU5RlZCcytyQzdlR0h1cE15Zm4zNHE3clpJRStFVGxKK1hUZXZxZlVoVlZCZ1NVTlNXMmZsRVVRPT0iLAogICAgICAibGljZW5zZSI6ICJNSVQiCiAgICB9LAogICAgIm5vZGVfbW9kdWxlcy93aGljaCI6IHsKICAgICAgInZlcnNpb24iOiAiMi4wLjIiLAogICAgICAicmVzb2x2ZWQiOiAiaHR0cHM6Ly9yZWdpc3RyeS5ucG1qcy5vcmcvd2hpY2gvLS93aGljaC0yLjAuMi50Z3oiLAogICAgICAiaW50ZWdyaXR5IjogInNoYTUxMi1CTEkzVGwxVFczUHZsNzBsM3lxM1k2NGkrYXdwd1hxc0dCWVdra3FNdG5iWGdyTUQreWo3cmhXMGt1RUR4ekphWVhHakVXNW9nYXBLTk1FS05NamliQT09IiwKICAgICAgImRldiI6IHRydWUsCiAgICAgICJsaWNlbnNlIjogIklTQyIsCiAgICAgICJkZXBlbmRlbmNpZXMiOiB7CiAgICAgICAgImlzZXhlIjogIl4yLjAuMCIKICAgICAgfSwKICAgICAgImJpbiI6IHsKICAgICAgICAibm9kZS13aGljaCI6ICJiaW4vbm9kZS13aGljaCIKICAgICAgfSwKICAgICAgImVuZ2luZXMiOiB7CiAgICAgICAgIm5vZGUiOiAiPj0gOCIKICAgICAgfQogICAgfSwKICAgICJub2RlX21vZHVsZXMvd29yZC13cmFwIjogewogICAgICAidmVyc2lvbiI6ICIxLjIuNSIsCiAgICAgICJyZXNvbHZlZCI6ICJodHRwczovL3JlZ2lzdHJ5Lm5wbWpzLm9yZy93b3JkLXdyYXAvLS93b3JkLXdyYXAtMS4yLjUudGd6IiwKICAgICAgImludGVncml0eSI6ICJzaGE1MTItQk4yMkI1ZWFNTUk5VU10anJHZDVnNWVDWVBwQ1BEVXkwRkpYYllzYVQ1ell4akZPY2tTNTNTUURFM3BXa1ZvV3BIWFZiM0JyWWNFTjRUd2E1NUI1Y0E9PSIsCiAgICAgICJkZXYiOiB0cnVlLAogICAgICAibGljZW5zZSI6ICJNSVQiLAogICAgICAiZW5naW5lcyI6IHsKICAgICAgICAibm9kZSI6ICI+PTAuMTAuMCIKICAgICAgfQogICAgfSwKICAgICJub2RlX21vZHVsZXMvd3MiOiB7CiAgICAgICJ2ZXJzaW9uIjogIjguMjEuMyIsCiAgICAgICJyZXNvbHZlZCI6ICJodHRwczovL3JlZ2lzdHJ5Lm5wbWpzLm9yZy93cy8tL3dzLTguMjEuMy50Z3oiLAogICAgICAiaW50ZWdyaXR5IjogInNoYTUxMi0yMDFUWi9rUFd4b1ByL09LV2pxdVpSMVNXS1hjdnhkSCtlMXhyeDg5YjNZYm16TE1GQ0xmbmFHMUhGSWdXekpPRVdaN012cEsrK29kWnVmZ1lSNTBSdz09IiwKICAgICAgImRldiI6IHRydWUsCiAgICAgICJsaWNlbnNlIjogIk1JVCIsCiAgICAgICJlbmdpbmVzIjogewogICAgICAgICJub2RlIjogIj49MTAuMC4wIgogICAgICB9LAogICAgICAicGVlckRlcGVuZGVuY2llcyI6IHsKICAgICAgICAiYnVmZmVydXRpbCI6ICJeNC4wLjEiLAogICAgICAgICJ1dGYtOC12YWxpZGF0ZSI6ICI+PTUuMC4yIgogICAgICB9LAogICAgICAicGVlckRlcGVuZGVuY2llc01ldGEiOiB7CiAgICAgICAgImJ1ZmZlcnV0aWwiOiB7CiAgICAgICAgICAib3B0aW9uYWwiOiB0cnVlCiAgICAgICAgfSwKICAgICAgICAidXRmLTgtdmFsaWRhdGUiOiB7CiAgICAgICAgICAib3B0aW9uYWwiOiB0cnVlCiAgICAgICAgfQogICAgICB9CiAgICB9LAogICAgIm5vZGVfbW9kdWxlcy94bWxidWlsZGVyMiI6IHsKICAgICAgInZlcnNpb24iOiAiNC4wLjMiLAogICAgICAicmVzb2x2ZWQiOiAiaHR0cHM6Ly9yZWdpc3RyeS5ucG1qcy5vcmcveG1sYnVpbGRlcjIvLS94bWxidWlsZGVyMi00LjAuMy50Z3oiLAogICAgICAiaW50ZWdyaXR5IjogInNoYTUxMi1ieDhRMVNUY3RuTmFhRHltV25rZlFMS29mczBtR05ON3JMTGFwSmxHdVYzVmx2ZWdEN0xzNGdnTWpFM2FVU1dJdENDelUwUEV2NDVsSTg3aVNpZ2lDQT09IiwKICAgICAgImxpY2Vuc2UiOiAiTUlUIiwKICAgICAgImRlcGVuZGVuY2llcyI6IHsKICAgICAgICAiQG9vemNpdGFrL2RvbSI6ICJeMi4wLjIiLAogICAgICAgICJAb296Y2l0YWsvaW5mcmEiOiAiXjIuMC4yIiwKICAgICAgICAiQG9vemNpdGFrL3V0aWwiOiAiXjEwLjAuMCIsCiAgICAgICAgImpzLXlhbWwiOiAiXjQuMS4xIgogICAgICB9LAogICAgICAiZW5naW5lcyI6IHsKICAgICAgICAibm9kZSI6ICI+PTIwLjAiCiAgICAgIH0KICAgIH0sCiAgICAibm9kZV9tb2R1bGVzL3lhbGxpc3QiOiB7CiAgICAgICJ2ZXJzaW9uIjogIjMuMS4xIiwKICAgICAgInJlc29sdmVkIjogImh0dHBzOi8vcmVnaXN0cnkubnBtanMub3JnL3lhbGxpc3QvLS95YWxsaXN0LTMuMS4xLnRneiIsCiAgICAgICJpbnRlZ3JpdHkiOiAic2hhNTEyLWE0VUdRYVdQSDU5bU9YVVluQUcyZXduY1FTNGk0RjQzVHYzSm9BTStzMlZEQW1TOU5zSzhHcERNTHJDSFBrc0ZUN2gzSzZUT29VTm4ycGI3Um9YeDRnPT0iLAogICAgICAibGljZW5zZSI6ICJJU0MiCiAgICB9LAogICAgIm5vZGVfbW9kdWxlcy95b2N0by1xdWV1ZSI6IHsKICAgICAgInZlcnNpb24iOiAiMC4xLjAiLAogICAgICAicmVzb2x2ZWQiOiAiaHR0cHM6Ly9yZWdpc3RyeS5ucG1qcy5vcmcveW9jdG8tcXVldWUvLS95b2N0by1xdWV1ZS0wLjEuMC50Z3oiLAogICAgICAiaW50ZWdyaXR5IjogInNoYTUxMi1yVmtzdnNuTkNkSi9vaEdjNnhnUHd5TjhlaGVDeHNpTE04bXh1RS90L21PVnFKZXdQdU8xbWlMcFRIUWlSZ1RLQ0xleEw0TWVBRlZhZ3RzN0htTloyUT09IiwKICAgICAgImRldiI6IHRydWUsCiAgICAgICJsaWNlbnNlIjogIk1JVCIsCiAgICAgICJlbmdpbmVzIjogewogICAgICAgICJub2RlIjogIj49MTAiCiAgICAgIH0sCiAgICAgICJmdW5kaW5nIjogewogICAgICAgICJ1cmwiOiAiaHR0cHM6Ly9naXRodWIuY29tL3Nwb25zb3JzL3NpbmRyZXNvcmh1cyIKICAgICAgfQogICAgfSwKICAgICJub2RlX21vZHVsZXMvem9kIjogewogICAgICAidmVyc2lvbiI6ICIzLjI1Ljc2IiwKICAgICAgInJlc29sdmVkIjogImh0dHBzOi8vcmVnaXN0cnkubnBtanMub3JnL3pvZC8tL3pvZC0zLjI1Ljc2LnRneiIsCiAgICAgICJpbnRlZ3JpdHkiOiAic2hhNTEyLWd6VXQvcXQ4MW5Yc0ZHS0lGY0MzWW5mRUF4NU5rdW5DZm5EbHZ1QlNTRlMwMmJjWHU0TG1lYTBBRklVd2JMV3hXUHgzZDlwOFM1UW9hdWpLY05ReGNRPT0iLAogICAgICAibGljZW5zZSI6ICJNSVQiLAogICAgICAiZnVuZGluZyI6IHsKICAgICAgICAidXJsIjogImh0dHBzOi8vZ2l0aHViLmNvbS9zcG9uc29ycy9jb2xpbmhhY2tzIgogICAgICB9CiAgICB9CiAgfQp9Cg==